
Microsoft Visual Studio Solution File, Format Version 12.00
# Visual Studio Version 16
VisualStudioVersion = 16.0.30309.148
MinimumVisualStudioVersion = 10.0.40219.1
Project("{9A19103F-16F7-4668-BE54-9A1E7A4F7556}") = "RCommon", "RCommon\RCommon.csproj", "{04F96FF4-7229-4468-A486-086993EFD2A2}"
EndProject
Project("{9A19103F-16F7-4668-BE54-9A1E7A4F7556}") = "RCommon.DependencyInjection", "RCommon.DependencyInjection\RCommon.DependencyInjection.csproj", "{3D1AEC2A-77E4-4E2A-8FA9-D782E5F99CD0}"
EndProject
Project("{9A19103F-16F7-4668-BE54-9A1E7A4F7556}") = "RCommon.ObjectAccess.EFCore", "RCommon.ObjectAccess.EfCore\RCommon.ObjectAccess.EFCore.csproj", "{D24B4C22-2EBF-4412-B2D9-B4DBC4482756}"
EndProject
Project("{9A19103F-16F7-4668-BE54-9A1E7A4F7556}") = "RCommon.ObjectAccess.NHibernate", "RCommon.ObjectAccess.NHibernate\RCommon.ObjectAccess.NHibernate.csproj", "{8D53A0C7-0700-4862-91C6-926C1382CC6D}"
EndProject
Project("{9A19103F-16F7-4668-BE54-9A1E7A4F7556}") = "RCommon.DependencyInjection.Autofac", "RCommon.DepenencyInjection.Autofac\RCommon.DependencyInjection.Autofac.csproj", "{5FE75456-0764-4946-A5A3-9F893745FDD4}"
EndProject
Project("{9A19103F-16F7-4668-BE54-9A1E7A4F7556}") = "RCommon.DependencyInjection.CastleWindsor", "RCommon.DependencyInjection.CastleWindsor\RCommon.DependencyInjection.CastleWindsor.csproj", "{A92D9860-39F1-4D27-89DF-0FA40FFED1A9}"
EndProject
Project("{2150E333-8FDC-42A3-9474-1A3956D46DE8}") = "Tests", "Tests", "{0AF37317-F10E-47E8-A4C8-9EA886E00E40}"
EndProject
Project("{2150E333-8FDC-42A3-9474-1A3956D46DE8}") = "DependencyInjection", "DependencyInjection", "{FF409757-E986-43E2-B465-B64D246AF63B}"
EndProject
Project("{9A19103F-16F7-4668-BE54-9A1E7A4F7556}") = "RCommon.Tests", "RCommon.Tests\RCommon.Tests.csproj", "{68ED8F88-64A7-4F54-8A05-DDBB6894F10B}"
EndProject
Project("{9A19103F-16F7-4668-BE54-9A1E7A4F7556}") = "RCommon.ObjectAccess.EFCore.Tests", "RCommon.ObjectAccess.EFCore.Tests\RCommon.ObjectAccess.EFCore.Tests.csproj", "{31DF0037-CA8E-4979-946B-F7554BFF48C4}"
EndProject
Project("{9A19103F-16F7-4668-BE54-9A1E7A4F7556}") = "RCommon.ObjectAccess.NHibernate.Tests", "RCommon.ObjectAccess.NHibernate.Tests\RCommon.ObjectAccess.NHibernate.Tests.csproj", "{97A6138B-5602-4247-A4BD-555846FB6702}"
EndProject
Project("{9A19103F-16F7-4668-BE54-9A1E7A4F7556}") = "RCommon.DependencyInjection.Microsoft", "RCommon.DependencyInjection.Microsoft\RCommon.DependencyInjection.Microsoft.csproj", "{6FB45C2A-F38A-4865-BFB7-1CFC9197A837}"
EndProject
Project("{9A19103F-16F7-4668-BE54-9A1E7A4F7556}") = "RCommon.ExceptionHandling.EnterpriseLibraryCore", "RCommon.ExceptionHandling.EnterpriseLibraryCore\RCommon.ExceptionHandling.EnterpriseLibraryCore.csproj", "{55FB91BD-E1FA-4F3F-8CC6-62AB92D668F8}"
EndProject
Project("{9A19103F-16F7-4668-BE54-9A1E7A4F7556}") = "RCommon.ExceptionHandling.EnterpriseLibraryCore.Tests", "RCommon.ExceptionHandling.EnterpriseLibraryCore.Tests\RCommon.ExceptionHandling.EnterpriseLibraryCore.Tests.csproj", "{FB6002E5-0E17-403F-9DFB-482AB7A4E525}"
EndProject
Project("{9A19103F-16F7-4668-BE54-9A1E7A4F7556}") = "RCommon.TestBase", "RCommon.TestBase\RCommon.TestBase.csproj", "{3A6EE1AD-5E24-4CA4-B64D-E1517EB2DF63}"
EndProject
Project("{9A19103F-16F7-4668-BE54-9A1E7A4F7556}") = "RCommon.ObjectAccess.Dapper", "RCommon.ObjectAccess.Dapper\RCommon.ObjectAccess.Dapper.csproj", "{4936D8C3-7C82-4014-97AD-1FD3B1BAAE70}"
EndProject
Project("{9A19103F-16F7-4668-BE54-9A1E7A4F7556}") = "RCommon.ObjectAccess.Dapper.Tests", "RCommon.ObjectAccess.Dapper.Tests\RCommon.ObjectAccess.Dapper.Tests.csproj", "{AB009DA1-E781-4EBF-B1A5-EA31A82F004E}"
EndProject
Project("{9A19103F-16F7-4668-BE54-9A1E7A4F7556}") = "RCommon.BackgroundJobs", "RCommon.BackgroundJobs\RCommon.BackgroundJobs.csproj", "{68333112-9361-4A32-AF1D-CFA28D445402}"
EndProject
Project("{9A19103F-16F7-4668-BE54-9A1E7A4F7556}") = "RCommon.BackgroundJobs.HangFire", "RCommon.BackgroundJobs.HangFire\RCommon.BackgroundJobs.HangFire.csproj", "{4A59D010-0DFD-4918-9768-57F33531C40A}"
EndProject
Project("{9A19103F-16F7-4668-BE54-9A1E7A4F7556}") = "RCommon.BackgroundJobs.Quartz", "RCommon.BackgroundJobs.Quartz\RCommon.BackgroundJobs.Quartz.csproj", "{7535EE4B-A950-44B7-85B9-32286B7BA66A}"
EndProject
Project("{2150E333-8FDC-42A3-9474-1A3956D46DE8}") = "Background Jobs", "Background Jobs", "{3C743CCE-675D-4B3A-B99A-9EC9DFE1CAD3}"
EndProject
Project("{2150E333-8FDC-42A3-9474-1A3956D46DE8}") = "Object Access", "Object Access", "{0A72EADE-8CF6-49A8-A594-55F54BBF61C6}"
EndProject
Project("{FAE04EC0-301F-11D3-BF4B-00C04F79EFBC}") = "RCommon.ObjectAccess", "RCommon.ObjectAccess\RCommon.ObjectAccess.csproj", "{0611296E-B19D-4855-85F9-20BCBC115022}"
EndProject
Project("{FAE04EC0-301F-11D3-BF4B-00C04F79EFBC}") = "RCommon.Validation", "RCommon.Validation\RCommon.Validation.csproj", "{9BC9743D-BB10-4CC7-98C7-53C168D15121}"
EndProject
Project("{FAE04EC0-301F-11D3-BF4B-00C04F79EFBC}") = "RCommon.ApplicationServices", "RCommon.ApplicationServices\RCommon.ApplicationServices.csproj", "{D0A71FB7-0BC7-40F3-9040-7667D6316D89}"
EndProject
Project("{FAE04EC0-301F-11D3-BF4B-00C04F79EFBC}") = "RCommon.DataServices", "RCommon.DataServices\RCommon.DataServices.csproj", "{25B9AD33-2516-498D-9BBD-C6728649FDDF}"
EndProject
Project("{FAE04EC0-301F-11D3-BF4B-00C04F79EFBC}") = "RCommon.ExceptionHandling", "RCommon.ExceptionHandling\RCommon.ExceptionHandling.csproj", "{EFBDE01F-9BB3-4176-9F77-37F30D9C6947}"
EndProject
Project("{FAE04EC0-301F-11D3-BF4B-00C04F79EFBC}") = "RCommon.Json.NewtonSoft", "RCommon.Json.NewtonSoft\RCommon.Json.NewtonSoft.csproj", "{30AE741C-5C83-4743-89D5-06360D8F5BC8}"
EndProject
Project("{FAE04EC0-301F-11D3-BF4B-00C04F79EFBC}") = "RCommon.BusinessServices", "RCommon.BusinessServices\RCommon.BusinessServices.csproj", "{C109B3AE-8757-4CD7-B3A2-4A8E44D5116A}"
EndProject
Global
	GlobalSection(SolutionConfigurationPlatforms) = preSolution
		Debug|Any CPU = Debug|Any CPU
		Release|Any CPU = Release|Any CPU
	EndGlobalSection
	GlobalSection(ProjectConfigurationPlatforms) = postSolution
		{04F96FF4-7229-4468-A486-086993EFD2A2}.Debug|Any CPU.ActiveCfg = Debug|Any CPU
		{04F96FF4-7229-4468-A486-086993EFD2A2}.Debug|Any CPU.Build.0 = Debug|Any CPU
		{04F96FF4-7229-4468-A486-086993EFD2A2}.Release|Any CPU.ActiveCfg = Release|Any CPU
		{04F96FF4-7229-4468-A486-086993EFD2A2}.Release|Any CPU.Build.0 = Release|Any CPU
		{3D1AEC2A-77E4-4E2A-8FA9-D782E5F99CD0}.Debug|Any CPU.ActiveCfg = Debug|Any CPU
		{3D1AEC2A-77E4-4E2A-8FA9-D782E5F99CD0}.Debug|Any CPU.Build.0 = Debug|Any CPU
		{3D1AEC2A-77E4-4E2A-8FA9-D782E5F99CD0}.Release|Any CPU.ActiveCfg = Release|Any CPU
		{3D1AEC2A-77E4-4E2A-8FA9-D782E5F99CD0}.Release|Any CPU.Build.0 = Release|Any CPU
		{D24B4C22-2EBF-4412-B2D9-B4DBC4482756}.Debug|Any CPU.ActiveCfg = Debug|Any CPU
		{D24B4C22-2EBF-4412-B2D9-B4DBC4482756}.Debug|Any CPU.Build.0 = Debug|Any CPU
		{D24B4C22-2EBF-4412-B2D9-B4DBC4482756}.Release|Any CPU.ActiveCfg = Release|Any CPU
		{D24B4C22-2EBF-4412-B2D9-B4DBC4482756}.Release|Any CPU.Build.0 = Release|Any CPU
		{8D53A0C7-0700-4862-91C6-926C1382CC6D}.Debug|Any CPU.ActiveCfg = Debug|Any CPU
		{8D53A0C7-0700-4862-91C6-926C1382CC6D}.Debug|Any CPU.Build.0 = Debug|Any CPU
		{8D53A0C7-0700-4862-91C6-926C1382CC6D}.Release|Any CPU.ActiveCfg = Release|Any CPU
		{8D53A0C7-0700-4862-91C6-926C1382CC6D}.Release|Any CPU.Build.0 = Release|Any CPU
		{5FE75456-0764-4946-A5A3-9F893745FDD4}.Debug|Any CPU.ActiveCfg = Debug|Any CPU
		{5FE75456-0764-4946-A5A3-9F893745FDD4}.Debug|Any CPU.Build.0 = Debug|Any CPU
		{5FE75456-0764-4946-A5A3-9F893745FDD4}.Release|Any CPU.ActiveCfg = Release|Any CPU
		{5FE75456-0764-4946-A5A3-9F893745FDD4}.Release|Any CPU.Build.0 = Release|Any CPU
		{A92D9860-39F1-4D27-89DF-0FA40FFED1A9}.Debug|Any CPU.ActiveCfg = Debug|Any CPU
		{A92D9860-39F1-4D27-89DF-0FA40FFED1A9}.Debug|Any CPU.Build.0 = Debug|Any CPU
		{A92D9860-39F1-4D27-89DF-0FA40FFED1A9}.Release|Any CPU.ActiveCfg = Release|Any CPU
		{A92D9860-39F1-4D27-89DF-0FA40FFED1A9}.Release|Any CPU.Build.0 = Release|Any CPU
		{68ED8F88-64A7-4F54-8A05-DDBB6894F10B}.Debug|Any CPU.ActiveCfg = Debug|Any CPU
		{68ED8F88-64A7-4F54-8A05-DDBB6894F10B}.Debug|Any CPU.Build.0 = Debug|Any CPU
		{68ED8F88-64A7-4F54-8A05-DDBB6894F10B}.Release|Any CPU.ActiveCfg = Release|Any CPU
		{68ED8F88-64A7-4F54-8A05-DDBB6894F10B}.Release|Any CPU.Build.0 = Release|Any CPU
		{31DF0037-CA8E-4979-946B-F7554BFF48C4}.Debug|Any CPU.ActiveCfg = Debug|Any CPU
		{31DF0037-CA8E-4979-946B-F7554BFF48C4}.Debug|Any CPU.Build.0 = Debug|Any CPU
		{31DF0037-CA8E-4979-946B-F7554BFF48C4}.Release|Any CPU.ActiveCfg = Release|Any CPU
		{31DF0037-CA8E-4979-946B-F7554BFF48C4}.Release|Any CPU.Build.0 = Release|Any CPU
		{97A6138B-5602-4247-A4BD-555846FB6702}.Debug|Any CPU.ActiveCfg = Debug|Any CPU
		{97A6138B-5602-4247-A4BD-555846FB6702}.Debug|Any CPU.Build.0 = Debug|Any CPU
		{97A6138B-5602-4247-A4BD-555846FB6702}.Release|Any CPU.ActiveCfg = Release|Any CPU
		{97A6138B-5602-4247-A4BD-555846FB6702}.Release|Any CPU.Build.0 = Release|Any CPU
		{6FB45C2A-F38A-4865-BFB7-1CFC9197A837}.Debug|Any CPU.ActiveCfg = Debug|Any CPU
		{6FB45C2A-F38A-4865-BFB7-1CFC9197A837}.Debug|Any CPU.Build.0 = Debug|Any CPU
		{6FB45C2A-F38A-4865-BFB7-1CFC9197A837}.Release|Any CPU.ActiveCfg = Release|Any CPU
		{6FB45C2A-F38A-4865-BFB7-1CFC9197A837}.Release|Any CPU.Build.0 = Release|Any CPU
		{55FB91BD-E1FA-4F3F-8CC6-62AB92D668F8}.Debug|Any CPU.ActiveCfg = Debug|Any CPU
		{55FB91BD-E1FA-4F3F-8CC6-62AB92D668F8}.Debug|Any CPU.Build.0 = Debug|Any CPU
		{55FB91BD-E1FA-4F3F-8CC6-62AB92D668F8}.Release|Any CPU.ActiveCfg = Release|Any CPU
		{55FB91BD-E1FA-4F3F-8CC6-62AB92D668F8}.Release|Any CPU.Build.0 = Release|Any CPU
		{FB6002E5-0E17-403F-9DFB-482AB7A4E525}.Debug|Any CPU.ActiveCfg = Debug|Any CPU
		{FB6002E5-0E17-403F-9DFB-482AB7A4E525}.Debug|Any CPU.Build.0 = Debug|Any CPU
		{FB6002E5-0E17-403F-9DFB-482AB7A4E525}.Release|Any CPU.ActiveCfg = Release|Any CPU
		{FB6002E5-0E17-403F-9DFB-482AB7A4E525}.Release|Any CPU.Build.0 = Release|Any CPU
		{3A6EE1AD-5E24-4CA4-B64D-E1517EB2DF63}.Debug|Any CPU.ActiveCfg = Debug|Any CPU
		{3A6EE1AD-5E24-4CA4-B64D-E1517EB2DF63}.Debug|Any CPU.Build.0 = Debug|Any CPU
		{3A6EE1AD-5E24-4CA4-B64D-E1517EB2DF63}.Release|Any CPU.ActiveCfg = Release|Any CPU
		{3A6EE1AD-5E24-4CA4-B64D-E1517EB2DF63}.Release|Any CPU.Build.0 = Release|Any CPU
		{4936D8C3-7C82-4014-97AD-1FD3B1BAAE70}.Debug|Any CPU.ActiveCfg = Debug|Any CPU
		{4936D8C3-7C82-4014-97AD-1FD3B1BAAE70}.Debug|Any CPU.Build.0 = Debug|Any CPU
		{4936D8C3-7C82-4014-97AD-1FD3B1BAAE70}.Release|Any CPU.ActiveCfg = Release|Any CPU
		{4936D8C3-7C82-4014-97AD-1FD3B1BAAE70}.Release|Any CPU.Build.0 = Release|Any CPU
		{AB009DA1-E781-4EBF-B1A5-EA31A82F004E}.Debug|Any CPU.ActiveCfg = Debug|Any CPU
		{AB009DA1-E781-4EBF-B1A5-EA31A82F004E}.Debug|Any CPU.Build.0 = Debug|Any CPU
		{AB009DA1-E781-4EBF-B1A5-EA31A82F004E}.Release|Any CPU.ActiveCfg = Release|Any CPU
		{AB009DA1-E781-4EBF-B1A5-EA31A82F004E}.Release|Any CPU.Build.0 = Release|Any CPU
		{68333112-9361-4A32-AF1D-CFA28D445402}.Debug|Any CPU.ActiveCfg = Debug|Any CPU
		{68333112-9361-4A32-AF1D-CFA28D445402}.Debug|Any CPU.Build.0 = Debug|Any CPU
		{68333112-9361-4A32-AF1D-CFA28D445402}.Release|Any CPU.ActiveCfg = Release|Any CPU
		{68333112-9361-4A32-AF1D-CFA28D445402}.Release|Any CPU.Build.0 = Release|Any CPU
		{4A59D010-0DFD-4918-9768-57F33531C40A}.Debug|Any CPU.ActiveCfg = Debug|Any CPU
		{4A59D010-0DFD-4918-9768-57F33531C40A}.Debug|Any CPU.Build.0 = Debug|Any CPU
		{4A59D010-0DFD-4918-9768-57F33531C40A}.Release|Any CPU.ActiveCfg = Release|Any CPU
		{4A59D010-0DFD-4918-9768-57F33531C40A}.Release|Any CPU.Build.0 = Release|Any CPU
		{7535EE4B-A950-44B7-85B9-32286B7BA66A}.Debug|Any CPU.ActiveCfg = Debug|Any CPU
		{7535EE4B-A950-44B7-85B9-32286B7BA66A}.Debug|Any CPU.Build.0 = Debug|Any CPU
		{7535EE4B-A950-44B7-85B9-32286B7BA66A}.Release|Any CPU.ActiveCfg = Release|Any CPU
		{7535EE4B-A950-44B7-85B9-32286B7BA66A}.Release|Any CPU.Build.0 = Release|Any CPU
		{0611296E-B19D-4855-85F9-20BCBC115022}.Debug|Any CPU.ActiveCfg = Debug|Any CPU
		{0611296E-B19D-4855-85F9-20BCBC115022}.Debug|Any CPU.Build.0 = Debug|Any CPU
		{0611296E-B19D-4855-85F9-20BCBC115022}.Release|Any CPU.ActiveCfg = Release|Any CPU
		{0611296E-B19D-4855-85F9-20BCBC115022}.Release|Any CPU.Build.0 = Release|Any CPU
		{9BC9743D-BB10-4CC7-98C7-53C168D15121}.Debug|Any CPU.ActiveCfg = Debug|Any CPU
		{9BC9743D-BB10-4CC7-98C7-53C168D15121}.Debug|Any CPU.Build.0 = Debug|Any CPU
		{9BC9743D-BB10-4CC7-98C7-53C168D15121}.Release|Any CPU.ActiveCfg = Release|Any CPU
		{9BC9743D-BB10-4CC7-98C7-53C168D15121}.Release|Any CPU.Build.0 = Release|Any CPU
		{D0A71FB7-0BC7-40F3-9040-7667D6316D89}.Debug|Any CPU.ActiveCfg = Debug|Any CPU
		{D0A71FB7-0BC7-40F3-9040-7667D6316D89}.Debug|Any CPU.Build.0 = Debug|Any CPU
		{D0A71FB7-0BC7-40F3-9040-7667D6316D89}.Release|Any CPU.ActiveCfg = Release|Any CPU
		{D0A71FB7-0BC7-40F3-9040-7667D6316D89}.Release|Any CPU.Build.0 = Release|Any CPU
		{25B9AD33-2516-498D-9BBD-C6728649FDDF}.Debug|Any CPU.ActiveCfg = Debug|Any CPU
		{25B9AD33-2516-498D-9BBD-C6728649FDDF}.Debug|Any CPU.Build.0 = Debug|Any CPU
		{25B9AD33-2516-498D-9BBD-C6728649FDDF}.Release|Any CPU.ActiveCfg = Release|Any CPU
		{25B9AD33-2516-498D-9BBD-C6728649FDDF}.Release|Any CPU.Build.0 = Release|Any CPU
		{EFBDE01F-9BB3-4176-9F77-37F30D9C6947}.Debug|Any CPU.ActiveCfg = Debug|Any CPU
		{EFBDE01F-9BB3-4176-9F77-37F30D9C6947}.Debug|Any CPU.Build.0 = Debug|Any CPU
		{EFBDE01F-9BB3-4176-9F77-37F30D9C6947}.Release|Any CPU.ActiveCfg = Release|Any CPU
		{EFBDE01F-9BB3-4176-9F77-37F30D9C6947}.Release|Any CPU.Build.0 = Release|Any CPU
		{30AE741C-5C83-4743-89D5-06360D8F5BC8}.Debug|Any CPU.ActiveCfg = Debug|Any CPU
		{30AE741C-5C83-4743-89D5-06360D8F5BC8}.Debug|Any CPU.Build.0 = Debug|Any CPU
		{30AE741C-5C83-4743-89D5-06360D8F5BC8}.Release|Any CPU.ActiveCfg = Release|Any CPU
		{30AE741C-5C83-4743-89D5-06360D8F5BC8}.Release|Any CPU.Build.0 = Release|Any CPU
		{C109B3AE-8757-4CD7-B3A2-4A8E44D5116A}.Debug|Any CPU.ActiveCfg = Debug|Any CPU
		{C109B3AE-8757-4CD7-B3A2-4A8E44D5116A}.Debug|Any CPU.Build.0 = Debug|Any CPU
		{C109B3AE-8757-4CD7-B3A2-4A8E44D5116A}.Release|Any CPU.ActiveCfg = Release|Any CPU
		{C109B3AE-8757-4CD7-B3A2-4A8E44D5116A}.Release|Any CPU.Build.0 = Release|Any CPU
	EndGlobalSection
	GlobalSection(SolutionProperties) = preSolution
		HideSolutionNode = FALSE
	EndGlobalSection
	GlobalSection(NestedProjects) = preSolution
		{3D1AEC2A-77E4-4E2A-8FA9-D782E5F99CD0} = {FF409757-E986-43E2-B465-B64D246AF63B}
		{D24B4C22-2EBF-4412-B2D9-B4DBC4482756} = {0A72EADE-8CF6-49A8-A594-55F54BBF61C6}
		{8D53A0C7-0700-4862-91C6-926C1382CC6D} = {0A72EADE-8CF6-49A8-A594-55F54BBF61C6}
		{5FE75456-0764-4946-A5A3-9F893745FDD4} = {FF409757-E986-43E2-B465-B64D246AF63B}
		{A92D9860-39F1-4D27-89DF-0FA40FFED1A9} = {FF409757-E986-43E2-B465-B64D246AF63B}
		{68ED8F88-64A7-4F54-8A05-DDBB6894F10B} = {0AF37317-F10E-47E8-A4C8-9EA886E00E40}
		{31DF0037-CA8E-4979-946B-F7554BFF48C4} = {0AF37317-F10E-47E8-A4C8-9EA886E00E40}
		{97A6138B-5602-4247-A4BD-555846FB6702} = {0AF37317-F10E-47E8-A4C8-9EA886E00E40}
		{6FB45C2A-F38A-4865-BFB7-1CFC9197A837} = {FF409757-E986-43E2-B465-B64D246AF63B}
		{FB6002E5-0E17-403F-9DFB-482AB7A4E525} = {0AF37317-F10E-47E8-A4C8-9EA886E00E40}
		{3A6EE1AD-5E24-4CA4-B64D-E1517EB2DF63} = {0AF37317-F10E-47E8-A4C8-9EA886E00E40}
		{4936D8C3-7C82-4014-97AD-1FD3B1BAAE70} = {0A72EADE-8CF6-49A8-A594-55F54BBF61C6}
		{AB009DA1-E781-4EBF-B1A5-EA31A82F004E} = {0AF37317-F10E-47E8-A4C8-9EA886E00E40}
		{68333112-9361-4A32-AF1D-CFA28D445402} = {3C743CCE-675D-4B3A-B99A-9EC9DFE1CAD3}
		{4A59D010-0DFD-4918-9768-57F33531C40A} = {3C743CCE-675D-4B3A-B99A-9EC9DFE1CAD3}
		{7535EE4B-A950-44B7-85B9-32286B7BA66A} = {3C743CCE-675D-4B3A-B99A-9EC9DFE1CAD3}
		{0611296E-B19D-4855-85F9-20BCBC115022} = {0A72EADE-8CF6-49A8-A594-55F54BBF61C6}
	EndGlobalSection
	GlobalSection(ExtensibilityGlobals) = postSolution
		SolutionGuid = {0B0CD26D-8067-4667-863E-6B0EE7EDAA42}
	EndGlobalSection
EndGlobal
