
Microsoft Visual Studio Solution File, Format Version 12.00
# Visual Studio Version 18
VisualStudioVersion = 18.2.11415.280
MinimumVisualStudioVersion = 10.0.40219.1
Project("{9A19103F-16F7-4668-BE54-9A1E7A4F7556}") = "RCommon.Core", "..\Src\RCommon.Core\RCommon.Core.csproj", "{04F96FF4-7229-4468-A486-086993EFD2A2}"
EndProject
Project("{2150E333-8FDC-42A3-9474-1A3956D46DE8}") = "Examples", "Examples", "{3234C3BB-1632-4684-838E-9D6D382D4D4D}"
EndProject
Project("{9A19103F-16F7-4668-BE54-9A1E7A4F7556}") = "RCommon.ApplicationServices", "..\Src\RCommon.ApplicationServices\RCommon.ApplicationServices.csproj", "{77C5C4DB-9D8B-4CE7-824D-C4A8AD3A4056}"
EndProject
Project("{9A19103F-16F7-4668-BE54-9A1E7A4F7556}") = "RCommon.Entities", "..\Src\RCommon.Entities\RCommon.Entities.csproj", "{A09E85E5-6453-437F-9D5D-A31972B8D1F3}"
EndProject
Project("{9A19103F-16F7-4668-BE54-9A1E7A4F7556}") = "RCommon.Models", "..\Src\RCommon.Models\RCommon.Models.csproj", "{E779DD7F-D69F-41C9-9EFE-584E48D46F1F}"
EndProject
Project("{9A19103F-16F7-4668-BE54-9A1E7A4F7556}") = "RCommon.Persistence", "..\Src\RCommon.Persistence\RCommon.Persistence.csproj", "{93DAC250-1E64-4978-8477-354CA2AD2F85}"
EndProject
Project("{9A19103F-16F7-4668-BE54-9A1E7A4F7556}") = "RCommon.Dapper", "..\Src\RCommon.Dapper\RCommon.Dapper.csproj", "{CADD5842-C3F4-4E70-8C5D-C447827A83C2}"
EndProject
Project("{9A19103F-16F7-4668-BE54-9A1E7A4F7556}") = "RCommon.EFCore", "..\Src\RCommon.EfCore\RCommon.EFCore.csproj", "{A570C8FC-AEEB-49DF-9A47-9EDB027BEC67}"
EndProject
Project("{9A19103F-16F7-4668-BE54-9A1E7A4F7556}") = "RCommon.Web", "..\Src\RCommon.Web\RCommon.Web.csproj", "{BBFED0EE-D18E-47FE-81BB-F8C3E2F9136B}"
EndProject
Project("{9A19103F-16F7-4668-BE54-9A1E7A4F7556}") = "RCommon.Authorization.Web", "..\Src\RCommon.Authorization.Web\RCommon.Authorization.Web.csproj", "{E48B660B-BB17-4CB5-9051-E12729C49AD1}"
EndProject
Project("{2150E333-8FDC-42A3-9474-1A3956D46DE8}") = "Clean Architecture with CQRS", "Clean Architecture with CQRS", "{41744E85-4BE4-4DA4-91B8-0DFA262CB11B}"
EndProject
Project("{9A19103F-16F7-4668-BE54-9A1E7A4F7556}") = "HR.LeaveManagement.API", "CleanWithCQRS\HR.LeaveManagement.API\HR.LeaveManagement.API.csproj", "{06CF93D0-29A4-4739-A681-EB6802A03BD8}"
EndProject
Project("{9A19103F-16F7-4668-BE54-9A1E7A4F7556}") = "HR.LeaveManagement.Application", "CleanWithCQRS\HR.LeaveManagement.Application\HR.LeaveManagement.Application.csproj", "{0A0D76F1-5DB6-431B-9258-41591B87AB97}"
EndProject
Project("{9A19103F-16F7-4668-BE54-9A1E7A4F7556}") = "HR.LeaveManagement.Application.UnitTests", "CleanWithCQRS\HR.LeaveManagement.Application.UnitTests\HR.LeaveManagement.Application.UnitTests.csproj", "{93E5DCEC-1D79-46AA-A937-2CABFA69C726}"
EndProject
Project("{9A19103F-16F7-4668-BE54-9A1E7A4F7556}") = "HR.LeaveManagement.Domain", "CleanWithCQRS\HR.LeaveManagement.Domain\HR.LeaveManagement.Domain.csproj", "{88F0DF4A-C5DD-43C2-B3F2-B60D7A02151C}"
EndProject
Project("{9A19103F-16F7-4668-BE54-9A1E7A4F7556}") = "HR.LeaveManagement.Identity", "CleanWithCQRS\HR.LeaveManagement.Identity\HR.LeaveManagement.Identity.csproj", "{7BA1DE7E-B862-4A0C-A6BF-EBF99C3AEB8B}"
EndProject
Project("{9A19103F-16F7-4668-BE54-9A1E7A4F7556}") = "HR.LeaveManagement.MVC", "CleanWithCQRS\HR.LeaveManagement.MVC\HR.LeaveManagement.MVC.csproj", "{8C68F8CB-DE35-4078-9F33-4691C56B1E52}"
EndProject
Project("{9A19103F-16F7-4668-BE54-9A1E7A4F7556}") = "HR.LeaveManagement.Persistence", "CleanWithCQRS\HR.LeaveManagement.Persistence\HR.LeaveManagement.Persistence.csproj", "{055D20CD-E279-453A-BFCD-545669BF672B}"
EndProject
Project("{9A19103F-16F7-4668-BE54-9A1E7A4F7556}") = "RCommon.Security", "..\Src\RCommon.Security\RCommon.Security.csproj", "{16B004B0-B8E9-474C-A10B-7BD4CC9AEF9E}"
EndProject
Project("{9A19103F-16F7-4668-BE54-9A1E7A4F7556}") = "RCommon.Emailing", "..\Src\RCommon.Emailing\RCommon.Emailing.csproj", "{E4813CDB-BF79-459F-A9A0-A1FC2F5A96C4}"
EndProject
Project("{9A19103F-16F7-4668-BE54-9A1E7A4F7556}") = "RCommon.SendGrid", "..\Src\RCommon.SendGrid\RCommon.SendGrid.csproj", "{D8206662-51A8-4407-8B0D-8E5F53A73F19}"
EndProject
Project("{9A19103F-16F7-4668-BE54-9A1E7A4F7556}") = "RCommon.Linq2Db", "..\Src\RCommon.Linq2Db\RCommon.Linq2Db.csproj", "{2B494844-B218-43B8-9FC3-9D0B2BC22BD6}"
EndProject
Project("{9A19103F-16F7-4668-BE54-9A1E7A4F7556}") = "RCommon.MassTransit", "..\Src\RCommon.MassTransit\RCommon.MassTransit.csproj", "{D9B8D10F-3206-482F-8C4F-8079408ED224}"
EndProject
Project("{9A19103F-16F7-4668-BE54-9A1E7A4F7556}") = "RCommon.MediatR", "..\Src\RCommon.Mediatr\RCommon.MediatR.csproj", "{0987AF3F-6EFC-4AE6-9007-DE9533934D82}"
EndProject
Project("{9A19103F-16F7-4668-BE54-9A1E7A4F7556}") = "RCommon.Mediator", "..\Src\RCommon.Mediator\RCommon.Mediator.csproj", "{0CE7EC46-274F-4D46-A344-1F92E1D23923}"
EndProject
Project("{2150E333-8FDC-42A3-9474-1A3956D46DE8}") = "Messaging", "Messaging", "{35AE0870-0A6D-4F27-B534-B8DCDFD11A36}"
EndProject
Project("{2150E333-8FDC-42A3-9474-1A3956D46DE8}") = "Providers", "Providers", "{3199F749-0082-41D0-91D3-ECED117F8B08}"
EndProject
Project("{9A19103F-16F7-4668-BE54-9A1E7A4F7556}") = "RCommon.Wolverine", "..\Src\RCommon.Wolverine\RCommon.Wolverine.csproj", "{90B4A098-01AB-4B35-987E-838F2241DA17}"
EndProject
Project("{2150E333-8FDC-42A3-9474-1A3956D46DE8}") = "EventHandling", "EventHandling", "{FCC70943-06B2-4743-A99D-82F5122297F3}"
EndProject
Project("{9A19103F-16F7-4668-BE54-9A1E7A4F7556}") = "Examples.EventHandling.MediatR", "EventHandling\Examples.EventHandling.MediatR\Examples.EventHandling.MediatR.csproj", "{213F2EFE-F1DF-471C-A518-94D107DD543F}"
EndProject
Project("{2150E333-8FDC-42A3-9474-1A3956D46DE8}") = "CQRS", "CQRS", "{783F8A99-F164-42E3-BD7C-09D432D02DEE}"
EndProject
Project("{9A19103F-16F7-4668-BE54-9A1E7A4F7556}") = "Examples.EventHandling.InMemoryEventBus", "EventHandling\Examples.EventHandling.InMemoryEventBus\Examples.EventHandling.InMemoryEventBus.csproj", "{86CE6DBE-418E-440B-9C27-58B00AFB2FCA}"
EndProject
Project("{9A19103F-16F7-4668-BE54-9A1E7A4F7556}") = "Examples.ApplicationServices.CQRS", "ApplicationServices\Examples.ApplicationServices.CQRS\Examples.ApplicationServices.CQRS.csproj", "{CEAA39C2-249C-44D0-94CF-8342CB35811D}"
EndProject
Project("{9A19103F-16F7-4668-BE54-9A1E7A4F7556}") = "Examples.Messaging.MassTransit", "Messaging\Examples.Messaging.MassTransit\Examples.Messaging.MassTransit.csproj", "{A7C5D513-08D7-4BBF-9CB9-307EE91DA81D}"
EndProject
Project("{9A19103F-16F7-4668-BE54-9A1E7A4F7556}") = "Examples.Messaging.Wolverine", "Messaging\Examples.Messaging.Wolverine\Examples.Messaging.Wolverine.csproj", "{06FE76EC-C7D1-4C46-8047-22D58C8437A2}"
EndProject
Project("{9A19103F-16F7-4668-BE54-9A1E7A4F7556}") = "Examples.Mediator.MediatR", "Mediator\Examples.Mediator.MediatR\Examples.Mediator.MediatR.csproj", "{05B6EF05-8053-45D1-8649-1779B0D7D6C7}"
EndProject
Project("{2150E333-8FDC-42A3-9474-1A3956D46DE8}") = "Mediator", "Mediator", "{9085B4F5-E26A-471D-B25D-5D69B0337B02}"
EndProject
Project("{9A19103F-16F7-4668-BE54-9A1E7A4F7556}") = "RCommon.FluentValidation", "..\Src\RCommon.FluentValidation\RCommon.FluentValidation.csproj", "{BBBCCC2B-2218-4C32-96EE-C2153A23F643}"
EndProject
Project("{2150E333-8FDC-42A3-9474-1A3956D46DE8}") = "Validation", "Validation", "{0F54DCE2-27A5-4D07-B542-6D2A7B50D0EC}"
EndProject
Project("{9A19103F-16F7-4668-BE54-9A1E7A4F7556}") = "Examples.Validation.FluentValidation", "Validation\Examples.Validation.FluentValidation\Examples.Validation.FluentValidation.csproj", "{256821F9-8160-4819-B0A1-B769C5BBBBB6}"
EndProject
Project("{9A19103F-16F7-4668-BE54-9A1E7A4F7556}") = "RCommon.Persistence.Caching", "..\Src\RCommon.Persistence.Caching\RCommon.Persistence.Caching.csproj", "{B66429EB-4B5F-42F9-9CD7-7334190A14F4}"
EndProject
Project("{9A19103F-16F7-4668-BE54-9A1E7A4F7556}") = "RCommon.JsonNet", "..\Src\RCommon.JsonNet\RCommon.JsonNet.csproj", "{6E3ED0D2-0619-4CB6-BAE2-10488DF061C6}"
EndProject
Project("{9A19103F-16F7-4668-BE54-9A1E7A4F7556}") = "RCommon.Json", "..\Src\RCommon.Json\RCommon.Json.csproj", "{36386A61-2408-44D7-8C4A-4748F79623FC}"
EndProject
Project("{9A19103F-16F7-4668-BE54-9A1E7A4F7556}") = "RCommon.Caching", "..\Src\RCommon.Caching\RCommon.Caching.csproj", "{6C91AB35-2238-4EF5-82BF-81B3C3EF7061}"
EndProject
Project("{9A19103F-16F7-4668-BE54-9A1E7A4F7556}") = "RCommon.RedisCache", "..\Src\RCommon.RedisCache\RCommon.RedisCache.csproj", "{10B9612F-DE04-4007-BDDE-B3DEBCEE59EB}"
EndProject
Project("{2150E333-8FDC-42A3-9474-1A3956D46DE8}") = "Caching", "Caching", "{AE7572F9-5B50-4718-9552-3853C05E1A24}"
EndProject
Project("{9A19103F-16F7-4668-BE54-9A1E7A4F7556}") = "Examples.Caching.MemoryCaching", "Caching\Examples.Caching.MemoryCaching\Examples.Caching.MemoryCaching.csproj", "{A8F70B2D-965E-41E5-A0CC-9F48C673CCFB}"
EndProject
Project("{9A19103F-16F7-4668-BE54-9A1E7A4F7556}") = "Examples.Caching.RedisCaching", "Caching\Examples.Caching.RedisCaching\Examples.Caching.RedisCaching.csproj", "{DB2C927A-6C16-4163-A492-5072F11B67D4}"
EndProject
Project("{9A19103F-16F7-4668-BE54-9A1E7A4F7556}") = "Examples.Caching.PersistenceCaching", "Caching\Examples.Caching.PersistenceCaching\Examples.Caching.PersistenceCaching.csproj", "{720E1999-9A71-49FD-B527-C07CF4510C9C}"
EndProject
Project("{2150E333-8FDC-42A3-9474-1A3956D46DE8}") = "Json", "Json", "{A53F8891-29D2-449D-B9BA-062D19EC7834}"
EndProject
Project("{9A19103F-16F7-4668-BE54-9A1E7A4F7556}") = "Examples.Json.JsonNet", "Json\Examples.Json.JsonNet\Examples.Json.JsonNet.csproj", "{5D9C635C-DDC0-4A54-A36D-D0F535638E79}"
EndProject
Project("{9A19103F-16F7-4668-BE54-9A1E7A4F7556}") = "Examples.Json.SystemTextJson", "Json\Examples.Json.SystemTextJson\Examples.Json.SystemTextJson.csproj", "{8F5C5AD3-8310-47A7-BB30-42C054D032E2}"
EndProject
Project("{9A19103F-16F7-4668-BE54-9A1E7A4F7556}") = "RCommon.SystemTextJson", "..\Src\RCommon.SystemTextJson\RCommon.SystemTextJson.csproj", "{6C07FC1A-4339-42AA-AF5F-83570F81A5A4}"
EndProject
Project("{9A19103F-16F7-4668-BE54-9A1E7A4F7556}") = "RCommon.MemoryCache", "..\Src\RCommon.MemoryCache\RCommon.MemoryCache.csproj", "{F5277287-1776-494B-92EE-7237D1B8949B}"
EndProject
Project("{FAE04EC0-301F-11D3-BF4B-00C04F79EFBC}") = "RCommon.Persistence.Caching.MemoryCache", "..\Src\RCommon.Persistence.Caching.MemoryCache\RCommon.Persistence.Caching.MemoryCache.csproj", "{B10EBC65-DB29-44AE-8BEB-E4BD170924C3}"
EndProject
Project("{9A19103F-16F7-4668-BE54-9A1E7A4F7556}") = "RCommon.Persistence.Caching.RedisCache", "..\Src\RCommon.Persistence.Caching.RedisCache\RCommon.Persistence.Caching.RedisCache.csproj", "{924B529F-D036-464B-B1A6-257CD95143B4}"
EndProject
Project("{FAE04EC0-301F-11D3-BF4B-00C04F79EFBC}") = "RCommon.TestBase.Data", "..\Tests\RCommon.TestBase.Data\RCommon.TestBase.Data.csproj", "{43AD4063-F157-994B-5A6D-92B9ABCA126E}"
EndProject
Project("{FAE04EC0-301F-11D3-BF4B-00C04F79EFBC}") = "RCommon.TestBase", "..\Tests\RCommon.TestBase\RCommon.TestBase.csproj", "{740F4266-7ADA-7893-C575-B8C531C029EC}"
EndProject
Project("{FAE04EC0-301F-11D3-BF4B-00C04F79EFBC}") = "Examples.Messaging.SubscriptionIsolation", "Messaging\Examples.Messaging.SubscriptionIsolation\Examples.Messaging.SubscriptionIsolation.csproj", "{DFF5FC1F-D20F-4BFE-BD58-A0B4F1E414CB}"
EndProject
Project("{2150E333-8FDC-42A3-9474-1A3956D46DE8}") = "Bootstrapping", "Bootstrapping", "{173CBA2D-76A2-457F-947A-8CBE38D63121}"
EndProject
Project("{9A19103F-16F7-4668-BE54-9A1E7A4F7556}") = "Examples.Bootstrapping.MultiModule", "Bootstrapping\Examples.Bootstrapping.MultiModule\Examples.Bootstrapping.MultiModule.csproj", "{60782FC7-AB13-44D9-A4F1-E8C602697C3E}"
EndProject
Project("{2150E333-8FDC-42A3-9474-1A3956D46DE8}") = "Persistence", "Persistence", "{31D0B0DA-3F70-8AAB-D4B2-B98572D1139C}"
EndProject
Project("{FAE04EC0-301F-11D3-BF4B-00C04F79EFBC}") = "Examples.Persistence.Dapper", "Persistence\Examples.Persistence.Dapper\Examples.Persistence.Dapper.csproj", "{FB4CC9E7-6DD0-4A06-816C-95E9F8F604A7}"
EndProject
Project("{FAE04EC0-301F-11D3-BF4B-00C04F79EFBC}") = "Examples.Persistence.Linq2Db", "Persistence\Examples.Persistence.Linq2Db\Examples.Persistence.Linq2Db.csproj", "{336C31F8-0883-4748-B138-80A8DD0E8058}"
EndProject
Project("{FAE04EC0-301F-11D3-BF4B-00C04F79EFBC}") = "Examples.Persistence.Sagas", "Persistence\Examples.Persistence.Sagas\Examples.Persistence.Sagas.csproj", "{13BADF3B-9771-4DA7-A360-9B24AEC7D153}"
EndProject
Project("{FAE04EC0-301F-11D3-BF4B-00C04F79EFBC}") = "RCommon.Stateless", "..\Src\RCommon.Stateless\RCommon.Stateless.csproj", "{DFBA01D6-5D67-442B-8949-54A6BDCCF375}"
EndProject
Project("{FAE04EC0-301F-11D3-BF4B-00C04F79EFBC}") = "Examples.Persistence.Sagas.Tests", "Persistence\Examples.Persistence.Sagas.Tests\Examples.Persistence.Sagas.Tests.csproj", "{EA570E99-825E-4578-B8C1-687C537F72AD}"
EndProject
Project("{2150E333-8FDC-42A3-9474-1A3956D46DE8}") = "BlobStorage", "BlobStorage", "{3B10151A-5687-1C7A-F285-81C534DE38B8}"
EndProject
Project("{FAE04EC0-301F-11D3-BF4B-00C04F79EFBC}") = "Examples.BlobStorage.Azure", "BlobStorage\Examples.BlobStorage.Azure\Examples.BlobStorage.Azure.csproj", "{3DC4AE69-AF48-4305-997D-6485FD0BE677}"
EndProject
Project("{FAE04EC0-301F-11D3-BF4B-00C04F79EFBC}") = "RCommon.Azure.Blobs", "..\Src\RCommon.Azure.Blobs\RCommon.Azure.Blobs.csproj", "{7B936942-E44D-4FE3-8581-B6B10535C30C}"
EndProject
Project("{FAE04EC0-301F-11D3-BF4B-00C04F79EFBC}") = "RCommon.Blobs", "..\Src\RCommon.Blobs\RCommon.Blobs.csproj", "{90F95BB5-7CBB-4FB9-8529-A9FE6FBF5B48}"
EndProject
Project("{FAE04EC0-301F-11D3-BF4B-00C04F79EFBC}") = "Examples.BlobStorage.S3", "BlobStorage\Examples.BlobStorage.S3\Examples.BlobStorage.S3.csproj", "{D556B686-F089-4AB0-8508-2AD6B4749B42}"
EndProject
Project("{FAE04EC0-301F-11D3-BF4B-00C04F79EFBC}") = "RCommon.Amazon.S3Objects", "..\Src\RCommon.Amazon.S3Objects\RCommon.Amazon.S3Objects.csproj", "{535B1E0A-C9AD-43B7-AFA0-EA2A9D01704B}"
EndProject
Project("{2150E333-8FDC-42A3-9474-1A3956D46DE8}") = "StateMachines", "StateMachines", "{7B0AA725-ACA6-F7D6-FC54-A6A550CF0AC8}"
EndProject
Project("{FAE04EC0-301F-11D3-BF4B-00C04F79EFBC}") = "Examples.StateMachines.Stateless", "StateMachines\Examples.StateMachines.Stateless\Examples.StateMachines.Stateless.csproj", "{F8DB6093-C8BD-4731-8B78-3C127C39063D}"
EndProject
Project("{2150E333-8FDC-42A3-9474-1A3956D46DE8}") = "MultiTenancy", "MultiTenancy", "{D98CB43D-0258-2BB5-B133-424D9B5195EA}"
EndProject
Project("{FAE04EC0-301F-11D3-BF4B-00C04F79EFBC}") = "Examples.MultiTenancy.Finbuckle", "MultiTenancy\Examples.MultiTenancy.Finbuckle\Examples.MultiTenancy.Finbuckle.csproj", "{5ED3BEF0-FCD2-435D-8D27-46DE406F735A}"
EndProject
Project("{FAE04EC0-301F-11D3-BF4B-00C04F79EFBC}") = "RCommon.Finbuckle", "..\Src\RCommon.Finbuckle\RCommon.Finbuckle.csproj", "{DAD705F2-F33C-4D77-86B6-E981E61DE235}"
EndProject
Project("{FAE04EC0-301F-11D3-BF4B-00C04F79EFBC}") = "RCommon.MultiTenancy", "..\Src\RCommon.MultiTenancy\RCommon.MultiTenancy.csproj", "{5F8EAE23-9CFA-4CCE-B522-FA5F0BA7D50F}"
EndProject
Project("{2150E333-8FDC-42A3-9474-1A3956D46DE8}") = "EventHandling", "EventHandling", "{48A3FC7F-661D-68E4-77B8-76A1C7AA7E61}"
EndProject
Project("{FAE04EC0-301F-11D3-BF4B-00C04F79EFBC}") = "Examples.EventHandling.Outbox", "EventHandling\Examples.EventHandling.Outbox\Examples.EventHandling.Outbox.csproj", "{A8605EEB-BB5D-450F-806A-22E8707494E1}"
EndProject
Project("{FAE04EC0-301F-11D3-BF4B-00C04F79EFBC}") = "Examples.EventHandling.Outbox.Tests", "EventHandling\Examples.EventHandling.Outbox.Tests\Examples.EventHandling.Outbox.Tests.csproj", "{3950590A-A437-4915-B152-F9F03E4D44E7}"
EndProject
Project("{2150E333-8FDC-42A3-9474-1A3956D46DE8}") = "DomainDrivenDesign", "DomainDrivenDesign", "{B411C083-355A-2464-FDEE-681E8D47BB7C}"
EndProject
Project("{FAE04EC0-301F-11D3-BF4B-00C04F79EFBC}") = "Examples.DomainDrivenDesign.Tests", "DomainDrivenDesign\Examples.DomainDrivenDesign.Tests\Examples.DomainDrivenDesign.Tests.csproj", "{A4415A46-249B-46BD-96D1-D3D0DF6B5AB7}"
EndProject
Project("{FAE04EC0-301F-11D3-BF4B-00C04F79EFBC}") = "Examples.DomainDrivenDesign", "DomainDrivenDesign\Examples.DomainDrivenDesign\Examples.DomainDrivenDesign.csproj", "{8D607F65-ED96-4FD0-AC68-D0FED54095AF}"
EndProject
Project("{FAE04EC0-301F-11D3-BF4B-00C04F79EFBC}") = "Examples.EventHandling.MediatR.Tests", "EventHandling\Examples.EventHandling.MediatR.Tests\Examples.EventHandling.MediatR.Tests.csproj", "{305257A3-1374-4D7C-9E39-CE190EA19931}"
EndProject
Project("{FAE04EC0-301F-11D3-BF4B-00C04F79EFBC}") = "Examples.EventHandling.TransactionScript", "EventHandling\Examples.EventHandling.TransactionScript\Examples.EventHandling.TransactionScript.csproj", "{E11D60A5-6536-445D-B65D-8F87DC439CD5}"
EndProject
Project("{FAE04EC0-301F-11D3-BF4B-00C04F79EFBC}") = "Examples.EventHandling.TransactionScript.Tests", "EventHandling\Examples.EventHandling.TransactionScript.Tests\Examples.EventHandling.TransactionScript.Tests.csproj", "{DFE5F399-5161-4886-939D-EB86E2B11C48}"
EndProject
Project("{FAE04EC0-301F-11D3-BF4B-00C04F79EFBC}") = "Examples.EventHandling.NoUnitOfWork", "EventHandling\Examples.EventHandling.NoUnitOfWork\Examples.EventHandling.NoUnitOfWork.csproj", "{8DA9EBA2-0F85-4518-B517-7DDD5B4E8222}"
EndProject
Project("{FAE04EC0-301F-11D3-BF4B-00C04F79EFBC}") = "Examples.EventHandling.NoUnitOfWork.Tests", "EventHandling\Examples.EventHandling.NoUnitOfWork.Tests\Examples.EventHandling.NoUnitOfWork.Tests.csproj", "{54F40B62-E7BC-4169-8E6D-31DDFD9600CD}"
EndProject
Project("{2150E333-8FDC-42A3-9474-1A3956D46DE8}") = "Messaging", "Messaging", "{AA81E3CF-C1BB-70B4-13CB-5131BB298347}"
EndProject
Project("{FAE04EC0-301F-11D3-BF4B-00C04F79EFBC}") = "Examples.Messaging.MassTransit.Tests", "Messaging\Examples.Messaging.MassTransit.Tests\Examples.Messaging.MassTransit.Tests.csproj", "{DDC1FDC6-34BE-4FE6-A0F0-C53C49F15C5F}"
EndProject
Project("{FAE04EC0-301F-11D3-BF4B-00C04F79EFBC}") = "Examples.Messaging.Wolverine.Tests", "Messaging\Examples.Messaging.Wolverine.Tests\Examples.Messaging.Wolverine.Tests.csproj", "{8BBA454A-3CA6-4293-A321-A97304DDF1B0}"
EndProject
Project("{FAE04EC0-301F-11D3-BF4B-00C04F79EFBC}") = "Examples.Messaging.MassTransit.NativeOutbox", "Messaging\Examples.Messaging.MassTransit.NativeOutbox\Examples.Messaging.MassTransit.NativeOutbox.csproj", "{070131F8-9D2A-41D4-A76E-67582EF68B71}"
EndProject
Project("{FAE04EC0-301F-11D3-BF4B-00C04F79EFBC}") = "RCommon.MassTransit.Outbox", "..\Src\RCommon.MassTransit.Outbox\RCommon.MassTransit.Outbox.csproj", "{60437E30-F5BA-4DC9-8325-01FB4CA2D742}"
EndProject
Project("{FAE04EC0-301F-11D3-BF4B-00C04F79EFBC}") = "Examples.Messaging.MassTransit.NativeOutbox.Tests", "Messaging\Examples.Messaging.MassTransit.NativeOutbox.Tests\Examples.Messaging.MassTransit.NativeOutbox.Tests.csproj", "{C36A7AFB-2191-4D0F-A7DD-6EB48F0463CE}"
EndProject
Global
	GlobalSection(SolutionConfigurationPlatforms) = preSolution
		Debug|Any CPU = Debug|Any CPU
		Debug|x64 = Debug|x64
		Debug|x86 = Debug|x86
		Release|Any CPU = Release|Any CPU
		Release|x64 = Release|x64
		Release|x86 = Release|x86
	EndGlobalSection
	GlobalSection(ProjectConfigurationPlatforms) = postSolution
		{04F96FF4-7229-4468-A486-086993EFD2A2}.Debug|Any CPU.ActiveCfg = Debug|Any CPU
		{04F96FF4-7229-4468-A486-086993EFD2A2}.Debug|Any CPU.Build.0 = Debug|Any CPU
		{04F96FF4-7229-4468-A486-086993EFD2A2}.Debug|x64.ActiveCfg = Debug|Any CPU
		{04F96FF4-7229-4468-A486-086993EFD2A2}.Debug|x64.Build.0 = Debug|Any CPU
		{04F96FF4-7229-4468-A486-086993EFD2A2}.Debug|x86.ActiveCfg = Debug|Any CPU
		{04F96FF4-7229-4468-A486-086993EFD2A2}.Debug|x86.Build.0 = Debug|Any CPU
		{04F96FF4-7229-4468-A486-086993EFD2A2}.Release|Any CPU.ActiveCfg = Release|Any CPU
		{04F96FF4-7229-4468-A486-086993EFD2A2}.Release|Any CPU.Build.0 = Release|Any CPU
		{04F96FF4-7229-4468-A486-086993EFD2A2}.Release|x64.ActiveCfg = Release|Any CPU
		{04F96FF4-7229-4468-A486-086993EFD2A2}.Release|x64.Build.0 = Release|Any CPU
		{04F96FF4-7229-4468-A486-086993EFD2A2}.Release|x86.ActiveCfg = Release|Any CPU
		{04F96FF4-7229-4468-A486-086993EFD2A2}.Release|x86.Build.0 = Release|Any CPU
		{77C5C4DB-9D8B-4CE7-824D-C4A8AD3A4056}.Debug|Any CPU.ActiveCfg = Debug|Any CPU
		{77C5C4DB-9D8B-4CE7-824D-C4A8AD3A4056}.Debug|Any CPU.Build.0 = Debug|Any CPU
		{77C5C4DB-9D8B-4CE7-824D-C4A8AD3A4056}.Debug|x64.ActiveCfg = Debug|Any CPU
		{77C5C4DB-9D8B-4CE7-824D-C4A8AD3A4056}.Debug|x64.Build.0 = Debug|Any CPU
		{77C5C4DB-9D8B-4CE7-824D-C4A8AD3A4056}.Debug|x86.ActiveCfg = Debug|Any CPU
		{77C5C4DB-9D8B-4CE7-824D-C4A8AD3A4056}.Debug|x86.Build.0 = Debug|Any CPU
		{77C5C4DB-9D8B-4CE7-824D-C4A8AD3A4056}.Release|Any CPU.ActiveCfg = Release|Any CPU
		{77C5C4DB-9D8B-4CE7-824D-C4A8AD3A4056}.Release|Any CPU.Build.0 = Release|Any CPU
		{77C5C4DB-9D8B-4CE7-824D-C4A8AD3A4056}.Release|x64.ActiveCfg = Release|Any CPU
		{77C5C4DB-9D8B-4CE7-824D-C4A8AD3A4056}.Release|x64.Build.0 = Release|Any CPU
		{77C5C4DB-9D8B-4CE7-824D-C4A8AD3A4056}.Release|x86.ActiveCfg = Release|Any CPU
		{77C5C4DB-9D8B-4CE7-824D-C4A8AD3A4056}.Release|x86.Build.0 = Release|Any CPU
		{A09E85E5-6453-437F-9D5D-A31972B8D1F3}.Debug|Any CPU.ActiveCfg = Debug|Any CPU
		{A09E85E5-6453-437F-9D5D-A31972B8D1F3}.Debug|Any CPU.Build.0 = Debug|Any CPU
		{A09E85E5-6453-437F-9D5D-A31972B8D1F3}.Debug|x64.ActiveCfg = Debug|Any CPU
		{A09E85E5-6453-437F-9D5D-A31972B8D1F3}.Debug|x64.Build.0 = Debug|Any CPU
		{A09E85E5-6453-437F-9D5D-A31972B8D1F3}.Debug|x86.ActiveCfg = Debug|Any CPU
		{A09E85E5-6453-437F-9D5D-A31972B8D1F3}.Debug|x86.Build.0 = Debug|Any CPU
		{A09E85E5-6453-437F-9D5D-A31972B8D1F3}.Release|Any CPU.ActiveCfg = Release|Any CPU
		{A09E85E5-6453-437F-9D5D-A31972B8D1F3}.Release|Any CPU.Build.0 = Release|Any CPU
		{A09E85E5-6453-437F-9D5D-A31972B8D1F3}.Release|x64.ActiveCfg = Release|Any CPU
		{A09E85E5-6453-437F-9D5D-A31972B8D1F3}.Release|x64.Build.0 = Release|Any CPU
		{A09E85E5-6453-437F-9D5D-A31972B8D1F3}.Release|x86.ActiveCfg = Release|Any CPU
		{A09E85E5-6453-437F-9D5D-A31972B8D1F3}.Release|x86.Build.0 = Release|Any CPU
		{E779DD7F-D69F-41C9-9EFE-584E48D46F1F}.Debug|Any CPU.ActiveCfg = Debug|Any CPU
		{E779DD7F-D69F-41C9-9EFE-584E48D46F1F}.Debug|Any CPU.Build.0 = Debug|Any CPU
		{E779DD7F-D69F-41C9-9EFE-584E48D46F1F}.Debug|x64.ActiveCfg = Debug|Any CPU
		{E779DD7F-D69F-41C9-9EFE-584E48D46F1F}.Debug|x64.Build.0 = Debug|Any CPU
		{E779DD7F-D69F-41C9-9EFE-584E48D46F1F}.Debug|x86.ActiveCfg = Debug|Any CPU
		{E779DD7F-D69F-41C9-9EFE-584E48D46F1F}.Debug|x86.Build.0 = Debug|Any CPU
		{E779DD7F-D69F-41C9-9EFE-584E48D46F1F}.Release|Any CPU.ActiveCfg = Release|Any CPU
		{E779DD7F-D69F-41C9-9EFE-584E48D46F1F}.Release|Any CPU.Build.0 = Release|Any CPU
		{E779DD7F-D69F-41C9-9EFE-584E48D46F1F}.Release|x64.ActiveCfg = Release|Any CPU
		{E779DD7F-D69F-41C9-9EFE-584E48D46F1F}.Release|x64.Build.0 = Release|Any CPU
		{E779DD7F-D69F-41C9-9EFE-584E48D46F1F}.Release|x86.ActiveCfg = Release|Any CPU
		{E779DD7F-D69F-41C9-9EFE-584E48D46F1F}.Release|x86.Build.0 = Release|Any CPU
		{93DAC250-1E64-4978-8477-354CA2AD2F85}.Debug|Any CPU.ActiveCfg = Debug|Any CPU
		{93DAC250-1E64-4978-8477-354CA2AD2F85}.Debug|Any CPU.Build.0 = Debug|Any CPU
		{93DAC250-1E64-4978-8477-354CA2AD2F85}.Debug|x64.ActiveCfg = Debug|Any CPU
		{93DAC250-1E64-4978-8477-354CA2AD2F85}.Debug|x64.Build.0 = Debug|Any CPU
		{93DAC250-1E64-4978-8477-354CA2AD2F85}.Debug|x86.ActiveCfg = Debug|Any CPU
		{93DAC250-1E64-4978-8477-354CA2AD2F85}.Debug|x86.Build.0 = Debug|Any CPU
		{93DAC250-1E64-4978-8477-354CA2AD2F85}.Release|Any CPU.ActiveCfg = Release|Any CPU
		{93DAC250-1E64-4978-8477-354CA2AD2F85}.Release|Any CPU.Build.0 = Release|Any CPU
		{93DAC250-1E64-4978-8477-354CA2AD2F85}.Release|x64.ActiveCfg = Release|Any CPU
		{93DAC250-1E64-4978-8477-354CA2AD2F85}.Release|x64.Build.0 = Release|Any CPU
		{93DAC250-1E64-4978-8477-354CA2AD2F85}.Release|x86.ActiveCfg = Release|Any CPU
		{93DAC250-1E64-4978-8477-354CA2AD2F85}.Release|x86.Build.0 = Release|Any CPU
		{CADD5842-C3F4-4E70-8C5D-C447827A83C2}.Debug|Any CPU.ActiveCfg = Debug|Any CPU
		{CADD5842-C3F4-4E70-8C5D-C447827A83C2}.Debug|Any CPU.Build.0 = Debug|Any CPU
		{CADD5842-C3F4-4E70-8C5D-C447827A83C2}.Debug|x64.ActiveCfg = Debug|Any CPU
		{CADD5842-C3F4-4E70-8C5D-C447827A83C2}.Debug|x64.Build.0 = Debug|Any CPU
		{CADD5842-C3F4-4E70-8C5D-C447827A83C2}.Debug|x86.ActiveCfg = Debug|Any CPU
		{CADD5842-C3F4-4E70-8C5D-C447827A83C2}.Debug|x86.Build.0 = Debug|Any CPU
		{CADD5842-C3F4-4E70-8C5D-C447827A83C2}.Release|Any CPU.ActiveCfg = Release|Any CPU
		{CADD5842-C3F4-4E70-8C5D-C447827A83C2}.Release|Any CPU.Build.0 = Release|Any CPU
		{CADD5842-C3F4-4E70-8C5D-C447827A83C2}.Release|x64.ActiveCfg = Release|Any CPU
		{CADD5842-C3F4-4E70-8C5D-C447827A83C2}.Release|x64.Build.0 = Release|Any CPU
		{CADD5842-C3F4-4E70-8C5D-C447827A83C2}.Release|x86.ActiveCfg = Release|Any CPU
		{CADD5842-C3F4-4E70-8C5D-C447827A83C2}.Release|x86.Build.0 = Release|Any CPU
		{A570C8FC-AEEB-49DF-9A47-9EDB027BEC67}.Debug|Any CPU.ActiveCfg = Debug|Any CPU
		{A570C8FC-AEEB-49DF-9A47-9EDB027BEC67}.Debug|Any CPU.Build.0 = Debug|Any CPU
		{A570C8FC-AEEB-49DF-9A47-9EDB027BEC67}.Debug|x64.ActiveCfg = Debug|Any CPU
		{A570C8FC-AEEB-49DF-9A47-9EDB027BEC67}.Debug|x64.Build.0 = Debug|Any CPU
		{A570C8FC-AEEB-49DF-9A47-9EDB027BEC67}.Debug|x86.ActiveCfg = Debug|Any CPU
		{A570C8FC-AEEB-49DF-9A47-9EDB027BEC67}.Debug|x86.Build.0 = Debug|Any CPU
		{A570C8FC-AEEB-49DF-9A47-9EDB027BEC67}.Release|Any CPU.ActiveCfg = Release|Any CPU
		{A570C8FC-AEEB-49DF-9A47-9EDB027BEC67}.Release|Any CPU.Build.0 = Release|Any CPU
		{A570C8FC-AEEB-49DF-9A47-9EDB027BEC67}.Release|x64.ActiveCfg = Release|Any CPU
		{A570C8FC-AEEB-49DF-9A47-9EDB027BEC67}.Release|x64.Build.0 = Release|Any CPU
		{A570C8FC-AEEB-49DF-9A47-9EDB027BEC67}.Release|x86.ActiveCfg = Release|Any CPU
		{A570C8FC-AEEB-49DF-9A47-9EDB027BEC67}.Release|x86.Build.0 = Release|Any CPU
		{BBFED0EE-D18E-47FE-81BB-F8C3E2F9136B}.Debug|Any CPU.ActiveCfg = Debug|Any CPU
		{BBFED0EE-D18E-47FE-81BB-F8C3E2F9136B}.Debug|Any CPU.Build.0 = Debug|Any CPU
		{BBFED0EE-D18E-47FE-81BB-F8C3E2F9136B}.Debug|x64.ActiveCfg = Debug|Any CPU
		{BBFED0EE-D18E-47FE-81BB-F8C3E2F9136B}.Debug|x64.Build.0 = Debug|Any CPU
		{BBFED0EE-D18E-47FE-81BB-F8C3E2F9136B}.Debug|x86.ActiveCfg = Debug|Any CPU
		{BBFED0EE-D18E-47FE-81BB-F8C3E2F9136B}.Debug|x86.Build.0 = Debug|Any CPU
		{BBFED0EE-D18E-47FE-81BB-F8C3E2F9136B}.Release|Any CPU.ActiveCfg = Release|Any CPU
		{BBFED0EE-D18E-47FE-81BB-F8C3E2F9136B}.Release|Any CPU.Build.0 = Release|Any CPU
		{BBFED0EE-D18E-47FE-81BB-F8C3E2F9136B}.Release|x64.ActiveCfg = Release|Any CPU
		{BBFED0EE-D18E-47FE-81BB-F8C3E2F9136B}.Release|x64.Build.0 = Release|Any CPU
		{BBFED0EE-D18E-47FE-81BB-F8C3E2F9136B}.Release|x86.ActiveCfg = Release|Any CPU
		{BBFED0EE-D18E-47FE-81BB-F8C3E2F9136B}.Release|x86.Build.0 = Release|Any CPU
		{E48B660B-BB17-4CB5-9051-E12729C49AD1}.Debug|Any CPU.ActiveCfg = Debug|Any CPU
		{E48B660B-BB17-4CB5-9051-E12729C49AD1}.Debug|Any CPU.Build.0 = Debug|Any CPU
		{E48B660B-BB17-4CB5-9051-E12729C49AD1}.Debug|x64.ActiveCfg = Debug|Any CPU
		{E48B660B-BB17-4CB5-9051-E12729C49AD1}.Debug|x64.Build.0 = Debug|Any CPU
		{E48B660B-BB17-4CB5-9051-E12729C49AD1}.Debug|x86.ActiveCfg = Debug|Any CPU
		{E48B660B-BB17-4CB5-9051-E12729C49AD1}.Debug|x86.Build.0 = Debug|Any CPU
		{E48B660B-BB17-4CB5-9051-E12729C49AD1}.Release|Any CPU.ActiveCfg = Release|Any CPU
		{E48B660B-BB17-4CB5-9051-E12729C49AD1}.Release|Any CPU.Build.0 = Release|Any CPU
		{E48B660B-BB17-4CB5-9051-E12729C49AD1}.Release|x64.ActiveCfg = Release|Any CPU
		{E48B660B-BB17-4CB5-9051-E12729C49AD1}.Release|x64.Build.0 = Release|Any CPU
		{E48B660B-BB17-4CB5-9051-E12729C49AD1}.Release|x86.ActiveCfg = Release|Any CPU
		{E48B660B-BB17-4CB5-9051-E12729C49AD1}.Release|x86.Build.0 = Release|Any CPU
		{06CF93D0-29A4-4739-A681-EB6802A03BD8}.Debug|Any CPU.ActiveCfg = Debug|Any CPU
		{06CF93D0-29A4-4739-A681-EB6802A03BD8}.Debug|Any CPU.Build.0 = Debug|Any CPU
		{06CF93D0-29A4-4739-A681-EB6802A03BD8}.Debug|x64.ActiveCfg = Debug|Any CPU
		{06CF93D0-29A4-4739-A681-EB6802A03BD8}.Debug|x64.Build.0 = Debug|Any CPU
		{06CF93D0-29A4-4739-A681-EB6802A03BD8}.Debug|x86.ActiveCfg = Debug|Any CPU
		{06CF93D0-29A4-4739-A681-EB6802A03BD8}.Debug|x86.Build.0 = Debug|Any CPU
		{06CF93D0-29A4-4739-A681-EB6802A03BD8}.Release|Any CPU.ActiveCfg = Release|Any CPU
		{06CF93D0-29A4-4739-A681-EB6802A03BD8}.Release|Any CPU.Build.0 = Release|Any CPU
		{06CF93D0-29A4-4739-A681-EB6802A03BD8}.Release|x64.ActiveCfg = Release|Any CPU
		{06CF93D0-29A4-4739-A681-EB6802A03BD8}.Release|x64.Build.0 = Release|Any CPU
		{06CF93D0-29A4-4739-A681-EB6802A03BD8}.Release|x86.ActiveCfg = Release|Any CPU
		{06CF93D0-29A4-4739-A681-EB6802A03BD8}.Release|x86.Build.0 = Release|Any CPU
		{0A0D76F1-5DB6-431B-9258-41591B87AB97}.Debug|Any CPU.ActiveCfg = Debug|Any CPU
		{0A0D76F1-5DB6-431B-9258-41591B87AB97}.Debug|Any CPU.Build.0 = Debug|Any CPU
		{0A0D76F1-5DB6-431B-9258-41591B87AB97}.Debug|x64.ActiveCfg = Debug|Any CPU
		{0A0D76F1-5DB6-431B-9258-41591B87AB97}.Debug|x64.Build.0 = Debug|Any CPU
		{0A0D76F1-5DB6-431B-9258-41591B87AB97}.Debug|x86.ActiveCfg = Debug|Any CPU
		{0A0D76F1-5DB6-431B-9258-41591B87AB97}.Debug|x86.Build.0 = Debug|Any CPU
		{0A0D76F1-5DB6-431B-9258-41591B87AB97}.Release|Any CPU.ActiveCfg = Release|Any CPU
		{0A0D76F1-5DB6-431B-9258-41591B87AB97}.Release|Any CPU.Build.0 = Release|Any CPU
		{0A0D76F1-5DB6-431B-9258-41591B87AB97}.Release|x64.ActiveCfg = Release|Any CPU
		{0A0D76F1-5DB6-431B-9258-41591B87AB97}.Release|x64.Build.0 = Release|Any CPU
		{0A0D76F1-5DB6-431B-9258-41591B87AB97}.Release|x86.ActiveCfg = Release|Any CPU
		{0A0D76F1-5DB6-431B-9258-41591B87AB97}.Release|x86.Build.0 = Release|Any CPU
		{93E5DCEC-1D79-46AA-A937-2CABFA69C726}.Debug|Any CPU.ActiveCfg = Debug|Any CPU
		{93E5DCEC-1D79-46AA-A937-2CABFA69C726}.Debug|Any CPU.Build.0 = Debug|Any CPU
		{93E5DCEC-1D79-46AA-A937-2CABFA69C726}.Debug|x64.ActiveCfg = Debug|Any CPU
		{93E5DCEC-1D79-46AA-A937-2CABFA69C726}.Debug|x64.Build.0 = Debug|Any CPU
		{93E5DCEC-1D79-46AA-A937-2CABFA69C726}.Debug|x86.ActiveCfg = Debug|Any CPU
		{93E5DCEC-1D79-46AA-A937-2CABFA69C726}.Debug|x86.Build.0 = Debug|Any CPU
		{93E5DCEC-1D79-46AA-A937-2CABFA69C726}.Release|Any CPU.ActiveCfg = Release|Any CPU
		{93E5DCEC-1D79-46AA-A937-2CABFA69C726}.Release|Any CPU.Build.0 = Release|Any CPU
		{93E5DCEC-1D79-46AA-A937-2CABFA69C726}.Release|x64.ActiveCfg = Release|Any CPU
		{93E5DCEC-1D79-46AA-A937-2CABFA69C726}.Release|x64.Build.0 = Release|Any CPU
		{93E5DCEC-1D79-46AA-A937-2CABFA69C726}.Release|x86.ActiveCfg = Release|Any CPU
		{93E5DCEC-1D79-46AA-A937-2CABFA69C726}.Release|x86.Build.0 = Release|Any CPU
		{88F0DF4A-C5DD-43C2-B3F2-B60D7A02151C}.Debug|Any CPU.ActiveCfg = Debug|Any CPU
		{88F0DF4A-C5DD-43C2-B3F2-B60D7A02151C}.Debug|Any CPU.Build.0 = Debug|Any CPU
		{88F0DF4A-C5DD-43C2-B3F2-B60D7A02151C}.Debug|x64.ActiveCfg = Debug|Any CPU
		{88F0DF4A-C5DD-43C2-B3F2-B60D7A02151C}.Debug|x64.Build.0 = Debug|Any CPU
		{88F0DF4A-C5DD-43C2-B3F2-B60D7A02151C}.Debug|x86.ActiveCfg = Debug|Any CPU
		{88F0DF4A-C5DD-43C2-B3F2-B60D7A02151C}.Debug|x86.Build.0 = Debug|Any CPU
		{88F0DF4A-C5DD-43C2-B3F2-B60D7A02151C}.Release|Any CPU.ActiveCfg = Release|Any CPU
		{88F0DF4A-C5DD-43C2-B3F2-B60D7A02151C}.Release|Any CPU.Build.0 = Release|Any CPU
		{88F0DF4A-C5DD-43C2-B3F2-B60D7A02151C}.Release|x64.ActiveCfg = Release|Any CPU
		{88F0DF4A-C5DD-43C2-B3F2-B60D7A02151C}.Release|x64.Build.0 = Release|Any CPU
		{88F0DF4A-C5DD-43C2-B3F2-B60D7A02151C}.Release|x86.ActiveCfg = Release|Any CPU
		{88F0DF4A-C5DD-43C2-B3F2-B60D7A02151C}.Release|x86.Build.0 = Release|Any CPU
		{7BA1DE7E-B862-4A0C-A6BF-EBF99C3AEB8B}.Debug|Any CPU.ActiveCfg = Debug|Any CPU
		{7BA1DE7E-B862-4A0C-A6BF-EBF99C3AEB8B}.Debug|Any CPU.Build.0 = Debug|Any CPU
		{7BA1DE7E-B862-4A0C-A6BF-EBF99C3AEB8B}.Debug|x64.ActiveCfg = Debug|Any CPU
		{7BA1DE7E-B862-4A0C-A6BF-EBF99C3AEB8B}.Debug|x64.Build.0 = Debug|Any CPU
		{7BA1DE7E-B862-4A0C-A6BF-EBF99C3AEB8B}.Debug|x86.ActiveCfg = Debug|Any CPU
		{7BA1DE7E-B862-4A0C-A6BF-EBF99C3AEB8B}.Debug|x86.Build.0 = Debug|Any CPU
		{7BA1DE7E-B862-4A0C-A6BF-EBF99C3AEB8B}.Release|Any CPU.ActiveCfg = Release|Any CPU
		{7BA1DE7E-B862-4A0C-A6BF-EBF99C3AEB8B}.Release|Any CPU.Build.0 = Release|Any CPU
		{7BA1DE7E-B862-4A0C-A6BF-EBF99C3AEB8B}.Release|x64.ActiveCfg = Release|Any CPU
		{7BA1DE7E-B862-4A0C-A6BF-EBF99C3AEB8B}.Release|x64.Build.0 = Release|Any CPU
		{7BA1DE7E-B862-4A0C-A6BF-EBF99C3AEB8B}.Release|x86.ActiveCfg = Release|Any CPU
		{7BA1DE7E-B862-4A0C-A6BF-EBF99C3AEB8B}.Release|x86.Build.0 = Release|Any CPU
		{8C68F8CB-DE35-4078-9F33-4691C56B1E52}.Debug|Any CPU.ActiveCfg = Debug|Any CPU
		{8C68F8CB-DE35-4078-9F33-4691C56B1E52}.Debug|Any CPU.Build.0 = Debug|Any CPU
		{8C68F8CB-DE35-4078-9F33-4691C56B1E52}.Debug|x64.ActiveCfg = Debug|Any CPU
		{8C68F8CB-DE35-4078-9F33-4691C56B1E52}.Debug|x64.Build.0 = Debug|Any CPU
		{8C68F8CB-DE35-4078-9F33-4691C56B1E52}.Debug|x86.ActiveCfg = Debug|Any CPU
		{8C68F8CB-DE35-4078-9F33-4691C56B1E52}.Debug|x86.Build.0 = Debug|Any CPU
		{8C68F8CB-DE35-4078-9F33-4691C56B1E52}.Release|Any CPU.ActiveCfg = Release|Any CPU
		{8C68F8CB-DE35-4078-9F33-4691C56B1E52}.Release|Any CPU.Build.0 = Release|Any CPU
		{8C68F8CB-DE35-4078-9F33-4691C56B1E52}.Release|x64.ActiveCfg = Release|Any CPU
		{8C68F8CB-DE35-4078-9F33-4691C56B1E52}.Release|x64.Build.0 = Release|Any CPU
		{8C68F8CB-DE35-4078-9F33-4691C56B1E52}.Release|x86.ActiveCfg = Release|Any CPU
		{8C68F8CB-DE35-4078-9F33-4691C56B1E52}.Release|x86.Build.0 = Release|Any CPU
		{055D20CD-E279-453A-BFCD-545669BF672B}.Debug|Any CPU.ActiveCfg = Debug|Any CPU
		{055D20CD-E279-453A-BFCD-545669BF672B}.Debug|Any CPU.Build.0 = Debug|Any CPU
		{055D20CD-E279-453A-BFCD-545669BF672B}.Debug|x64.ActiveCfg = Debug|Any CPU
		{055D20CD-E279-453A-BFCD-545669BF672B}.Debug|x64.Build.0 = Debug|Any CPU
		{055D20CD-E279-453A-BFCD-545669BF672B}.Debug|x86.ActiveCfg = Debug|Any CPU
		{055D20CD-E279-453A-BFCD-545669BF672B}.Debug|x86.Build.0 = Debug|Any CPU
		{055D20CD-E279-453A-BFCD-545669BF672B}.Release|Any CPU.ActiveCfg = Release|Any CPU
		{055D20CD-E279-453A-BFCD-545669BF672B}.Release|Any CPU.Build.0 = Release|Any CPU
		{055D20CD-E279-453A-BFCD-545669BF672B}.Release|x64.ActiveCfg = Release|Any CPU
		{055D20CD-E279-453A-BFCD-545669BF672B}.Release|x64.Build.0 = Release|Any CPU
		{055D20CD-E279-453A-BFCD-545669BF672B}.Release|x86.ActiveCfg = Release|Any CPU
		{055D20CD-E279-453A-BFCD-545669BF672B}.Release|x86.Build.0 = Release|Any CPU
		{16B004B0-B8E9-474C-A10B-7BD4CC9AEF9E}.Debug|Any CPU.ActiveCfg = Debug|Any CPU
		{16B004B0-B8E9-474C-A10B-7BD4CC9AEF9E}.Debug|Any CPU.Build.0 = Debug|Any CPU
		{16B004B0-B8E9-474C-A10B-7BD4CC9AEF9E}.Debug|x64.ActiveCfg = Debug|Any CPU
		{16B004B0-B8E9-474C-A10B-7BD4CC9AEF9E}.Debug|x64.Build.0 = Debug|Any CPU
		{16B004B0-B8E9-474C-A10B-7BD4CC9AEF9E}.Debug|x86.ActiveCfg = Debug|Any CPU
		{16B004B0-B8E9-474C-A10B-7BD4CC9AEF9E}.Debug|x86.Build.0 = Debug|Any CPU
		{16B004B0-B8E9-474C-A10B-7BD4CC9AEF9E}.Release|Any CPU.ActiveCfg = Release|Any CPU
		{16B004B0-B8E9-474C-A10B-7BD4CC9AEF9E}.Release|Any CPU.Build.0 = Release|Any CPU
		{16B004B0-B8E9-474C-A10B-7BD4CC9AEF9E}.Release|x64.ActiveCfg = Release|Any CPU
		{16B004B0-B8E9-474C-A10B-7BD4CC9AEF9E}.Release|x64.Build.0 = Release|Any CPU
		{16B004B0-B8E9-474C-A10B-7BD4CC9AEF9E}.Release|x86.ActiveCfg = Release|Any CPU
		{16B004B0-B8E9-474C-A10B-7BD4CC9AEF9E}.Release|x86.Build.0 = Release|Any CPU
		{E4813CDB-BF79-459F-A9A0-A1FC2F5A96C4}.Debug|Any CPU.ActiveCfg = Debug|Any CPU
		{E4813CDB-BF79-459F-A9A0-A1FC2F5A96C4}.Debug|Any CPU.Build.0 = Debug|Any CPU
		{E4813CDB-BF79-459F-A9A0-A1FC2F5A96C4}.Debug|x64.ActiveCfg = Debug|Any CPU
		{E4813CDB-BF79-459F-A9A0-A1FC2F5A96C4}.Debug|x64.Build.0 = Debug|Any CPU
		{E4813CDB-BF79-459F-A9A0-A1FC2F5A96C4}.Debug|x86.ActiveCfg = Debug|Any CPU
		{E4813CDB-BF79-459F-A9A0-A1FC2F5A96C4}.Debug|x86.Build.0 = Debug|Any CPU
		{E4813CDB-BF79-459F-A9A0-A1FC2F5A96C4}.Release|Any CPU.ActiveCfg = Release|Any CPU
		{E4813CDB-BF79-459F-A9A0-A1FC2F5A96C4}.Release|Any CPU.Build.0 = Release|Any CPU
		{E4813CDB-BF79-459F-A9A0-A1FC2F5A96C4}.Release|x64.ActiveCfg = Release|Any CPU
		{E4813CDB-BF79-459F-A9A0-A1FC2F5A96C4}.Release|x64.Build.0 = Release|Any CPU
		{E4813CDB-BF79-459F-A9A0-A1FC2F5A96C4}.Release|x86.ActiveCfg = Release|Any CPU
		{E4813CDB-BF79-459F-A9A0-A1FC2F5A96C4}.Release|x86.Build.0 = Release|Any CPU
		{D8206662-51A8-4407-8B0D-8E5F53A73F19}.Debug|Any CPU.ActiveCfg = Debug|Any CPU
		{D8206662-51A8-4407-8B0D-8E5F53A73F19}.Debug|Any CPU.Build.0 = Debug|Any CPU
		{D8206662-51A8-4407-8B0D-8E5F53A73F19}.Debug|x64.ActiveCfg = Debug|Any CPU
		{D8206662-51A8-4407-8B0D-8E5F53A73F19}.Debug|x64.Build.0 = Debug|Any CPU
		{D8206662-51A8-4407-8B0D-8E5F53A73F19}.Debug|x86.ActiveCfg = Debug|Any CPU
		{D8206662-51A8-4407-8B0D-8E5F53A73F19}.Debug|x86.Build.0 = Debug|Any CPU
		{D8206662-51A8-4407-8B0D-8E5F53A73F19}.Release|Any CPU.ActiveCfg = Release|Any CPU
		{D8206662-51A8-4407-8B0D-8E5F53A73F19}.Release|Any CPU.Build.0 = Release|Any CPU
		{D8206662-51A8-4407-8B0D-8E5F53A73F19}.Release|x64.ActiveCfg = Release|Any CPU
		{D8206662-51A8-4407-8B0D-8E5F53A73F19}.Release|x64.Build.0 = Release|Any CPU
		{D8206662-51A8-4407-8B0D-8E5F53A73F19}.Release|x86.ActiveCfg = Release|Any CPU
		{D8206662-51A8-4407-8B0D-8E5F53A73F19}.Release|x86.Build.0 = Release|Any CPU
		{2B494844-B218-43B8-9FC3-9D0B2BC22BD6}.Debug|Any CPU.ActiveCfg = Debug|Any CPU
		{2B494844-B218-43B8-9FC3-9D0B2BC22BD6}.Debug|Any CPU.Build.0 = Debug|Any CPU
		{2B494844-B218-43B8-9FC3-9D0B2BC22BD6}.Debug|x64.ActiveCfg = Debug|Any CPU
		{2B494844-B218-43B8-9FC3-9D0B2BC22BD6}.Debug|x64.Build.0 = Debug|Any CPU
		{2B494844-B218-43B8-9FC3-9D0B2BC22BD6}.Debug|x86.ActiveCfg = Debug|Any CPU
		{2B494844-B218-43B8-9FC3-9D0B2BC22BD6}.Debug|x86.Build.0 = Debug|Any CPU
		{2B494844-B218-43B8-9FC3-9D0B2BC22BD6}.Release|Any CPU.ActiveCfg = Release|Any CPU
		{2B494844-B218-43B8-9FC3-9D0B2BC22BD6}.Release|Any CPU.Build.0 = Release|Any CPU
		{2B494844-B218-43B8-9FC3-9D0B2BC22BD6}.Release|x64.ActiveCfg = Release|Any CPU
		{2B494844-B218-43B8-9FC3-9D0B2BC22BD6}.Release|x64.Build.0 = Release|Any CPU
		{2B494844-B218-43B8-9FC3-9D0B2BC22BD6}.Release|x86.ActiveCfg = Release|Any CPU
		{2B494844-B218-43B8-9FC3-9D0B2BC22BD6}.Release|x86.Build.0 = Release|Any CPU
		{D9B8D10F-3206-482F-8C4F-8079408ED224}.Debug|Any CPU.ActiveCfg = Debug|Any CPU
		{D9B8D10F-3206-482F-8C4F-8079408ED224}.Debug|Any CPU.Build.0 = Debug|Any CPU
		{D9B8D10F-3206-482F-8C4F-8079408ED224}.Debug|x64.ActiveCfg = Debug|Any CPU
		{D9B8D10F-3206-482F-8C4F-8079408ED224}.Debug|x64.Build.0 = Debug|Any CPU
		{D9B8D10F-3206-482F-8C4F-8079408ED224}.Debug|x86.ActiveCfg = Debug|Any CPU
		{D9B8D10F-3206-482F-8C4F-8079408ED224}.Debug|x86.Build.0 = Debug|Any CPU
		{D9B8D10F-3206-482F-8C4F-8079408ED224}.Release|Any CPU.ActiveCfg = Release|Any CPU
		{D9B8D10F-3206-482F-8C4F-8079408ED224}.Release|Any CPU.Build.0 = Release|Any CPU
		{D9B8D10F-3206-482F-8C4F-8079408ED224}.Release|x64.ActiveCfg = Release|Any CPU
		{D9B8D10F-3206-482F-8C4F-8079408ED224}.Release|x64.Build.0 = Release|Any CPU
		{D9B8D10F-3206-482F-8C4F-8079408ED224}.Release|x86.ActiveCfg = Release|Any CPU
		{D9B8D10F-3206-482F-8C4F-8079408ED224}.Release|x86.Build.0 = Release|Any CPU
		{0987AF3F-6EFC-4AE6-9007-DE9533934D82}.Debug|Any CPU.ActiveCfg = Debug|Any CPU
		{0987AF3F-6EFC-4AE6-9007-DE9533934D82}.Debug|Any CPU.Build.0 = Debug|Any CPU
		{0987AF3F-6EFC-4AE6-9007-DE9533934D82}.Debug|x64.ActiveCfg = Debug|Any CPU
		{0987AF3F-6EFC-4AE6-9007-DE9533934D82}.Debug|x64.Build.0 = Debug|Any CPU
		{0987AF3F-6EFC-4AE6-9007-DE9533934D82}.Debug|x86.ActiveCfg = Debug|Any CPU
		{0987AF3F-6EFC-4AE6-9007-DE9533934D82}.Debug|x86.Build.0 = Debug|Any CPU
		{0987AF3F-6EFC-4AE6-9007-DE9533934D82}.Release|Any CPU.ActiveCfg = Release|Any CPU
		{0987AF3F-6EFC-4AE6-9007-DE9533934D82}.Release|Any CPU.Build.0 = Release|Any CPU
		{0987AF3F-6EFC-4AE6-9007-DE9533934D82}.Release|x64.ActiveCfg = Release|Any CPU
		{0987AF3F-6EFC-4AE6-9007-DE9533934D82}.Release|x64.Build.0 = Release|Any CPU
		{0987AF3F-6EFC-4AE6-9007-DE9533934D82}.Release|x86.ActiveCfg = Release|Any CPU
		{0987AF3F-6EFC-4AE6-9007-DE9533934D82}.Release|x86.Build.0 = Release|Any CPU
		{0CE7EC46-274F-4D46-A344-1F92E1D23923}.Debug|Any CPU.ActiveCfg = Debug|Any CPU
		{0CE7EC46-274F-4D46-A344-1F92E1D23923}.Debug|Any CPU.Build.0 = Debug|Any CPU
		{0CE7EC46-274F-4D46-A344-1F92E1D23923}.Debug|x64.ActiveCfg = Debug|Any CPU
		{0CE7EC46-274F-4D46-A344-1F92E1D23923}.Debug|x64.Build.0 = Debug|Any CPU
		{0CE7EC46-274F-4D46-A344-1F92E1D23923}.Debug|x86.ActiveCfg = Debug|Any CPU
		{0CE7EC46-274F-4D46-A344-1F92E1D23923}.Debug|x86.Build.0 = Debug|Any CPU
		{0CE7EC46-274F-4D46-A344-1F92E1D23923}.Release|Any CPU.ActiveCfg = Release|Any CPU
		{0CE7EC46-274F-4D46-A344-1F92E1D23923}.Release|Any CPU.Build.0 = Release|Any CPU
		{0CE7EC46-274F-4D46-A344-1F92E1D23923}.Release|x64.ActiveCfg = Release|Any CPU
		{0CE7EC46-274F-4D46-A344-1F92E1D23923}.Release|x64.Build.0 = Release|Any CPU
		{0CE7EC46-274F-4D46-A344-1F92E1D23923}.Release|x86.ActiveCfg = Release|Any CPU
		{0CE7EC46-274F-4D46-A344-1F92E1D23923}.Release|x86.Build.0 = Release|Any CPU
		{90B4A098-01AB-4B35-987E-838F2241DA17}.Debug|Any CPU.ActiveCfg = Debug|Any CPU
		{90B4A098-01AB-4B35-987E-838F2241DA17}.Debug|Any CPU.Build.0 = Debug|Any CPU
		{90B4A098-01AB-4B35-987E-838F2241DA17}.Debug|x64.ActiveCfg = Debug|Any CPU
		{90B4A098-01AB-4B35-987E-838F2241DA17}.Debug|x64.Build.0 = Debug|Any CPU
		{90B4A098-01AB-4B35-987E-838F2241DA17}.Debug|x86.ActiveCfg = Debug|Any CPU
		{90B4A098-01AB-4B35-987E-838F2241DA17}.Debug|x86.Build.0 = Debug|Any CPU
		{90B4A098-01AB-4B35-987E-838F2241DA17}.Release|Any CPU.ActiveCfg = Release|Any CPU
		{90B4A098-01AB-4B35-987E-838F2241DA17}.Release|Any CPU.Build.0 = Release|Any CPU
		{90B4A098-01AB-4B35-987E-838F2241DA17}.Release|x64.ActiveCfg = Release|Any CPU
		{90B4A098-01AB-4B35-987E-838F2241DA17}.Release|x64.Build.0 = Release|Any CPU
		{90B4A098-01AB-4B35-987E-838F2241DA17}.Release|x86.ActiveCfg = Release|Any CPU
		{90B4A098-01AB-4B35-987E-838F2241DA17}.Release|x86.Build.0 = Release|Any CPU
		{213F2EFE-F1DF-471C-A518-94D107DD543F}.Debug|Any CPU.ActiveCfg = Debug|Any CPU
		{213F2EFE-F1DF-471C-A518-94D107DD543F}.Debug|Any CPU.Build.0 = Debug|Any CPU
		{213F2EFE-F1DF-471C-A518-94D107DD543F}.Debug|x64.ActiveCfg = Debug|Any CPU
		{213F2EFE-F1DF-471C-A518-94D107DD543F}.Debug|x64.Build.0 = Debug|Any CPU
		{213F2EFE-F1DF-471C-A518-94D107DD543F}.Debug|x86.ActiveCfg = Debug|Any CPU
		{213F2EFE-F1DF-471C-A518-94D107DD543F}.Debug|x86.Build.0 = Debug|Any CPU
		{213F2EFE-F1DF-471C-A518-94D107DD543F}.Release|Any CPU.ActiveCfg = Release|Any CPU
		{213F2EFE-F1DF-471C-A518-94D107DD543F}.Release|Any CPU.Build.0 = Release|Any CPU
		{213F2EFE-F1DF-471C-A518-94D107DD543F}.Release|x64.ActiveCfg = Release|Any CPU
		{213F2EFE-F1DF-471C-A518-94D107DD543F}.Release|x64.Build.0 = Release|Any CPU
		{213F2EFE-F1DF-471C-A518-94D107DD543F}.Release|x86.ActiveCfg = Release|Any CPU
		{213F2EFE-F1DF-471C-A518-94D107DD543F}.Release|x86.Build.0 = Release|Any CPU
		{86CE6DBE-418E-440B-9C27-58B00AFB2FCA}.Debug|Any CPU.ActiveCfg = Debug|Any CPU
		{86CE6DBE-418E-440B-9C27-58B00AFB2FCA}.Debug|Any CPU.Build.0 = Debug|Any CPU
		{86CE6DBE-418E-440B-9C27-58B00AFB2FCA}.Debug|x64.ActiveCfg = Debug|Any CPU
		{86CE6DBE-418E-440B-9C27-58B00AFB2FCA}.Debug|x64.Build.0 = Debug|Any CPU
		{86CE6DBE-418E-440B-9C27-58B00AFB2FCA}.Debug|x86.ActiveCfg = Debug|Any CPU
		{86CE6DBE-418E-440B-9C27-58B00AFB2FCA}.Debug|x86.Build.0 = Debug|Any CPU
		{86CE6DBE-418E-440B-9C27-58B00AFB2FCA}.Release|Any CPU.ActiveCfg = Release|Any CPU
		{86CE6DBE-418E-440B-9C27-58B00AFB2FCA}.Release|Any CPU.Build.0 = Release|Any CPU
		{86CE6DBE-418E-440B-9C27-58B00AFB2FCA}.Release|x64.ActiveCfg = Release|Any CPU
		{86CE6DBE-418E-440B-9C27-58B00AFB2FCA}.Release|x64.Build.0 = Release|Any CPU
		{86CE6DBE-418E-440B-9C27-58B00AFB2FCA}.Release|x86.ActiveCfg = Release|Any CPU
		{86CE6DBE-418E-440B-9C27-58B00AFB2FCA}.Release|x86.Build.0 = Release|Any CPU
		{CEAA39C2-249C-44D0-94CF-8342CB35811D}.Debug|Any CPU.ActiveCfg = Debug|Any CPU
		{CEAA39C2-249C-44D0-94CF-8342CB35811D}.Debug|Any CPU.Build.0 = Debug|Any CPU
		{CEAA39C2-249C-44D0-94CF-8342CB35811D}.Debug|x64.ActiveCfg = Debug|Any CPU
		{CEAA39C2-249C-44D0-94CF-8342CB35811D}.Debug|x64.Build.0 = Debug|Any CPU
		{CEAA39C2-249C-44D0-94CF-8342CB35811D}.Debug|x86.ActiveCfg = Debug|Any CPU
		{CEAA39C2-249C-44D0-94CF-8342CB35811D}.Debug|x86.Build.0 = Debug|Any CPU
		{CEAA39C2-249C-44D0-94CF-8342CB35811D}.Release|Any CPU.ActiveCfg = Release|Any CPU
		{CEAA39C2-249C-44D0-94CF-8342CB35811D}.Release|Any CPU.Build.0 = Release|Any CPU
		{CEAA39C2-249C-44D0-94CF-8342CB35811D}.Release|x64.ActiveCfg = Release|Any CPU
		{CEAA39C2-249C-44D0-94CF-8342CB35811D}.Release|x64.Build.0 = Release|Any CPU
		{CEAA39C2-249C-44D0-94CF-8342CB35811D}.Release|x86.ActiveCfg = Release|Any CPU
		{CEAA39C2-249C-44D0-94CF-8342CB35811D}.Release|x86.Build.0 = Release|Any CPU
		{A7C5D513-08D7-4BBF-9CB9-307EE91DA81D}.Debug|Any CPU.ActiveCfg = Debug|Any CPU
		{A7C5D513-08D7-4BBF-9CB9-307EE91DA81D}.Debug|Any CPU.Build.0 = Debug|Any CPU
		{A7C5D513-08D7-4BBF-9CB9-307EE91DA81D}.Debug|x64.ActiveCfg = Debug|Any CPU
		{A7C5D513-08D7-4BBF-9CB9-307EE91DA81D}.Debug|x64.Build.0 = Debug|Any CPU
		{A7C5D513-08D7-4BBF-9CB9-307EE91DA81D}.Debug|x86.ActiveCfg = Debug|Any CPU
		{A7C5D513-08D7-4BBF-9CB9-307EE91DA81D}.Debug|x86.Build.0 = Debug|Any CPU
		{A7C5D513-08D7-4BBF-9CB9-307EE91DA81D}.Release|Any CPU.ActiveCfg = Release|Any CPU
		{A7C5D513-08D7-4BBF-9CB9-307EE91DA81D}.Release|Any CPU.Build.0 = Release|Any CPU
		{A7C5D513-08D7-4BBF-9CB9-307EE91DA81D}.Release|x64.ActiveCfg = Release|Any CPU
		{A7C5D513-08D7-4BBF-9CB9-307EE91DA81D}.Release|x64.Build.0 = Release|Any CPU
		{A7C5D513-08D7-4BBF-9CB9-307EE91DA81D}.Release|x86.ActiveCfg = Release|Any CPU
		{A7C5D513-08D7-4BBF-9CB9-307EE91DA81D}.Release|x86.Build.0 = Release|Any CPU
		{06FE76EC-C7D1-4C46-8047-22D58C8437A2}.Debug|Any CPU.ActiveCfg = Debug|Any CPU
		{06FE76EC-C7D1-4C46-8047-22D58C8437A2}.Debug|Any CPU.Build.0 = Debug|Any CPU
		{06FE76EC-C7D1-4C46-8047-22D58C8437A2}.Debug|x64.ActiveCfg = Debug|Any CPU
		{06FE76EC-C7D1-4C46-8047-22D58C8437A2}.Debug|x64.Build.0 = Debug|Any CPU
		{06FE76EC-C7D1-4C46-8047-22D58C8437A2}.Debug|x86.ActiveCfg = Debug|Any CPU
		{06FE76EC-C7D1-4C46-8047-22D58C8437A2}.Debug|x86.Build.0 = Debug|Any CPU
		{06FE76EC-C7D1-4C46-8047-22D58C8437A2}.Release|Any CPU.ActiveCfg = Release|Any CPU
		{06FE76EC-C7D1-4C46-8047-22D58C8437A2}.Release|Any CPU.Build.0 = Release|Any CPU
		{06FE76EC-C7D1-4C46-8047-22D58C8437A2}.Release|x64.ActiveCfg = Release|Any CPU
		{06FE76EC-C7D1-4C46-8047-22D58C8437A2}.Release|x64.Build.0 = Release|Any CPU
		{06FE76EC-C7D1-4C46-8047-22D58C8437A2}.Release|x86.ActiveCfg = Release|Any CPU
		{06FE76EC-C7D1-4C46-8047-22D58C8437A2}.Release|x86.Build.0 = Release|Any CPU
		{05B6EF05-8053-45D1-8649-1779B0D7D6C7}.Debug|Any CPU.ActiveCfg = Debug|Any CPU
		{05B6EF05-8053-45D1-8649-1779B0D7D6C7}.Debug|Any CPU.Build.0 = Debug|Any CPU
		{05B6EF05-8053-45D1-8649-1779B0D7D6C7}.Debug|x64.ActiveCfg = Debug|Any CPU
		{05B6EF05-8053-45D1-8649-1779B0D7D6C7}.Debug|x64.Build.0 = Debug|Any CPU
		{05B6EF05-8053-45D1-8649-1779B0D7D6C7}.Debug|x86.ActiveCfg = Debug|Any CPU
		{05B6EF05-8053-45D1-8649-1779B0D7D6C7}.Debug|x86.Build.0 = Debug|Any CPU
		{05B6EF05-8053-45D1-8649-1779B0D7D6C7}.Release|Any CPU.ActiveCfg = Release|Any CPU
		{05B6EF05-8053-45D1-8649-1779B0D7D6C7}.Release|Any CPU.Build.0 = Release|Any CPU
		{05B6EF05-8053-45D1-8649-1779B0D7D6C7}.Release|x64.ActiveCfg = Release|Any CPU
		{05B6EF05-8053-45D1-8649-1779B0D7D6C7}.Release|x64.Build.0 = Release|Any CPU
		{05B6EF05-8053-45D1-8649-1779B0D7D6C7}.Release|x86.ActiveCfg = Release|Any CPU
		{05B6EF05-8053-45D1-8649-1779B0D7D6C7}.Release|x86.Build.0 = Release|Any CPU
		{BBBCCC2B-2218-4C32-96EE-C2153A23F643}.Debug|Any CPU.ActiveCfg = Debug|Any CPU
		{BBBCCC2B-2218-4C32-96EE-C2153A23F643}.Debug|Any CPU.Build.0 = Debug|Any CPU
		{BBBCCC2B-2218-4C32-96EE-C2153A23F643}.Debug|x64.ActiveCfg = Debug|Any CPU
		{BBBCCC2B-2218-4C32-96EE-C2153A23F643}.Debug|x64.Build.0 = Debug|Any CPU
		{BBBCCC2B-2218-4C32-96EE-C2153A23F643}.Debug|x86.ActiveCfg = Debug|Any CPU
		{BBBCCC2B-2218-4C32-96EE-C2153A23F643}.Debug|x86.Build.0 = Debug|Any CPU
		{BBBCCC2B-2218-4C32-96EE-C2153A23F643}.Release|Any CPU.ActiveCfg = Release|Any CPU
		{BBBCCC2B-2218-4C32-96EE-C2153A23F643}.Release|Any CPU.Build.0 = Release|Any CPU
		{BBBCCC2B-2218-4C32-96EE-C2153A23F643}.Release|x64.ActiveCfg = Release|Any CPU
		{BBBCCC2B-2218-4C32-96EE-C2153A23F643}.Release|x64.Build.0 = Release|Any CPU
		{BBBCCC2B-2218-4C32-96EE-C2153A23F643}.Release|x86.ActiveCfg = Release|Any CPU
		{BBBCCC2B-2218-4C32-96EE-C2153A23F643}.Release|x86.Build.0 = Release|Any CPU
		{256821F9-8160-4819-B0A1-B769C5BBBBB6}.Debug|Any CPU.ActiveCfg = Debug|Any CPU
		{256821F9-8160-4819-B0A1-B769C5BBBBB6}.Debug|Any CPU.Build.0 = Debug|Any CPU
		{256821F9-8160-4819-B0A1-B769C5BBBBB6}.Debug|x64.ActiveCfg = Debug|Any CPU
		{256821F9-8160-4819-B0A1-B769C5BBBBB6}.Debug|x64.Build.0 = Debug|Any CPU
		{256821F9-8160-4819-B0A1-B769C5BBBBB6}.Debug|x86.ActiveCfg = Debug|Any CPU
		{256821F9-8160-4819-B0A1-B769C5BBBBB6}.Debug|x86.Build.0 = Debug|Any CPU
		{256821F9-8160-4819-B0A1-B769C5BBBBB6}.Release|Any CPU.ActiveCfg = Release|Any CPU
		{256821F9-8160-4819-B0A1-B769C5BBBBB6}.Release|Any CPU.Build.0 = Release|Any CPU
		{256821F9-8160-4819-B0A1-B769C5BBBBB6}.Release|x64.ActiveCfg = Release|Any CPU
		{256821F9-8160-4819-B0A1-B769C5BBBBB6}.Release|x64.Build.0 = Release|Any CPU
		{256821F9-8160-4819-B0A1-B769C5BBBBB6}.Release|x86.ActiveCfg = Release|Any CPU
		{256821F9-8160-4819-B0A1-B769C5BBBBB6}.Release|x86.Build.0 = Release|Any CPU
		{B66429EB-4B5F-42F9-9CD7-7334190A14F4}.Debug|Any CPU.ActiveCfg = Debug|Any CPU
		{B66429EB-4B5F-42F9-9CD7-7334190A14F4}.Debug|Any CPU.Build.0 = Debug|Any CPU
		{B66429EB-4B5F-42F9-9CD7-7334190A14F4}.Debug|x64.ActiveCfg = Debug|Any CPU
		{B66429EB-4B5F-42F9-9CD7-7334190A14F4}.Debug|x64.Build.0 = Debug|Any CPU
		{B66429EB-4B5F-42F9-9CD7-7334190A14F4}.Debug|x86.ActiveCfg = Debug|Any CPU
		{B66429EB-4B5F-42F9-9CD7-7334190A14F4}.Debug|x86.Build.0 = Debug|Any CPU
		{B66429EB-4B5F-42F9-9CD7-7334190A14F4}.Release|Any CPU.ActiveCfg = Release|Any CPU
		{B66429EB-4B5F-42F9-9CD7-7334190A14F4}.Release|Any CPU.Build.0 = Release|Any CPU
		{B66429EB-4B5F-42F9-9CD7-7334190A14F4}.Release|x64.ActiveCfg = Release|Any CPU
		{B66429EB-4B5F-42F9-9CD7-7334190A14F4}.Release|x64.Build.0 = Release|Any CPU
		{B66429EB-4B5F-42F9-9CD7-7334190A14F4}.Release|x86.ActiveCfg = Release|Any CPU
		{B66429EB-4B5F-42F9-9CD7-7334190A14F4}.Release|x86.Build.0 = Release|Any CPU
		{6E3ED0D2-0619-4CB6-BAE2-10488DF061C6}.Debug|Any CPU.ActiveCfg = Debug|Any CPU
		{6E3ED0D2-0619-4CB6-BAE2-10488DF061C6}.Debug|Any CPU.Build.0 = Debug|Any CPU
		{6E3ED0D2-0619-4CB6-BAE2-10488DF061C6}.Debug|x64.ActiveCfg = Debug|Any CPU
		{6E3ED0D2-0619-4CB6-BAE2-10488DF061C6}.Debug|x64.Build.0 = Debug|Any CPU
		{6E3ED0D2-0619-4CB6-BAE2-10488DF061C6}.Debug|x86.ActiveCfg = Debug|Any CPU
		{6E3ED0D2-0619-4CB6-BAE2-10488DF061C6}.Debug|x86.Build.0 = Debug|Any CPU
		{6E3ED0D2-0619-4CB6-BAE2-10488DF061C6}.Release|Any CPU.ActiveCfg = Release|Any CPU
		{6E3ED0D2-0619-4CB6-BAE2-10488DF061C6}.Release|Any CPU.Build.0 = Release|Any CPU
		{6E3ED0D2-0619-4CB6-BAE2-10488DF061C6}.Release|x64.ActiveCfg = Release|Any CPU
		{6E3ED0D2-0619-4CB6-BAE2-10488DF061C6}.Release|x64.Build.0 = Release|Any CPU
		{6E3ED0D2-0619-4CB6-BAE2-10488DF061C6}.Release|x86.ActiveCfg = Release|Any CPU
		{6E3ED0D2-0619-4CB6-BAE2-10488DF061C6}.Release|x86.Build.0 = Release|Any CPU
		{36386A61-2408-44D7-8C4A-4748F79623FC}.Debug|Any CPU.ActiveCfg = Debug|Any CPU
		{36386A61-2408-44D7-8C4A-4748F79623FC}.Debug|Any CPU.Build.0 = Debug|Any CPU
		{36386A61-2408-44D7-8C4A-4748F79623FC}.Debug|x64.ActiveCfg = Debug|Any CPU
		{36386A61-2408-44D7-8C4A-4748F79623FC}.Debug|x64.Build.0 = Debug|Any CPU
		{36386A61-2408-44D7-8C4A-4748F79623FC}.Debug|x86.ActiveCfg = Debug|Any CPU
		{36386A61-2408-44D7-8C4A-4748F79623FC}.Debug|x86.Build.0 = Debug|Any CPU
		{36386A61-2408-44D7-8C4A-4748F79623FC}.Release|Any CPU.ActiveCfg = Release|Any CPU
		{36386A61-2408-44D7-8C4A-4748F79623FC}.Release|Any CPU.Build.0 = Release|Any CPU
		{36386A61-2408-44D7-8C4A-4748F79623FC}.Release|x64.ActiveCfg = Release|Any CPU
		{36386A61-2408-44D7-8C4A-4748F79623FC}.Release|x64.Build.0 = Release|Any CPU
		{36386A61-2408-44D7-8C4A-4748F79623FC}.Release|x86.ActiveCfg = Release|Any CPU
		{36386A61-2408-44D7-8C4A-4748F79623FC}.Release|x86.Build.0 = Release|Any CPU
		{6C91AB35-2238-4EF5-82BF-81B3C3EF7061}.Debug|Any CPU.ActiveCfg = Debug|Any CPU
		{6C91AB35-2238-4EF5-82BF-81B3C3EF7061}.Debug|Any CPU.Build.0 = Debug|Any CPU
		{6C91AB35-2238-4EF5-82BF-81B3C3EF7061}.Debug|x64.ActiveCfg = Debug|Any CPU
		{6C91AB35-2238-4EF5-82BF-81B3C3EF7061}.Debug|x64.Build.0 = Debug|Any CPU
		{6C91AB35-2238-4EF5-82BF-81B3C3EF7061}.Debug|x86.ActiveCfg = Debug|Any CPU
		{6C91AB35-2238-4EF5-82BF-81B3C3EF7061}.Debug|x86.Build.0 = Debug|Any CPU
		{6C91AB35-2238-4EF5-82BF-81B3C3EF7061}.Release|Any CPU.ActiveCfg = Release|Any CPU
		{6C91AB35-2238-4EF5-82BF-81B3C3EF7061}.Release|Any CPU.Build.0 = Release|Any CPU
		{6C91AB35-2238-4EF5-82BF-81B3C3EF7061}.Release|x64.ActiveCfg = Release|Any CPU
		{6C91AB35-2238-4EF5-82BF-81B3C3EF7061}.Release|x64.Build.0 = Release|Any CPU
		{6C91AB35-2238-4EF5-82BF-81B3C3EF7061}.Release|x86.ActiveCfg = Release|Any CPU
		{6C91AB35-2238-4EF5-82BF-81B3C3EF7061}.Release|x86.Build.0 = Release|Any CPU
		{10B9612F-DE04-4007-BDDE-B3DEBCEE59EB}.Debug|Any CPU.ActiveCfg = Debug|Any CPU
		{10B9612F-DE04-4007-BDDE-B3DEBCEE59EB}.Debug|Any CPU.Build.0 = Debug|Any CPU
		{10B9612F-DE04-4007-BDDE-B3DEBCEE59EB}.Debug|x64.ActiveCfg = Debug|Any CPU
		{10B9612F-DE04-4007-BDDE-B3DEBCEE59EB}.Debug|x64.Build.0 = Debug|Any CPU
		{10B9612F-DE04-4007-BDDE-B3DEBCEE59EB}.Debug|x86.ActiveCfg = Debug|Any CPU
		{10B9612F-DE04-4007-BDDE-B3DEBCEE59EB}.Debug|x86.Build.0 = Debug|Any CPU
		{10B9612F-DE04-4007-BDDE-B3DEBCEE59EB}.Release|Any CPU.ActiveCfg = Release|Any CPU
		{10B9612F-DE04-4007-BDDE-B3DEBCEE59EB}.Release|Any CPU.Build.0 = Release|Any CPU
		{10B9612F-DE04-4007-BDDE-B3DEBCEE59EB}.Release|x64.ActiveCfg = Release|Any CPU
		{10B9612F-DE04-4007-BDDE-B3DEBCEE59EB}.Release|x64.Build.0 = Release|Any CPU
		{10B9612F-DE04-4007-BDDE-B3DEBCEE59EB}.Release|x86.ActiveCfg = Release|Any CPU
		{10B9612F-DE04-4007-BDDE-B3DEBCEE59EB}.Release|x86.Build.0 = Release|Any CPU
		{A8F70B2D-965E-41E5-A0CC-9F48C673CCFB}.Debug|Any CPU.ActiveCfg = Debug|Any CPU
		{A8F70B2D-965E-41E5-A0CC-9F48C673CCFB}.Debug|Any CPU.Build.0 = Debug|Any CPU
		{A8F70B2D-965E-41E5-A0CC-9F48C673CCFB}.Debug|x64.ActiveCfg = Debug|Any CPU
		{A8F70B2D-965E-41E5-A0CC-9F48C673CCFB}.Debug|x64.Build.0 = Debug|Any CPU
		{A8F70B2D-965E-41E5-A0CC-9F48C673CCFB}.Debug|x86.ActiveCfg = Debug|Any CPU
		{A8F70B2D-965E-41E5-A0CC-9F48C673CCFB}.Debug|x86.Build.0 = Debug|Any CPU
		{A8F70B2D-965E-41E5-A0CC-9F48C673CCFB}.Release|Any CPU.ActiveCfg = Release|Any CPU
		{A8F70B2D-965E-41E5-A0CC-9F48C673CCFB}.Release|Any CPU.Build.0 = Release|Any CPU
		{A8F70B2D-965E-41E5-A0CC-9F48C673CCFB}.Release|x64.ActiveCfg = Release|Any CPU
		{A8F70B2D-965E-41E5-A0CC-9F48C673CCFB}.Release|x64.Build.0 = Release|Any CPU
		{A8F70B2D-965E-41E5-A0CC-9F48C673CCFB}.Release|x86.ActiveCfg = Release|Any CPU
		{A8F70B2D-965E-41E5-A0CC-9F48C673CCFB}.Release|x86.Build.0 = Release|Any CPU
		{DB2C927A-6C16-4163-A492-5072F11B67D4}.Debug|Any CPU.ActiveCfg = Debug|Any CPU
		{DB2C927A-6C16-4163-A492-5072F11B67D4}.Debug|Any CPU.Build.0 = Debug|Any CPU
		{DB2C927A-6C16-4163-A492-5072F11B67D4}.Debug|x64.ActiveCfg = Debug|Any CPU
		{DB2C927A-6C16-4163-A492-5072F11B67D4}.Debug|x64.Build.0 = Debug|Any CPU
		{DB2C927A-6C16-4163-A492-5072F11B67D4}.Debug|x86.ActiveCfg = Debug|Any CPU
		{DB2C927A-6C16-4163-A492-5072F11B67D4}.Debug|x86.Build.0 = Debug|Any CPU
		{DB2C927A-6C16-4163-A492-5072F11B67D4}.Release|Any CPU.ActiveCfg = Release|Any CPU
		{DB2C927A-6C16-4163-A492-5072F11B67D4}.Release|Any CPU.Build.0 = Release|Any CPU
		{DB2C927A-6C16-4163-A492-5072F11B67D4}.Release|x64.ActiveCfg = Release|Any CPU
		{DB2C927A-6C16-4163-A492-5072F11B67D4}.Release|x64.Build.0 = Release|Any CPU
		{DB2C927A-6C16-4163-A492-5072F11B67D4}.Release|x86.ActiveCfg = Release|Any CPU
		{DB2C927A-6C16-4163-A492-5072F11B67D4}.Release|x86.Build.0 = Release|Any CPU
		{720E1999-9A71-49FD-B527-C07CF4510C9C}.Debug|Any CPU.ActiveCfg = Debug|Any CPU
		{720E1999-9A71-49FD-B527-C07CF4510C9C}.Debug|Any CPU.Build.0 = Debug|Any CPU
		{720E1999-9A71-49FD-B527-C07CF4510C9C}.Debug|x64.ActiveCfg = Debug|Any CPU
		{720E1999-9A71-49FD-B527-C07CF4510C9C}.Debug|x64.Build.0 = Debug|Any CPU
		{720E1999-9A71-49FD-B527-C07CF4510C9C}.Debug|x86.ActiveCfg = Debug|Any CPU
		{720E1999-9A71-49FD-B527-C07CF4510C9C}.Debug|x86.Build.0 = Debug|Any CPU
		{720E1999-9A71-49FD-B527-C07CF4510C9C}.Release|Any CPU.ActiveCfg = Release|Any CPU
		{720E1999-9A71-49FD-B527-C07CF4510C9C}.Release|Any CPU.Build.0 = Release|Any CPU
		{720E1999-9A71-49FD-B527-C07CF4510C9C}.Release|x64.ActiveCfg = Release|Any CPU
		{720E1999-9A71-49FD-B527-C07CF4510C9C}.Release|x64.Build.0 = Release|Any CPU
		{720E1999-9A71-49FD-B527-C07CF4510C9C}.Release|x86.ActiveCfg = Release|Any CPU
		{720E1999-9A71-49FD-B527-C07CF4510C9C}.Release|x86.Build.0 = Release|Any CPU
		{5D9C635C-DDC0-4A54-A36D-D0F535638E79}.Debug|Any CPU.ActiveCfg = Debug|Any CPU
		{5D9C635C-DDC0-4A54-A36D-D0F535638E79}.Debug|Any CPU.Build.0 = Debug|Any CPU
		{5D9C635C-DDC0-4A54-A36D-D0F535638E79}.Debug|x64.ActiveCfg = Debug|Any CPU
		{5D9C635C-DDC0-4A54-A36D-D0F535638E79}.Debug|x64.Build.0 = Debug|Any CPU
		{5D9C635C-DDC0-4A54-A36D-D0F535638E79}.Debug|x86.ActiveCfg = Debug|Any CPU
		{5D9C635C-DDC0-4A54-A36D-D0F535638E79}.Debug|x86.Build.0 = Debug|Any CPU
		{5D9C635C-DDC0-4A54-A36D-D0F535638E79}.Release|Any CPU.ActiveCfg = Release|Any CPU
		{5D9C635C-DDC0-4A54-A36D-D0F535638E79}.Release|Any CPU.Build.0 = Release|Any CPU
		{5D9C635C-DDC0-4A54-A36D-D0F535638E79}.Release|x64.ActiveCfg = Release|Any CPU
		{5D9C635C-DDC0-4A54-A36D-D0F535638E79}.Release|x64.Build.0 = Release|Any CPU
		{5D9C635C-DDC0-4A54-A36D-D0F535638E79}.Release|x86.ActiveCfg = Release|Any CPU
		{5D9C635C-DDC0-4A54-A36D-D0F535638E79}.Release|x86.Build.0 = Release|Any CPU
		{8F5C5AD3-8310-47A7-BB30-42C054D032E2}.Debug|Any CPU.ActiveCfg = Debug|Any CPU
		{8F5C5AD3-8310-47A7-BB30-42C054D032E2}.Debug|Any CPU.Build.0 = Debug|Any CPU
		{8F5C5AD3-8310-47A7-BB30-42C054D032E2}.Debug|x64.ActiveCfg = Debug|Any CPU
		{8F5C5AD3-8310-47A7-BB30-42C054D032E2}.Debug|x64.Build.0 = Debug|Any CPU
		{8F5C5AD3-8310-47A7-BB30-42C054D032E2}.Debug|x86.ActiveCfg = Debug|Any CPU
		{8F5C5AD3-8310-47A7-BB30-42C054D032E2}.Debug|x86.Build.0 = Debug|Any CPU
		{8F5C5AD3-8310-47A7-BB30-42C054D032E2}.Release|Any CPU.ActiveCfg = Release|Any CPU
		{8F5C5AD3-8310-47A7-BB30-42C054D032E2}.Release|Any CPU.Build.0 = Release|Any CPU
		{8F5C5AD3-8310-47A7-BB30-42C054D032E2}.Release|x64.ActiveCfg = Release|Any CPU
		{8F5C5AD3-8310-47A7-BB30-42C054D032E2}.Release|x64.Build.0 = Release|Any CPU
		{8F5C5AD3-8310-47A7-BB30-42C054D032E2}.Release|x86.ActiveCfg = Release|Any CPU
		{8F5C5AD3-8310-47A7-BB30-42C054D032E2}.Release|x86.Build.0 = Release|Any CPU
		{6C07FC1A-4339-42AA-AF5F-83570F81A5A4}.Debug|Any CPU.ActiveCfg = Debug|Any CPU
		{6C07FC1A-4339-42AA-AF5F-83570F81A5A4}.Debug|Any CPU.Build.0 = Debug|Any CPU
		{6C07FC1A-4339-42AA-AF5F-83570F81A5A4}.Debug|x64.ActiveCfg = Debug|Any CPU
		{6C07FC1A-4339-42AA-AF5F-83570F81A5A4}.Debug|x64.Build.0 = Debug|Any CPU
		{6C07FC1A-4339-42AA-AF5F-83570F81A5A4}.Debug|x86.ActiveCfg = Debug|Any CPU
		{6C07FC1A-4339-42AA-AF5F-83570F81A5A4}.Debug|x86.Build.0 = Debug|Any CPU
		{6C07FC1A-4339-42AA-AF5F-83570F81A5A4}.Release|Any CPU.ActiveCfg = Release|Any CPU
		{6C07FC1A-4339-42AA-AF5F-83570F81A5A4}.Release|Any CPU.Build.0 = Release|Any CPU
		{6C07FC1A-4339-42AA-AF5F-83570F81A5A4}.Release|x64.ActiveCfg = Release|Any CPU
		{6C07FC1A-4339-42AA-AF5F-83570F81A5A4}.Release|x64.Build.0 = Release|Any CPU
		{6C07FC1A-4339-42AA-AF5F-83570F81A5A4}.Release|x86.ActiveCfg = Release|Any CPU
		{6C07FC1A-4339-42AA-AF5F-83570F81A5A4}.Release|x86.Build.0 = Release|Any CPU
		{F5277287-1776-494B-92EE-7237D1B8949B}.Debug|Any CPU.ActiveCfg = Debug|Any CPU
		{F5277287-1776-494B-92EE-7237D1B8949B}.Debug|Any CPU.Build.0 = Debug|Any CPU
		{F5277287-1776-494B-92EE-7237D1B8949B}.Debug|x64.ActiveCfg = Debug|Any CPU
		{F5277287-1776-494B-92EE-7237D1B8949B}.Debug|x64.Build.0 = Debug|Any CPU
		{F5277287-1776-494B-92EE-7237D1B8949B}.Debug|x86.ActiveCfg = Debug|Any CPU
		{F5277287-1776-494B-92EE-7237D1B8949B}.Debug|x86.Build.0 = Debug|Any CPU
		{F5277287-1776-494B-92EE-7237D1B8949B}.Release|Any CPU.ActiveCfg = Release|Any CPU
		{F5277287-1776-494B-92EE-7237D1B8949B}.Release|Any CPU.Build.0 = Release|Any CPU
		{F5277287-1776-494B-92EE-7237D1B8949B}.Release|x64.ActiveCfg = Release|Any CPU
		{F5277287-1776-494B-92EE-7237D1B8949B}.Release|x64.Build.0 = Release|Any CPU
		{F5277287-1776-494B-92EE-7237D1B8949B}.Release|x86.ActiveCfg = Release|Any CPU
		{F5277287-1776-494B-92EE-7237D1B8949B}.Release|x86.Build.0 = Release|Any CPU
		{B10EBC65-DB29-44AE-8BEB-E4BD170924C3}.Debug|Any CPU.ActiveCfg = Debug|Any CPU
		{B10EBC65-DB29-44AE-8BEB-E4BD170924C3}.Debug|Any CPU.Build.0 = Debug|Any CPU
		{B10EBC65-DB29-44AE-8BEB-E4BD170924C3}.Debug|x64.ActiveCfg = Debug|Any CPU
		{B10EBC65-DB29-44AE-8BEB-E4BD170924C3}.Debug|x64.Build.0 = Debug|Any CPU
		{B10EBC65-DB29-44AE-8BEB-E4BD170924C3}.Debug|x86.ActiveCfg = Debug|Any CPU
		{B10EBC65-DB29-44AE-8BEB-E4BD170924C3}.Debug|x86.Build.0 = Debug|Any CPU
		{B10EBC65-DB29-44AE-8BEB-E4BD170924C3}.Release|Any CPU.ActiveCfg = Release|Any CPU
		{B10EBC65-DB29-44AE-8BEB-E4BD170924C3}.Release|Any CPU.Build.0 = Release|Any CPU
		{B10EBC65-DB29-44AE-8BEB-E4BD170924C3}.Release|x64.ActiveCfg = Release|Any CPU
		{B10EBC65-DB29-44AE-8BEB-E4BD170924C3}.Release|x64.Build.0 = Release|Any CPU
		{B10EBC65-DB29-44AE-8BEB-E4BD170924C3}.Release|x86.ActiveCfg = Release|Any CPU
		{B10EBC65-DB29-44AE-8BEB-E4BD170924C3}.Release|x86.Build.0 = Release|Any CPU
		{924B529F-D036-464B-B1A6-257CD95143B4}.Debug|Any CPU.ActiveCfg = Debug|Any CPU
		{924B529F-D036-464B-B1A6-257CD95143B4}.Debug|Any CPU.Build.0 = Debug|Any CPU
		{924B529F-D036-464B-B1A6-257CD95143B4}.Debug|x64.ActiveCfg = Debug|Any CPU
		{924B529F-D036-464B-B1A6-257CD95143B4}.Debug|x64.Build.0 = Debug|Any CPU
		{924B529F-D036-464B-B1A6-257CD95143B4}.Debug|x86.ActiveCfg = Debug|Any CPU
		{924B529F-D036-464B-B1A6-257CD95143B4}.Debug|x86.Build.0 = Debug|Any CPU
		{924B529F-D036-464B-B1A6-257CD95143B4}.Release|Any CPU.ActiveCfg = Release|Any CPU
		{924B529F-D036-464B-B1A6-257CD95143B4}.Release|Any CPU.Build.0 = Release|Any CPU
		{924B529F-D036-464B-B1A6-257CD95143B4}.Release|x64.ActiveCfg = Release|Any CPU
		{924B529F-D036-464B-B1A6-257CD95143B4}.Release|x64.Build.0 = Release|Any CPU
		{924B529F-D036-464B-B1A6-257CD95143B4}.Release|x86.ActiveCfg = Release|Any CPU
		{924B529F-D036-464B-B1A6-257CD95143B4}.Release|x86.Build.0 = Release|Any CPU
		{43AD4063-F157-994B-5A6D-92B9ABCA126E}.Debug|Any CPU.ActiveCfg = Debug|Any CPU
		{43AD4063-F157-994B-5A6D-92B9ABCA126E}.Debug|Any CPU.Build.0 = Debug|Any CPU
		{43AD4063-F157-994B-5A6D-92B9ABCA126E}.Debug|x64.ActiveCfg = Debug|Any CPU
		{43AD4063-F157-994B-5A6D-92B9ABCA126E}.Debug|x64.Build.0 = Debug|Any CPU
		{43AD4063-F157-994B-5A6D-92B9ABCA126E}.Debug|x86.ActiveCfg = Debug|Any CPU
		{43AD4063-F157-994B-5A6D-92B9ABCA126E}.Debug|x86.Build.0 = Debug|Any CPU
		{43AD4063-F157-994B-5A6D-92B9ABCA126E}.Release|Any CPU.ActiveCfg = Release|Any CPU
		{43AD4063-F157-994B-5A6D-92B9ABCA126E}.Release|Any CPU.Build.0 = Release|Any CPU
		{43AD4063-F157-994B-5A6D-92B9ABCA126E}.Release|x64.ActiveCfg = Release|Any CPU
		{43AD4063-F157-994B-5A6D-92B9ABCA126E}.Release|x64.Build.0 = Release|Any CPU
		{43AD4063-F157-994B-5A6D-92B9ABCA126E}.Release|x86.ActiveCfg = Release|Any CPU
		{43AD4063-F157-994B-5A6D-92B9ABCA126E}.Release|x86.Build.0 = Release|Any CPU
		{740F4266-7ADA-7893-C575-B8C531C029EC}.Debug|Any CPU.ActiveCfg = Debug|Any CPU
		{740F4266-7ADA-7893-C575-B8C531C029EC}.Debug|Any CPU.Build.0 = Debug|Any CPU
		{740F4266-7ADA-7893-C575-B8C531C029EC}.Debug|x64.ActiveCfg = Debug|Any CPU
		{740F4266-7ADA-7893-C575-B8C531C029EC}.Debug|x64.Build.0 = Debug|Any CPU
		{740F4266-7ADA-7893-C575-B8C531C029EC}.Debug|x86.ActiveCfg = Debug|Any CPU
		{740F4266-7ADA-7893-C575-B8C531C029EC}.Debug|x86.Build.0 = Debug|Any CPU
		{740F4266-7ADA-7893-C575-B8C531C029EC}.Release|Any CPU.ActiveCfg = Release|Any CPU
		{740F4266-7ADA-7893-C575-B8C531C029EC}.Release|Any CPU.Build.0 = Release|Any CPU
		{740F4266-7ADA-7893-C575-B8C531C029EC}.Release|x64.ActiveCfg = Release|Any CPU
		{740F4266-7ADA-7893-C575-B8C531C029EC}.Release|x64.Build.0 = Release|Any CPU
		{740F4266-7ADA-7893-C575-B8C531C029EC}.Release|x86.ActiveCfg = Release|Any CPU
		{740F4266-7ADA-7893-C575-B8C531C029EC}.Release|x86.Build.0 = Release|Any CPU
		{DFF5FC1F-D20F-4BFE-BD58-A0B4F1E414CB}.Debug|Any CPU.ActiveCfg = Debug|Any CPU
		{DFF5FC1F-D20F-4BFE-BD58-A0B4F1E414CB}.Debug|Any CPU.Build.0 = Debug|Any CPU
		{DFF5FC1F-D20F-4BFE-BD58-A0B4F1E414CB}.Debug|x64.ActiveCfg = Debug|Any CPU
		{DFF5FC1F-D20F-4BFE-BD58-A0B4F1E414CB}.Debug|x64.Build.0 = Debug|Any CPU
		{DFF5FC1F-D20F-4BFE-BD58-A0B4F1E414CB}.Debug|x86.ActiveCfg = Debug|Any CPU
		{DFF5FC1F-D20F-4BFE-BD58-A0B4F1E414CB}.Debug|x86.Build.0 = Debug|Any CPU
		{DFF5FC1F-D20F-4BFE-BD58-A0B4F1E414CB}.Release|Any CPU.ActiveCfg = Release|Any CPU
		{DFF5FC1F-D20F-4BFE-BD58-A0B4F1E414CB}.Release|Any CPU.Build.0 = Release|Any CPU
		{DFF5FC1F-D20F-4BFE-BD58-A0B4F1E414CB}.Release|x64.ActiveCfg = Release|Any CPU
		{DFF5FC1F-D20F-4BFE-BD58-A0B4F1E414CB}.Release|x64.Build.0 = Release|Any CPU
		{DFF5FC1F-D20F-4BFE-BD58-A0B4F1E414CB}.Release|x86.ActiveCfg = Release|Any CPU
		{DFF5FC1F-D20F-4BFE-BD58-A0B4F1E414CB}.Release|x86.Build.0 = Release|Any CPU
		{60782FC7-AB13-44D9-A4F1-E8C602697C3E}.Debug|Any CPU.ActiveCfg = Debug|Any CPU
		{60782FC7-AB13-44D9-A4F1-E8C602697C3E}.Debug|Any CPU.Build.0 = Debug|Any CPU
		{60782FC7-AB13-44D9-A4F1-E8C602697C3E}.Debug|x64.ActiveCfg = Debug|Any CPU
		{60782FC7-AB13-44D9-A4F1-E8C602697C3E}.Debug|x64.Build.0 = Debug|Any CPU
		{60782FC7-AB13-44D9-A4F1-E8C602697C3E}.Debug|x86.ActiveCfg = Debug|Any CPU
		{60782FC7-AB13-44D9-A4F1-E8C602697C3E}.Debug|x86.Build.0 = Debug|Any CPU
		{60782FC7-AB13-44D9-A4F1-E8C602697C3E}.Release|Any CPU.ActiveCfg = Release|Any CPU
		{60782FC7-AB13-44D9-A4F1-E8C602697C3E}.Release|Any CPU.Build.0 = Release|Any CPU
		{60782FC7-AB13-44D9-A4F1-E8C602697C3E}.Release|x64.ActiveCfg = Release|Any CPU
		{60782FC7-AB13-44D9-A4F1-E8C602697C3E}.Release|x64.Build.0 = Release|Any CPU
		{60782FC7-AB13-44D9-A4F1-E8C602697C3E}.Release|x86.ActiveCfg = Release|Any CPU
		{60782FC7-AB13-44D9-A4F1-E8C602697C3E}.Release|x86.Build.0 = Release|Any CPU
		{FB4CC9E7-6DD0-4A06-816C-95E9F8F604A7}.Debug|Any CPU.ActiveCfg = Debug|Any CPU
		{FB4CC9E7-6DD0-4A06-816C-95E9F8F604A7}.Debug|Any CPU.Build.0 = Debug|Any CPU
		{FB4CC9E7-6DD0-4A06-816C-95E9F8F604A7}.Debug|x64.ActiveCfg = Debug|Any CPU
		{FB4CC9E7-6DD0-4A06-816C-95E9F8F604A7}.Debug|x64.Build.0 = Debug|Any CPU
		{FB4CC9E7-6DD0-4A06-816C-95E9F8F604A7}.Debug|x86.ActiveCfg = Debug|Any CPU
		{FB4CC9E7-6DD0-4A06-816C-95E9F8F604A7}.Debug|x86.Build.0 = Debug|Any CPU
		{FB4CC9E7-6DD0-4A06-816C-95E9F8F604A7}.Release|Any CPU.ActiveCfg = Release|Any CPU
		{FB4CC9E7-6DD0-4A06-816C-95E9F8F604A7}.Release|Any CPU.Build.0 = Release|Any CPU
		{FB4CC9E7-6DD0-4A06-816C-95E9F8F604A7}.Release|x64.ActiveCfg = Release|Any CPU
		{FB4CC9E7-6DD0-4A06-816C-95E9F8F604A7}.Release|x64.Build.0 = Release|Any CPU
		{FB4CC9E7-6DD0-4A06-816C-95E9F8F604A7}.Release|x86.ActiveCfg = Release|Any CPU
		{FB4CC9E7-6DD0-4A06-816C-95E9F8F604A7}.Release|x86.Build.0 = Release|Any CPU
		{336C31F8-0883-4748-B138-80A8DD0E8058}.Debug|Any CPU.ActiveCfg = Debug|Any CPU
		{336C31F8-0883-4748-B138-80A8DD0E8058}.Debug|Any CPU.Build.0 = Debug|Any CPU
		{336C31F8-0883-4748-B138-80A8DD0E8058}.Debug|x64.ActiveCfg = Debug|Any CPU
		{336C31F8-0883-4748-B138-80A8DD0E8058}.Debug|x64.Build.0 = Debug|Any CPU
		{336C31F8-0883-4748-B138-80A8DD0E8058}.Debug|x86.ActiveCfg = Debug|Any CPU
		{336C31F8-0883-4748-B138-80A8DD0E8058}.Debug|x86.Build.0 = Debug|Any CPU
		{336C31F8-0883-4748-B138-80A8DD0E8058}.Release|Any CPU.ActiveCfg = Release|Any CPU
		{336C31F8-0883-4748-B138-80A8DD0E8058}.Release|Any CPU.Build.0 = Release|Any CPU
		{336C31F8-0883-4748-B138-80A8DD0E8058}.Release|x64.ActiveCfg = Release|Any CPU
		{336C31F8-0883-4748-B138-80A8DD0E8058}.Release|x64.Build.0 = Release|Any CPU
		{336C31F8-0883-4748-B138-80A8DD0E8058}.Release|x86.ActiveCfg = Release|Any CPU
		{336C31F8-0883-4748-B138-80A8DD0E8058}.Release|x86.Build.0 = Release|Any CPU
		{13BADF3B-9771-4DA7-A360-9B24AEC7D153}.Debug|Any CPU.ActiveCfg = Debug|Any CPU
		{13BADF3B-9771-4DA7-A360-9B24AEC7D153}.Debug|Any CPU.Build.0 = Debug|Any CPU
		{13BADF3B-9771-4DA7-A360-9B24AEC7D153}.Debug|x64.ActiveCfg = Debug|Any CPU
		{13BADF3B-9771-4DA7-A360-9B24AEC7D153}.Debug|x64.Build.0 = Debug|Any CPU
		{13BADF3B-9771-4DA7-A360-9B24AEC7D153}.Debug|x86.ActiveCfg = Debug|Any CPU
		{13BADF3B-9771-4DA7-A360-9B24AEC7D153}.Debug|x86.Build.0 = Debug|Any CPU
		{13BADF3B-9771-4DA7-A360-9B24AEC7D153}.Release|Any CPU.ActiveCfg = Release|Any CPU
		{13BADF3B-9771-4DA7-A360-9B24AEC7D153}.Release|Any CPU.Build.0 = Release|Any CPU
		{13BADF3B-9771-4DA7-A360-9B24AEC7D153}.Release|x64.ActiveCfg = Release|Any CPU
		{13BADF3B-9771-4DA7-A360-9B24AEC7D153}.Release|x64.Build.0 = Release|Any CPU
		{13BADF3B-9771-4DA7-A360-9B24AEC7D153}.Release|x86.ActiveCfg = Release|Any CPU
		{13BADF3B-9771-4DA7-A360-9B24AEC7D153}.Release|x86.Build.0 = Release|Any CPU
		{DFBA01D6-5D67-442B-8949-54A6BDCCF375}.Debug|Any CPU.ActiveCfg = Debug|Any CPU
		{DFBA01D6-5D67-442B-8949-54A6BDCCF375}.Debug|Any CPU.Build.0 = Debug|Any CPU
		{DFBA01D6-5D67-442B-8949-54A6BDCCF375}.Debug|x64.ActiveCfg = Debug|Any CPU
		{DFBA01D6-5D67-442B-8949-54A6BDCCF375}.Debug|x64.Build.0 = Debug|Any CPU
		{DFBA01D6-5D67-442B-8949-54A6BDCCF375}.Debug|x86.ActiveCfg = Debug|Any CPU
		{DFBA01D6-5D67-442B-8949-54A6BDCCF375}.Debug|x86.Build.0 = Debug|Any CPU
		{DFBA01D6-5D67-442B-8949-54A6BDCCF375}.Release|Any CPU.ActiveCfg = Release|Any CPU
		{DFBA01D6-5D67-442B-8949-54A6BDCCF375}.Release|Any CPU.Build.0 = Release|Any CPU
		{DFBA01D6-5D67-442B-8949-54A6BDCCF375}.Release|x64.ActiveCfg = Release|Any CPU
		{DFBA01D6-5D67-442B-8949-54A6BDCCF375}.Release|x64.Build.0 = Release|Any CPU
		{DFBA01D6-5D67-442B-8949-54A6BDCCF375}.Release|x86.ActiveCfg = Release|Any CPU
		{DFBA01D6-5D67-442B-8949-54A6BDCCF375}.Release|x86.Build.0 = Release|Any CPU
		{EA570E99-825E-4578-B8C1-687C537F72AD}.Debug|Any CPU.ActiveCfg = Debug|Any CPU
		{EA570E99-825E-4578-B8C1-687C537F72AD}.Debug|Any CPU.Build.0 = Debug|Any CPU
		{EA570E99-825E-4578-B8C1-687C537F72AD}.Debug|x64.ActiveCfg = Debug|Any CPU
		{EA570E99-825E-4578-B8C1-687C537F72AD}.Debug|x64.Build.0 = Debug|Any CPU
		{EA570E99-825E-4578-B8C1-687C537F72AD}.Debug|x86.ActiveCfg = Debug|Any CPU
		{EA570E99-825E-4578-B8C1-687C537F72AD}.Debug|x86.Build.0 = Debug|Any CPU
		{EA570E99-825E-4578-B8C1-687C537F72AD}.Release|Any CPU.ActiveCfg = Release|Any CPU
		{EA570E99-825E-4578-B8C1-687C537F72AD}.Release|Any CPU.Build.0 = Release|Any CPU
		{EA570E99-825E-4578-B8C1-687C537F72AD}.Release|x64.ActiveCfg = Release|Any CPU
		{EA570E99-825E-4578-B8C1-687C537F72AD}.Release|x64.Build.0 = Release|Any CPU
		{EA570E99-825E-4578-B8C1-687C537F72AD}.Release|x86.ActiveCfg = Release|Any CPU
		{EA570E99-825E-4578-B8C1-687C537F72AD}.Release|x86.Build.0 = Release|Any CPU
		{3DC4AE69-AF48-4305-997D-6485FD0BE677}.Debug|Any CPU.ActiveCfg = Debug|Any CPU
		{3DC4AE69-AF48-4305-997D-6485FD0BE677}.Debug|Any CPU.Build.0 = Debug|Any CPU
		{3DC4AE69-AF48-4305-997D-6485FD0BE677}.Debug|x64.ActiveCfg = Debug|Any CPU
		{3DC4AE69-AF48-4305-997D-6485FD0BE677}.Debug|x64.Build.0 = Debug|Any CPU
		{3DC4AE69-AF48-4305-997D-6485FD0BE677}.Debug|x86.ActiveCfg = Debug|Any CPU
		{3DC4AE69-AF48-4305-997D-6485FD0BE677}.Debug|x86.Build.0 = Debug|Any CPU
		{3DC4AE69-AF48-4305-997D-6485FD0BE677}.Release|Any CPU.ActiveCfg = Release|Any CPU
		{3DC4AE69-AF48-4305-997D-6485FD0BE677}.Release|Any CPU.Build.0 = Release|Any CPU
		{3DC4AE69-AF48-4305-997D-6485FD0BE677}.Release|x64.ActiveCfg = Release|Any CPU
		{3DC4AE69-AF48-4305-997D-6485FD0BE677}.Release|x64.Build.0 = Release|Any CPU
		{3DC4AE69-AF48-4305-997D-6485FD0BE677}.Release|x86.ActiveCfg = Release|Any CPU
		{3DC4AE69-AF48-4305-997D-6485FD0BE677}.Release|x86.Build.0 = Release|Any CPU
		{7B936942-E44D-4FE3-8581-B6B10535C30C}.Debug|Any CPU.ActiveCfg = Debug|Any CPU
		{7B936942-E44D-4FE3-8581-B6B10535C30C}.Debug|Any CPU.Build.0 = Debug|Any CPU
		{7B936942-E44D-4FE3-8581-B6B10535C30C}.Debug|x64.ActiveCfg = Debug|Any CPU
		{7B936942-E44D-4FE3-8581-B6B10535C30C}.Debug|x64.Build.0 = Debug|Any CPU
		{7B936942-E44D-4FE3-8581-B6B10535C30C}.Debug|x86.ActiveCfg = Debug|Any CPU
		{7B936942-E44D-4FE3-8581-B6B10535C30C}.Debug|x86.Build.0 = Debug|Any CPU
		{7B936942-E44D-4FE3-8581-B6B10535C30C}.Release|Any CPU.ActiveCfg = Release|Any CPU
		{7B936942-E44D-4FE3-8581-B6B10535C30C}.Release|Any CPU.Build.0 = Release|Any CPU
		{7B936942-E44D-4FE3-8581-B6B10535C30C}.Release|x64.ActiveCfg = Release|Any CPU
		{7B936942-E44D-4FE3-8581-B6B10535C30C}.Release|x64.Build.0 = Release|Any CPU
		{7B936942-E44D-4FE3-8581-B6B10535C30C}.Release|x86.ActiveCfg = Release|Any CPU
		{7B936942-E44D-4FE3-8581-B6B10535C30C}.Release|x86.Build.0 = Release|Any CPU
		{90F95BB5-7CBB-4FB9-8529-A9FE6FBF5B48}.Debug|Any CPU.ActiveCfg = Debug|Any CPU
		{90F95BB5-7CBB-4FB9-8529-A9FE6FBF5B48}.Debug|Any CPU.Build.0 = Debug|Any CPU
		{90F95BB5-7CBB-4FB9-8529-A9FE6FBF5B48}.Debug|x64.ActiveCfg = Debug|Any CPU
		{90F95BB5-7CBB-4FB9-8529-A9FE6FBF5B48}.Debug|x64.Build.0 = Debug|Any CPU
		{90F95BB5-7CBB-4FB9-8529-A9FE6FBF5B48}.Debug|x86.ActiveCfg = Debug|Any CPU
		{90F95BB5-7CBB-4FB9-8529-A9FE6FBF5B48}.Debug|x86.Build.0 = Debug|Any CPU
		{90F95BB5-7CBB-4FB9-8529-A9FE6FBF5B48}.Release|Any CPU.ActiveCfg = Release|Any CPU
		{90F95BB5-7CBB-4FB9-8529-A9FE6FBF5B48}.Release|Any CPU.Build.0 = Release|Any CPU
		{90F95BB5-7CBB-4FB9-8529-A9FE6FBF5B48}.Release|x64.ActiveCfg = Release|Any CPU
		{90F95BB5-7CBB-4FB9-8529-A9FE6FBF5B48}.Release|x64.Build.0 = Release|Any CPU
		{90F95BB5-7CBB-4FB9-8529-A9FE6FBF5B48}.Release|x86.ActiveCfg = Release|Any CPU
		{90F95BB5-7CBB-4FB9-8529-A9FE6FBF5B48}.Release|x86.Build.0 = Release|Any CPU
		{D556B686-F089-4AB0-8508-2AD6B4749B42}.Debug|Any CPU.ActiveCfg = Debug|Any CPU
		{D556B686-F089-4AB0-8508-2AD6B4749B42}.Debug|Any CPU.Build.0 = Debug|Any CPU
		{D556B686-F089-4AB0-8508-2AD6B4749B42}.Debug|x64.ActiveCfg = Debug|Any CPU
		{D556B686-F089-4AB0-8508-2AD6B4749B42}.Debug|x64.Build.0 = Debug|Any CPU
		{D556B686-F089-4AB0-8508-2AD6B4749B42}.Debug|x86.ActiveCfg = Debug|Any CPU
		{D556B686-F089-4AB0-8508-2AD6B4749B42}.Debug|x86.Build.0 = Debug|Any CPU
		{D556B686-F089-4AB0-8508-2AD6B4749B42}.Release|Any CPU.ActiveCfg = Release|Any CPU
		{D556B686-F089-4AB0-8508-2AD6B4749B42}.Release|Any CPU.Build.0 = Release|Any CPU
		{D556B686-F089-4AB0-8508-2AD6B4749B42}.Release|x64.ActiveCfg = Release|Any CPU
		{D556B686-F089-4AB0-8508-2AD6B4749B42}.Release|x64.Build.0 = Release|Any CPU
		{D556B686-F089-4AB0-8508-2AD6B4749B42}.Release|x86.ActiveCfg = Release|Any CPU
		{D556B686-F089-4AB0-8508-2AD6B4749B42}.Release|x86.Build.0 = Release|Any CPU
		{535B1E0A-C9AD-43B7-AFA0-EA2A9D01704B}.Debug|Any CPU.ActiveCfg = Debug|Any CPU
		{535B1E0A-C9AD-43B7-AFA0-EA2A9D01704B}.Debug|Any CPU.Build.0 = Debug|Any CPU
		{535B1E0A-C9AD-43B7-AFA0-EA2A9D01704B}.Debug|x64.ActiveCfg = Debug|Any CPU
		{535B1E0A-C9AD-43B7-AFA0-EA2A9D01704B}.Debug|x64.Build.0 = Debug|Any CPU
		{535B1E0A-C9AD-43B7-AFA0-EA2A9D01704B}.Debug|x86.ActiveCfg = Debug|Any CPU
		{535B1E0A-C9AD-43B7-AFA0-EA2A9D01704B}.Debug|x86.Build.0 = Debug|Any CPU
		{535B1E0A-C9AD-43B7-AFA0-EA2A9D01704B}.Release|Any CPU.ActiveCfg = Release|Any CPU
		{535B1E0A-C9AD-43B7-AFA0-EA2A9D01704B}.Release|Any CPU.Build.0 = Release|Any CPU
		{535B1E0A-C9AD-43B7-AFA0-EA2A9D01704B}.Release|x64.ActiveCfg = Release|Any CPU
		{535B1E0A-C9AD-43B7-AFA0-EA2A9D01704B}.Release|x64.Build.0 = Release|Any CPU
		{535B1E0A-C9AD-43B7-AFA0-EA2A9D01704B}.Release|x86.ActiveCfg = Release|Any CPU
		{535B1E0A-C9AD-43B7-AFA0-EA2A9D01704B}.Release|x86.Build.0 = Release|Any CPU
		{F8DB6093-C8BD-4731-8B78-3C127C39063D}.Debug|Any CPU.ActiveCfg = Debug|Any CPU
		{F8DB6093-C8BD-4731-8B78-3C127C39063D}.Debug|Any CPU.Build.0 = Debug|Any CPU
		{F8DB6093-C8BD-4731-8B78-3C127C39063D}.Debug|x64.ActiveCfg = Debug|Any CPU
		{F8DB6093-C8BD-4731-8B78-3C127C39063D}.Debug|x64.Build.0 = Debug|Any CPU
		{F8DB6093-C8BD-4731-8B78-3C127C39063D}.Debug|x86.ActiveCfg = Debug|Any CPU
		{F8DB6093-C8BD-4731-8B78-3C127C39063D}.Debug|x86.Build.0 = Debug|Any CPU
		{F8DB6093-C8BD-4731-8B78-3C127C39063D}.Release|Any CPU.ActiveCfg = Release|Any CPU
		{F8DB6093-C8BD-4731-8B78-3C127C39063D}.Release|Any CPU.Build.0 = Release|Any CPU
		{F8DB6093-C8BD-4731-8B78-3C127C39063D}.Release|x64.ActiveCfg = Release|Any CPU
		{F8DB6093-C8BD-4731-8B78-3C127C39063D}.Release|x64.Build.0 = Release|Any CPU
		{F8DB6093-C8BD-4731-8B78-3C127C39063D}.Release|x86.ActiveCfg = Release|Any CPU
		{F8DB6093-C8BD-4731-8B78-3C127C39063D}.Release|x86.Build.0 = Release|Any CPU
		{5ED3BEF0-FCD2-435D-8D27-46DE406F735A}.Debug|Any CPU.ActiveCfg = Debug|Any CPU
		{5ED3BEF0-FCD2-435D-8D27-46DE406F735A}.Debug|Any CPU.Build.0 = Debug|Any CPU
		{5ED3BEF0-FCD2-435D-8D27-46DE406F735A}.Debug|x64.ActiveCfg = Debug|Any CPU
		{5ED3BEF0-FCD2-435D-8D27-46DE406F735A}.Debug|x64.Build.0 = Debug|Any CPU
		{5ED3BEF0-FCD2-435D-8D27-46DE406F735A}.Debug|x86.ActiveCfg = Debug|Any CPU
		{5ED3BEF0-FCD2-435D-8D27-46DE406F735A}.Debug|x86.Build.0 = Debug|Any CPU
		{5ED3BEF0-FCD2-435D-8D27-46DE406F735A}.Release|Any CPU.ActiveCfg = Release|Any CPU
		{5ED3BEF0-FCD2-435D-8D27-46DE406F735A}.Release|Any CPU.Build.0 = Release|Any CPU
		{5ED3BEF0-FCD2-435D-8D27-46DE406F735A}.Release|x64.ActiveCfg = Release|Any CPU
		{5ED3BEF0-FCD2-435D-8D27-46DE406F735A}.Release|x64.Build.0 = Release|Any CPU
		{5ED3BEF0-FCD2-435D-8D27-46DE406F735A}.Release|x86.ActiveCfg = Release|Any CPU
		{5ED3BEF0-FCD2-435D-8D27-46DE406F735A}.Release|x86.Build.0 = Release|Any CPU
		{DAD705F2-F33C-4D77-86B6-E981E61DE235}.Debug|Any CPU.ActiveCfg = Debug|Any CPU
		{DAD705F2-F33C-4D77-86B6-E981E61DE235}.Debug|Any CPU.Build.0 = Debug|Any CPU
		{DAD705F2-F33C-4D77-86B6-E981E61DE235}.Debug|x64.ActiveCfg = Debug|Any CPU
		{DAD705F2-F33C-4D77-86B6-E981E61DE235}.Debug|x64.Build.0 = Debug|Any CPU
		{DAD705F2-F33C-4D77-86B6-E981E61DE235}.Debug|x86.ActiveCfg = Debug|Any CPU
		{DAD705F2-F33C-4D77-86B6-E981E61DE235}.Debug|x86.Build.0 = Debug|Any CPU
		{DAD705F2-F33C-4D77-86B6-E981E61DE235}.Release|Any CPU.ActiveCfg = Release|Any CPU
		{DAD705F2-F33C-4D77-86B6-E981E61DE235}.Release|Any CPU.Build.0 = Release|Any CPU
		{DAD705F2-F33C-4D77-86B6-E981E61DE235}.Release|x64.ActiveCfg = Release|Any CPU
		{DAD705F2-F33C-4D77-86B6-E981E61DE235}.Release|x64.Build.0 = Release|Any CPU
		{DAD705F2-F33C-4D77-86B6-E981E61DE235}.Release|x86.ActiveCfg = Release|Any CPU
		{DAD705F2-F33C-4D77-86B6-E981E61DE235}.Release|x86.Build.0 = Release|Any CPU
		{5F8EAE23-9CFA-4CCE-B522-FA5F0BA7D50F}.Debug|Any CPU.ActiveCfg = Debug|Any CPU
		{5F8EAE23-9CFA-4CCE-B522-FA5F0BA7D50F}.Debug|Any CPU.Build.0 = Debug|Any CPU
		{5F8EAE23-9CFA-4CCE-B522-FA5F0BA7D50F}.Debug|x64.ActiveCfg = Debug|Any CPU
		{5F8EAE23-9CFA-4CCE-B522-FA5F0BA7D50F}.Debug|x64.Build.0 = Debug|Any CPU
		{5F8EAE23-9CFA-4CCE-B522-FA5F0BA7D50F}.Debug|x86.ActiveCfg = Debug|Any CPU
		{5F8EAE23-9CFA-4CCE-B522-FA5F0BA7D50F}.Debug|x86.Build.0 = Debug|Any CPU
		{5F8EAE23-9CFA-4CCE-B522-FA5F0BA7D50F}.Release|Any CPU.ActiveCfg = Release|Any CPU
		{5F8EAE23-9CFA-4CCE-B522-FA5F0BA7D50F}.Release|Any CPU.Build.0 = Release|Any CPU
		{5F8EAE23-9CFA-4CCE-B522-FA5F0BA7D50F}.Release|x64.ActiveCfg = Release|Any CPU
		{5F8EAE23-9CFA-4CCE-B522-FA5F0BA7D50F}.Release|x64.Build.0 = Release|Any CPU
		{5F8EAE23-9CFA-4CCE-B522-FA5F0BA7D50F}.Release|x86.ActiveCfg = Release|Any CPU
		{5F8EAE23-9CFA-4CCE-B522-FA5F0BA7D50F}.Release|x86.Build.0 = Release|Any CPU
		{A8605EEB-BB5D-450F-806A-22E8707494E1}.Debug|Any CPU.ActiveCfg = Debug|Any CPU
		{A8605EEB-BB5D-450F-806A-22E8707494E1}.Debug|Any CPU.Build.0 = Debug|Any CPU
		{A8605EEB-BB5D-450F-806A-22E8707494E1}.Debug|x64.ActiveCfg = Debug|Any CPU
		{A8605EEB-BB5D-450F-806A-22E8707494E1}.Debug|x64.Build.0 = Debug|Any CPU
		{A8605EEB-BB5D-450F-806A-22E8707494E1}.Debug|x86.ActiveCfg = Debug|Any CPU
		{A8605EEB-BB5D-450F-806A-22E8707494E1}.Debug|x86.Build.0 = Debug|Any CPU
		{A8605EEB-BB5D-450F-806A-22E8707494E1}.Release|Any CPU.ActiveCfg = Release|Any CPU
		{A8605EEB-BB5D-450F-806A-22E8707494E1}.Release|Any CPU.Build.0 = Release|Any CPU
		{A8605EEB-BB5D-450F-806A-22E8707494E1}.Release|x64.ActiveCfg = Release|Any CPU
		{A8605EEB-BB5D-450F-806A-22E8707494E1}.Release|x64.Build.0 = Release|Any CPU
		{A8605EEB-BB5D-450F-806A-22E8707494E1}.Release|x86.ActiveCfg = Release|Any CPU
		{A8605EEB-BB5D-450F-806A-22E8707494E1}.Release|x86.Build.0 = Release|Any CPU
		{3950590A-A437-4915-B152-F9F03E4D44E7}.Debug|Any CPU.ActiveCfg = Debug|Any CPU
		{3950590A-A437-4915-B152-F9F03E4D44E7}.Debug|Any CPU.Build.0 = Debug|Any CPU
		{3950590A-A437-4915-B152-F9F03E4D44E7}.Debug|x64.ActiveCfg = Debug|Any CPU
		{3950590A-A437-4915-B152-F9F03E4D44E7}.Debug|x64.Build.0 = Debug|Any CPU
		{3950590A-A437-4915-B152-F9F03E4D44E7}.Debug|x86.ActiveCfg = Debug|Any CPU
		{3950590A-A437-4915-B152-F9F03E4D44E7}.Debug|x86.Build.0 = Debug|Any CPU
		{3950590A-A437-4915-B152-F9F03E4D44E7}.Release|Any CPU.ActiveCfg = Release|Any CPU
		{3950590A-A437-4915-B152-F9F03E4D44E7}.Release|Any CPU.Build.0 = Release|Any CPU
		{3950590A-A437-4915-B152-F9F03E4D44E7}.Release|x64.ActiveCfg = Release|Any CPU
		{3950590A-A437-4915-B152-F9F03E4D44E7}.Release|x64.Build.0 = Release|Any CPU
		{3950590A-A437-4915-B152-F9F03E4D44E7}.Release|x86.ActiveCfg = Release|Any CPU
		{3950590A-A437-4915-B152-F9F03E4D44E7}.Release|x86.Build.0 = Release|Any CPU
		{A4415A46-249B-46BD-96D1-D3D0DF6B5AB7}.Debug|Any CPU.ActiveCfg = Debug|Any CPU
		{A4415A46-249B-46BD-96D1-D3D0DF6B5AB7}.Debug|Any CPU.Build.0 = Debug|Any CPU
		{A4415A46-249B-46BD-96D1-D3D0DF6B5AB7}.Debug|x64.ActiveCfg = Debug|Any CPU
		{A4415A46-249B-46BD-96D1-D3D0DF6B5AB7}.Debug|x64.Build.0 = Debug|Any CPU
		{A4415A46-249B-46BD-96D1-D3D0DF6B5AB7}.Debug|x86.ActiveCfg = Debug|Any CPU
		{A4415A46-249B-46BD-96D1-D3D0DF6B5AB7}.Debug|x86.Build.0 = Debug|Any CPU
		{A4415A46-249B-46BD-96D1-D3D0DF6B5AB7}.Release|Any CPU.ActiveCfg = Release|Any CPU
		{A4415A46-249B-46BD-96D1-D3D0DF6B5AB7}.Release|Any CPU.Build.0 = Release|Any CPU
		{A4415A46-249B-46BD-96D1-D3D0DF6B5AB7}.Release|x64.ActiveCfg = Release|Any CPU
		{A4415A46-249B-46BD-96D1-D3D0DF6B5AB7}.Release|x64.Build.0 = Release|Any CPU
		{A4415A46-249B-46BD-96D1-D3D0DF6B5AB7}.Release|x86.ActiveCfg = Release|Any CPU
		{A4415A46-249B-46BD-96D1-D3D0DF6B5AB7}.Release|x86.Build.0 = Release|Any CPU
		{8D607F65-ED96-4FD0-AC68-D0FED54095AF}.Debug|Any CPU.ActiveCfg = Debug|Any CPU
		{8D607F65-ED96-4FD0-AC68-D0FED54095AF}.Debug|Any CPU.Build.0 = Debug|Any CPU
		{8D607F65-ED96-4FD0-AC68-D0FED54095AF}.Debug|x64.ActiveCfg = Debug|Any CPU
		{8D607F65-ED96-4FD0-AC68-D0FED54095AF}.Debug|x64.Build.0 = Debug|Any CPU
		{8D607F65-ED96-4FD0-AC68-D0FED54095AF}.Debug|x86.ActiveCfg = Debug|Any CPU
		{8D607F65-ED96-4FD0-AC68-D0FED54095AF}.Debug|x86.Build.0 = Debug|Any CPU
		{8D607F65-ED96-4FD0-AC68-D0FED54095AF}.Release|Any CPU.ActiveCfg = Release|Any CPU
		{8D607F65-ED96-4FD0-AC68-D0FED54095AF}.Release|Any CPU.Build.0 = Release|Any CPU
		{8D607F65-ED96-4FD0-AC68-D0FED54095AF}.Release|x64.ActiveCfg = Release|Any CPU
		{8D607F65-ED96-4FD0-AC68-D0FED54095AF}.Release|x64.Build.0 = Release|Any CPU
		{8D607F65-ED96-4FD0-AC68-D0FED54095AF}.Release|x86.ActiveCfg = Release|Any CPU
		{8D607F65-ED96-4FD0-AC68-D0FED54095AF}.Release|x86.Build.0 = Release|Any CPU
		{305257A3-1374-4D7C-9E39-CE190EA19931}.Debug|Any CPU.ActiveCfg = Debug|Any CPU
		{305257A3-1374-4D7C-9E39-CE190EA19931}.Debug|Any CPU.Build.0 = Debug|Any CPU
		{305257A3-1374-4D7C-9E39-CE190EA19931}.Debug|x64.ActiveCfg = Debug|Any CPU
		{305257A3-1374-4D7C-9E39-CE190EA19931}.Debug|x64.Build.0 = Debug|Any CPU
		{305257A3-1374-4D7C-9E39-CE190EA19931}.Debug|x86.ActiveCfg = Debug|Any CPU
		{305257A3-1374-4D7C-9E39-CE190EA19931}.Debug|x86.Build.0 = Debug|Any CPU
		{305257A3-1374-4D7C-9E39-CE190EA19931}.Release|Any CPU.ActiveCfg = Release|Any CPU
		{305257A3-1374-4D7C-9E39-CE190EA19931}.Release|Any CPU.Build.0 = Release|Any CPU
		{305257A3-1374-4D7C-9E39-CE190EA19931}.Release|x64.ActiveCfg = Release|Any CPU
		{305257A3-1374-4D7C-9E39-CE190EA19931}.Release|x64.Build.0 = Release|Any CPU
		{305257A3-1374-4D7C-9E39-CE190EA19931}.Release|x86.ActiveCfg = Release|Any CPU
		{305257A3-1374-4D7C-9E39-CE190EA19931}.Release|x86.Build.0 = Release|Any CPU
		{E11D60A5-6536-445D-B65D-8F87DC439CD5}.Debug|Any CPU.ActiveCfg = Debug|Any CPU
		{E11D60A5-6536-445D-B65D-8F87DC439CD5}.Debug|Any CPU.Build.0 = Debug|Any CPU
		{E11D60A5-6536-445D-B65D-8F87DC439CD5}.Debug|x64.ActiveCfg = Debug|Any CPU
		{E11D60A5-6536-445D-B65D-8F87DC439CD5}.Debug|x64.Build.0 = Debug|Any CPU
		{E11D60A5-6536-445D-B65D-8F87DC439CD5}.Debug|x86.ActiveCfg = Debug|Any CPU
		{E11D60A5-6536-445D-B65D-8F87DC439CD5}.Debug|x86.Build.0 = Debug|Any CPU
		{E11D60A5-6536-445D-B65D-8F87DC439CD5}.Release|Any CPU.ActiveCfg = Release|Any CPU
		{E11D60A5-6536-445D-B65D-8F87DC439CD5}.Release|Any CPU.Build.0 = Release|Any CPU
		{E11D60A5-6536-445D-B65D-8F87DC439CD5}.Release|x64.ActiveCfg = Release|Any CPU
		{E11D60A5-6536-445D-B65D-8F87DC439CD5}.Release|x64.Build.0 = Release|Any CPU
		{E11D60A5-6536-445D-B65D-8F87DC439CD5}.Release|x86.ActiveCfg = Release|Any CPU
		{E11D60A5-6536-445D-B65D-8F87DC439CD5}.Release|x86.Build.0 = Release|Any CPU
		{DFE5F399-5161-4886-939D-EB86E2B11C48}.Debug|Any CPU.ActiveCfg = Debug|Any CPU
		{DFE5F399-5161-4886-939D-EB86E2B11C48}.Debug|Any CPU.Build.0 = Debug|Any CPU
		{DFE5F399-5161-4886-939D-EB86E2B11C48}.Debug|x64.ActiveCfg = Debug|Any CPU
		{DFE5F399-5161-4886-939D-EB86E2B11C48}.Debug|x64.Build.0 = Debug|Any CPU
		{DFE5F399-5161-4886-939D-EB86E2B11C48}.Debug|x86.ActiveCfg = Debug|Any CPU
		{DFE5F399-5161-4886-939D-EB86E2B11C48}.Debug|x86.Build.0 = Debug|Any CPU
		{DFE5F399-5161-4886-939D-EB86E2B11C48}.Release|Any CPU.ActiveCfg = Release|Any CPU
		{DFE5F399-5161-4886-939D-EB86E2B11C48}.Release|Any CPU.Build.0 = Release|Any CPU
		{DFE5F399-5161-4886-939D-EB86E2B11C48}.Release|x64.ActiveCfg = Release|Any CPU
		{DFE5F399-5161-4886-939D-EB86E2B11C48}.Release|x64.Build.0 = Release|Any CPU
		{DFE5F399-5161-4886-939D-EB86E2B11C48}.Release|x86.ActiveCfg = Release|Any CPU
		{DFE5F399-5161-4886-939D-EB86E2B11C48}.Release|x86.Build.0 = Release|Any CPU
		{8DA9EBA2-0F85-4518-B517-7DDD5B4E8222}.Debug|Any CPU.ActiveCfg = Debug|Any CPU
		{8DA9EBA2-0F85-4518-B517-7DDD5B4E8222}.Debug|Any CPU.Build.0 = Debug|Any CPU
		{8DA9EBA2-0F85-4518-B517-7DDD5B4E8222}.Debug|x64.ActiveCfg = Debug|Any CPU
		{8DA9EBA2-0F85-4518-B517-7DDD5B4E8222}.Debug|x64.Build.0 = Debug|Any CPU
		{8DA9EBA2-0F85-4518-B517-7DDD5B4E8222}.Debug|x86.ActiveCfg = Debug|Any CPU
		{8DA9EBA2-0F85-4518-B517-7DDD5B4E8222}.Debug|x86.Build.0 = Debug|Any CPU
		{8DA9EBA2-0F85-4518-B517-7DDD5B4E8222}.Release|Any CPU.ActiveCfg = Release|Any CPU
		{8DA9EBA2-0F85-4518-B517-7DDD5B4E8222}.Release|Any CPU.Build.0 = Release|Any CPU
		{8DA9EBA2-0F85-4518-B517-7DDD5B4E8222}.Release|x64.ActiveCfg = Release|Any CPU
		{8DA9EBA2-0F85-4518-B517-7DDD5B4E8222}.Release|x64.Build.0 = Release|Any CPU
		{8DA9EBA2-0F85-4518-B517-7DDD5B4E8222}.Release|x86.ActiveCfg = Release|Any CPU
		{8DA9EBA2-0F85-4518-B517-7DDD5B4E8222}.Release|x86.Build.0 = Release|Any CPU
		{54F40B62-E7BC-4169-8E6D-31DDFD9600CD}.Debug|Any CPU.ActiveCfg = Debug|Any CPU
		{54F40B62-E7BC-4169-8E6D-31DDFD9600CD}.Debug|Any CPU.Build.0 = Debug|Any CPU
		{54F40B62-E7BC-4169-8E6D-31DDFD9600CD}.Debug|x64.ActiveCfg = Debug|Any CPU
		{54F40B62-E7BC-4169-8E6D-31DDFD9600CD}.Debug|x64.Build.0 = Debug|Any CPU
		{54F40B62-E7BC-4169-8E6D-31DDFD9600CD}.Debug|x86.ActiveCfg = Debug|Any CPU
		{54F40B62-E7BC-4169-8E6D-31DDFD9600CD}.Debug|x86.Build.0 = Debug|Any CPU
		{54F40B62-E7BC-4169-8E6D-31DDFD9600CD}.Release|Any CPU.ActiveCfg = Release|Any CPU
		{54F40B62-E7BC-4169-8E6D-31DDFD9600CD}.Release|Any CPU.Build.0 = Release|Any CPU
		{54F40B62-E7BC-4169-8E6D-31DDFD9600CD}.Release|x64.ActiveCfg = Release|Any CPU
		{54F40B62-E7BC-4169-8E6D-31DDFD9600CD}.Release|x64.Build.0 = Release|Any CPU
		{54F40B62-E7BC-4169-8E6D-31DDFD9600CD}.Release|x86.ActiveCfg = Release|Any CPU
		{54F40B62-E7BC-4169-8E6D-31DDFD9600CD}.Release|x86.Build.0 = Release|Any CPU
		{DDC1FDC6-34BE-4FE6-A0F0-C53C49F15C5F}.Debug|Any CPU.ActiveCfg = Debug|Any CPU
		{DDC1FDC6-34BE-4FE6-A0F0-C53C49F15C5F}.Debug|Any CPU.Build.0 = Debug|Any CPU
		{DDC1FDC6-34BE-4FE6-A0F0-C53C49F15C5F}.Debug|x64.ActiveCfg = Debug|Any CPU
		{DDC1FDC6-34BE-4FE6-A0F0-C53C49F15C5F}.Debug|x64.Build.0 = Debug|Any CPU
		{DDC1FDC6-34BE-4FE6-A0F0-C53C49F15C5F}.Debug|x86.ActiveCfg = Debug|Any CPU
		{DDC1FDC6-34BE-4FE6-A0F0-C53C49F15C5F}.Debug|x86.Build.0 = Debug|Any CPU
		{DDC1FDC6-34BE-4FE6-A0F0-C53C49F15C5F}.Release|Any CPU.ActiveCfg = Release|Any CPU
		{DDC1FDC6-34BE-4FE6-A0F0-C53C49F15C5F}.Release|Any CPU.Build.0 = Release|Any CPU
		{DDC1FDC6-34BE-4FE6-A0F0-C53C49F15C5F}.Release|x64.ActiveCfg = Release|Any CPU
		{DDC1FDC6-34BE-4FE6-A0F0-C53C49F15C5F}.Release|x64.Build.0 = Release|Any CPU
		{DDC1FDC6-34BE-4FE6-A0F0-C53C49F15C5F}.Release|x86.ActiveCfg = Release|Any CPU
		{DDC1FDC6-34BE-4FE6-A0F0-C53C49F15C5F}.Release|x86.Build.0 = Release|Any CPU
		{8BBA454A-3CA6-4293-A321-A97304DDF1B0}.Debug|Any CPU.ActiveCfg = Debug|Any CPU
		{8BBA454A-3CA6-4293-A321-A97304DDF1B0}.Debug|Any CPU.Build.0 = Debug|Any CPU
		{8BBA454A-3CA6-4293-A321-A97304DDF1B0}.Debug|x64.ActiveCfg = Debug|Any CPU
		{8BBA454A-3CA6-4293-A321-A97304DDF1B0}.Debug|x64.Build.0 = Debug|Any CPU
		{8BBA454A-3CA6-4293-A321-A97304DDF1B0}.Debug|x86.ActiveCfg = Debug|Any CPU
		{8BBA454A-3CA6-4293-A321-A97304DDF1B0}.Debug|x86.Build.0 = Debug|Any CPU
		{8BBA454A-3CA6-4293-A321-A97304DDF1B0}.Release|Any CPU.ActiveCfg = Release|Any CPU
		{8BBA454A-3CA6-4293-A321-A97304DDF1B0}.Release|Any CPU.Build.0 = Release|Any CPU
		{8BBA454A-3CA6-4293-A321-A97304DDF1B0}.Release|x64.ActiveCfg = Release|Any CPU
		{8BBA454A-3CA6-4293-A321-A97304DDF1B0}.Release|x64.Build.0 = Release|Any CPU
		{8BBA454A-3CA6-4293-A321-A97304DDF1B0}.Release|x86.ActiveCfg = Release|Any CPU
		{8BBA454A-3CA6-4293-A321-A97304DDF1B0}.Release|x86.Build.0 = Release|Any CPU
		{070131F8-9D2A-41D4-A76E-67582EF68B71}.Debug|Any CPU.ActiveCfg = Debug|Any CPU
		{070131F8-9D2A-41D4-A76E-67582EF68B71}.Debug|Any CPU.Build.0 = Debug|Any CPU
		{070131F8-9D2A-41D4-A76E-67582EF68B71}.Debug|x64.ActiveCfg = Debug|Any CPU
		{070131F8-9D2A-41D4-A76E-67582EF68B71}.Debug|x64.Build.0 = Debug|Any CPU
		{070131F8-9D2A-41D4-A76E-67582EF68B71}.Debug|x86.ActiveCfg = Debug|Any CPU
		{070131F8-9D2A-41D4-A76E-67582EF68B71}.Debug|x86.Build.0 = Debug|Any CPU
		{070131F8-9D2A-41D4-A76E-67582EF68B71}.Release|Any CPU.ActiveCfg = Release|Any CPU
		{070131F8-9D2A-41D4-A76E-67582EF68B71}.Release|Any CPU.Build.0 = Release|Any CPU
		{070131F8-9D2A-41D4-A76E-67582EF68B71}.Release|x64.ActiveCfg = Release|Any CPU
		{070131F8-9D2A-41D4-A76E-67582EF68B71}.Release|x64.Build.0 = Release|Any CPU
		{070131F8-9D2A-41D4-A76E-67582EF68B71}.Release|x86.ActiveCfg = Release|Any CPU
		{070131F8-9D2A-41D4-A76E-67582EF68B71}.Release|x86.Build.0 = Release|Any CPU
		{60437E30-F5BA-4DC9-8325-01FB4CA2D742}.Debug|Any CPU.ActiveCfg = Debug|Any CPU
		{60437E30-F5BA-4DC9-8325-01FB4CA2D742}.Debug|Any CPU.Build.0 = Debug|Any CPU
		{60437E30-F5BA-4DC9-8325-01FB4CA2D742}.Debug|x64.ActiveCfg = Debug|Any CPU
		{60437E30-F5BA-4DC9-8325-01FB4CA2D742}.Debug|x64.Build.0 = Debug|Any CPU
		{60437E30-F5BA-4DC9-8325-01FB4CA2D742}.Debug|x86.ActiveCfg = Debug|Any CPU
		{60437E30-F5BA-4DC9-8325-01FB4CA2D742}.Debug|x86.Build.0 = Debug|Any CPU
		{60437E30-F5BA-4DC9-8325-01FB4CA2D742}.Release|Any CPU.ActiveCfg = Release|Any CPU
		{60437E30-F5BA-4DC9-8325-01FB4CA2D742}.Release|Any CPU.Build.0 = Release|Any CPU
		{60437E30-F5BA-4DC9-8325-01FB4CA2D742}.Release|x64.ActiveCfg = Release|Any CPU
		{60437E30-F5BA-4DC9-8325-01FB4CA2D742}.Release|x64.Build.0 = Release|Any CPU
		{60437E30-F5BA-4DC9-8325-01FB4CA2D742}.Release|x86.ActiveCfg = Release|Any CPU
		{60437E30-F5BA-4DC9-8325-01FB4CA2D742}.Release|x86.Build.0 = Release|Any CPU
		{C36A7AFB-2191-4D0F-A7DD-6EB48F0463CE}.Debug|Any CPU.ActiveCfg = Debug|Any CPU
		{C36A7AFB-2191-4D0F-A7DD-6EB48F0463CE}.Debug|Any CPU.Build.0 = Debug|Any CPU
		{C36A7AFB-2191-4D0F-A7DD-6EB48F0463CE}.Debug|x64.ActiveCfg = Debug|Any CPU
		{C36A7AFB-2191-4D0F-A7DD-6EB48F0463CE}.Debug|x64.Build.0 = Debug|Any CPU
		{C36A7AFB-2191-4D0F-A7DD-6EB48F0463CE}.Debug|x86.ActiveCfg = Debug|Any CPU
		{C36A7AFB-2191-4D0F-A7DD-6EB48F0463CE}.Debug|x86.Build.0 = Debug|Any CPU
		{C36A7AFB-2191-4D0F-A7DD-6EB48F0463CE}.Release|Any CPU.ActiveCfg = Release|Any CPU
		{C36A7AFB-2191-4D0F-A7DD-6EB48F0463CE}.Release|Any CPU.Build.0 = Release|Any CPU
		{C36A7AFB-2191-4D0F-A7DD-6EB48F0463CE}.Release|x64.ActiveCfg = Release|Any CPU
		{C36A7AFB-2191-4D0F-A7DD-6EB48F0463CE}.Release|x64.Build.0 = Release|Any CPU
		{C36A7AFB-2191-4D0F-A7DD-6EB48F0463CE}.Release|x86.ActiveCfg = Release|Any CPU
		{C36A7AFB-2191-4D0F-A7DD-6EB48F0463CE}.Release|x86.Build.0 = Release|Any CPU
	EndGlobalSection
	GlobalSection(SolutionProperties) = preSolution
		HideSolutionNode = FALSE
	EndGlobalSection
	GlobalSection(NestedProjects) = preSolution
		{CADD5842-C3F4-4E70-8C5D-C447827A83C2} = {3199F749-0082-41D0-91D3-ECED117F8B08}
		{A570C8FC-AEEB-49DF-9A47-9EDB027BEC67} = {3199F749-0082-41D0-91D3-ECED117F8B08}
		{41744E85-4BE4-4DA4-91B8-0DFA262CB11B} = {3234C3BB-1632-4684-838E-9D6D382D4D4D}
		{06CF93D0-29A4-4739-A681-EB6802A03BD8} = {41744E85-4BE4-4DA4-91B8-0DFA262CB11B}
		{0A0D76F1-5DB6-431B-9258-41591B87AB97} = {41744E85-4BE4-4DA4-91B8-0DFA262CB11B}
		{93E5DCEC-1D79-46AA-A937-2CABFA69C726} = {41744E85-4BE4-4DA4-91B8-0DFA262CB11B}
		{88F0DF4A-C5DD-43C2-B3F2-B60D7A02151C} = {41744E85-4BE4-4DA4-91B8-0DFA262CB11B}
		{7BA1DE7E-B862-4A0C-A6BF-EBF99C3AEB8B} = {41744E85-4BE4-4DA4-91B8-0DFA262CB11B}
		{8C68F8CB-DE35-4078-9F33-4691C56B1E52} = {41744E85-4BE4-4DA4-91B8-0DFA262CB11B}
		{055D20CD-E279-453A-BFCD-545669BF672B} = {41744E85-4BE4-4DA4-91B8-0DFA262CB11B}
		{D8206662-51A8-4407-8B0D-8E5F53A73F19} = {3199F749-0082-41D0-91D3-ECED117F8B08}
		{2B494844-B218-43B8-9FC3-9D0B2BC22BD6} = {3199F749-0082-41D0-91D3-ECED117F8B08}
		{D9B8D10F-3206-482F-8C4F-8079408ED224} = {3199F749-0082-41D0-91D3-ECED117F8B08}
		{0987AF3F-6EFC-4AE6-9007-DE9533934D82} = {3199F749-0082-41D0-91D3-ECED117F8B08}
		{35AE0870-0A6D-4F27-B534-B8DCDFD11A36} = {3234C3BB-1632-4684-838E-9D6D382D4D4D}
		{90B4A098-01AB-4B35-987E-838F2241DA17} = {3199F749-0082-41D0-91D3-ECED117F8B08}
		{FCC70943-06B2-4743-A99D-82F5122297F3} = {3234C3BB-1632-4684-838E-9D6D382D4D4D}
		{213F2EFE-F1DF-471C-A518-94D107DD543F} = {FCC70943-06B2-4743-A99D-82F5122297F3}
		{783F8A99-F164-42E3-BD7C-09D432D02DEE} = {3234C3BB-1632-4684-838E-9D6D382D4D4D}
		{86CE6DBE-418E-440B-9C27-58B00AFB2FCA} = {FCC70943-06B2-4743-A99D-82F5122297F3}
		{CEAA39C2-249C-44D0-94CF-8342CB35811D} = {783F8A99-F164-42E3-BD7C-09D432D02DEE}
		{A7C5D513-08D7-4BBF-9CB9-307EE91DA81D} = {35AE0870-0A6D-4F27-B534-B8DCDFD11A36}
		{06FE76EC-C7D1-4C46-8047-22D58C8437A2} = {35AE0870-0A6D-4F27-B534-B8DCDFD11A36}
		{05B6EF05-8053-45D1-8649-1779B0D7D6C7} = {9085B4F5-E26A-471D-B25D-5D69B0337B02}
		{9085B4F5-E26A-471D-B25D-5D69B0337B02} = {3234C3BB-1632-4684-838E-9D6D382D4D4D}
		{BBBCCC2B-2218-4C32-96EE-C2153A23F643} = {3199F749-0082-41D0-91D3-ECED117F8B08}
		{0F54DCE2-27A5-4D07-B542-6D2A7B50D0EC} = {3234C3BB-1632-4684-838E-9D6D382D4D4D}
		{256821F9-8160-4819-B0A1-B769C5BBBBB6} = {0F54DCE2-27A5-4D07-B542-6D2A7B50D0EC}
		{6E3ED0D2-0619-4CB6-BAE2-10488DF061C6} = {3199F749-0082-41D0-91D3-ECED117F8B08}
		{10B9612F-DE04-4007-BDDE-B3DEBCEE59EB} = {3199F749-0082-41D0-91D3-ECED117F8B08}
		{AE7572F9-5B50-4718-9552-3853C05E1A24} = {3234C3BB-1632-4684-838E-9D6D382D4D4D}
		{A8F70B2D-965E-41E5-A0CC-9F48C673CCFB} = {AE7572F9-5B50-4718-9552-3853C05E1A24}
		{DB2C927A-6C16-4163-A492-5072F11B67D4} = {AE7572F9-5B50-4718-9552-3853C05E1A24}
		{720E1999-9A71-49FD-B527-C07CF4510C9C} = {AE7572F9-5B50-4718-9552-3853C05E1A24}
		{A53F8891-29D2-449D-B9BA-062D19EC7834} = {3234C3BB-1632-4684-838E-9D6D382D4D4D}
		{5D9C635C-DDC0-4A54-A36D-D0F535638E79} = {A53F8891-29D2-449D-B9BA-062D19EC7834}
		{8F5C5AD3-8310-47A7-BB30-42C054D032E2} = {A53F8891-29D2-449D-B9BA-062D19EC7834}
		{6C07FC1A-4339-42AA-AF5F-83570F81A5A4} = {3199F749-0082-41D0-91D3-ECED117F8B08}
		{F5277287-1776-494B-92EE-7237D1B8949B} = {3199F749-0082-41D0-91D3-ECED117F8B08}
		{B10EBC65-DB29-44AE-8BEB-E4BD170924C3} = {3199F749-0082-41D0-91D3-ECED117F8B08}
		{924B529F-D036-464B-B1A6-257CD95143B4} = {3199F749-0082-41D0-91D3-ECED117F8B08}
		{43AD4063-F157-994B-5A6D-92B9ABCA126E} = {3234C3BB-1632-4684-838E-9D6D382D4D4D}
		{740F4266-7ADA-7893-C575-B8C531C029EC} = {3234C3BB-1632-4684-838E-9D6D382D4D4D}
		{DFF5FC1F-D20F-4BFE-BD58-A0B4F1E414CB} = {35AE0870-0A6D-4F27-B534-B8DCDFD11A36}
		{173CBA2D-76A2-457F-947A-8CBE38D63121} = {3234C3BB-1632-4684-838E-9D6D382D4D4D}
		{60782FC7-AB13-44D9-A4F1-E8C602697C3E} = {173CBA2D-76A2-457F-947A-8CBE38D63121}
		{FB4CC9E7-6DD0-4A06-816C-95E9F8F604A7} = {31D0B0DA-3F70-8AAB-D4B2-B98572D1139C}
		{336C31F8-0883-4748-B138-80A8DD0E8058} = {31D0B0DA-3F70-8AAB-D4B2-B98572D1139C}
		{13BADF3B-9771-4DA7-A360-9B24AEC7D153} = {31D0B0DA-3F70-8AAB-D4B2-B98572D1139C}
		{DFBA01D6-5D67-442B-8949-54A6BDCCF375} = {31D0B0DA-3F70-8AAB-D4B2-B98572D1139C}
		{EA570E99-825E-4578-B8C1-687C537F72AD} = {31D0B0DA-3F70-8AAB-D4B2-B98572D1139C}
		{3DC4AE69-AF48-4305-997D-6485FD0BE677} = {3B10151A-5687-1C7A-F285-81C534DE38B8}
		{7B936942-E44D-4FE3-8581-B6B10535C30C} = {3B10151A-5687-1C7A-F285-81C534DE38B8}
		{90F95BB5-7CBB-4FB9-8529-A9FE6FBF5B48} = {3B10151A-5687-1C7A-F285-81C534DE38B8}
		{D556B686-F089-4AB0-8508-2AD6B4749B42} = {3B10151A-5687-1C7A-F285-81C534DE38B8}
		{535B1E0A-C9AD-43B7-AFA0-EA2A9D01704B} = {3B10151A-5687-1C7A-F285-81C534DE38B8}
		{F8DB6093-C8BD-4731-8B78-3C127C39063D} = {7B0AA725-ACA6-F7D6-FC54-A6A550CF0AC8}
		{5ED3BEF0-FCD2-435D-8D27-46DE406F735A} = {D98CB43D-0258-2BB5-B133-424D9B5195EA}
		{DAD705F2-F33C-4D77-86B6-E981E61DE235} = {D98CB43D-0258-2BB5-B133-424D9B5195EA}
		{5F8EAE23-9CFA-4CCE-B522-FA5F0BA7D50F} = {D98CB43D-0258-2BB5-B133-424D9B5195EA}
		{A8605EEB-BB5D-450F-806A-22E8707494E1} = {48A3FC7F-661D-68E4-77B8-76A1C7AA7E61}
		{3950590A-A437-4915-B152-F9F03E4D44E7} = {48A3FC7F-661D-68E4-77B8-76A1C7AA7E61}
		{A4415A46-249B-46BD-96D1-D3D0DF6B5AB7} = {B411C083-355A-2464-FDEE-681E8D47BB7C}
		{8D607F65-ED96-4FD0-AC68-D0FED54095AF} = {B411C083-355A-2464-FDEE-681E8D47BB7C}
		{305257A3-1374-4D7C-9E39-CE190EA19931} = {48A3FC7F-661D-68E4-77B8-76A1C7AA7E61}
		{E11D60A5-6536-445D-B65D-8F87DC439CD5} = {48A3FC7F-661D-68E4-77B8-76A1C7AA7E61}
		{DFE5F399-5161-4886-939D-EB86E2B11C48} = {48A3FC7F-661D-68E4-77B8-76A1C7AA7E61}
		{8DA9EBA2-0F85-4518-B517-7DDD5B4E8222} = {48A3FC7F-661D-68E4-77B8-76A1C7AA7E61}
		{54F40B62-E7BC-4169-8E6D-31DDFD9600CD} = {48A3FC7F-661D-68E4-77B8-76A1C7AA7E61}
		{DDC1FDC6-34BE-4FE6-A0F0-C53C49F15C5F} = {AA81E3CF-C1BB-70B4-13CB-5131BB298347}
		{8BBA454A-3CA6-4293-A321-A97304DDF1B0} = {AA81E3CF-C1BB-70B4-13CB-5131BB298347}
		{070131F8-9D2A-41D4-A76E-67582EF68B71} = {AA81E3CF-C1BB-70B4-13CB-5131BB298347}
		{60437E30-F5BA-4DC9-8325-01FB4CA2D742} = {AA81E3CF-C1BB-70B4-13CB-5131BB298347}
		{C36A7AFB-2191-4D0F-A7DD-6EB48F0463CE} = {AA81E3CF-C1BB-70B4-13CB-5131BB298347}
	EndGlobalSection
	GlobalSection(ExtensibilityGlobals) = postSolution
		SolutionGuid = {0B0CD26D-8067-4667-863E-6B0EE7EDAA42}
	EndGlobalSection
EndGlobal
