
Microsoft Visual Studio Solution File, Format Version 12.00
# Visual Studio Version 17
VisualStudioVersion = 17.0.31903.59
MinimumVisualStudioVersion = 10.0.40219.1
Project("{9A19103F-16F7-4668-BE54-9A1E7A4F7556}") = "RCommon.Core", "RCommon.Core\RCommon.Core.csproj", "{04F96FF4-7229-4468-A486-086993EFD2A2}"
EndProject
Project("{9A19103F-16F7-4668-BE54-9A1E7A4F7556}") = "RCommon.DependencyInjection", "RCommon.DependencyInjection\RCommon.DependencyInjection.csproj", "{3D1AEC2A-77E4-4E2A-8FA9-D782E5F99CD0}"
EndProject
Project("{9A19103F-16F7-4668-BE54-9A1E7A4F7556}") = "RCommon.Persistence.EFCore", "RCommon.Persistence.EfCore\RCommon.Persistence.EFCore.csproj", "{D24B4C22-2EBF-4412-B2D9-B4DBC4482756}"
EndProject
Project("{9A19103F-16F7-4668-BE54-9A1E7A4F7556}") = "RCommon.Persistence.NHibernate", "RCommon.Persistence.NHibernate\RCommon.Persistence.NHibernate.csproj", "{8D53A0C7-0700-4862-91C6-926C1382CC6D}"
EndProject
Project("{9A19103F-16F7-4668-BE54-9A1E7A4F7556}") = "RCommon.DependencyInjection.Autofac", "RCommon.DepenencyInjection.Autofac\RCommon.DependencyInjection.Autofac.csproj", "{5FE75456-0764-4946-A5A3-9F893745FDD4}"
EndProject
Project("{9A19103F-16F7-4668-BE54-9A1E7A4F7556}") = "RCommon.DependencyInjection.CastleWindsor", "RCommon.DependencyInjection.CastleWindsor\RCommon.DependencyInjection.CastleWindsor.csproj", "{A92D9860-39F1-4D27-89DF-0FA40FFED1A9}"
EndProject
Project("{2150E333-8FDC-42A3-9474-1A3956D46DE8}") = "Tests", "Tests", "{0AF37317-F10E-47E8-A4C8-9EA886E00E40}"
EndProject
Project("{2150E333-8FDC-42A3-9474-1A3956D46DE8}") = "Dependency Injection", "Dependency Injection", "{FF409757-E986-43E2-B465-B64D246AF63B}"
EndProject
Project("{9A19103F-16F7-4668-BE54-9A1E7A4F7556}") = "RCommon.Tests", "..\Tests\RCommon.Tests\RCommon.Tests.csproj", "{68ED8F88-64A7-4F54-8A05-DDBB6894F10B}"
EndProject
Project("{9A19103F-16F7-4668-BE54-9A1E7A4F7556}") = "RCommon.Persistence.EFCore.Tests", "..\Tests\RCommon.Persistence.EFCore.Tests\RCommon.Persistence.EFCore.Tests.csproj", "{31DF0037-CA8E-4979-946B-F7554BFF48C4}"
EndProject
Project("{9A19103F-16F7-4668-BE54-9A1E7A4F7556}") = "RCommon.Persistence.NHibernate.Tests", "..\Tests\RCommon.Persistence.NHibernate.Tests\RCommon.Persistence.NHibernate.Tests.csproj", "{97A6138B-5602-4247-A4BD-555846FB6702}"
EndProject
Project("{9A19103F-16F7-4668-BE54-9A1E7A4F7556}") = "RCommon.DependencyInjection.Microsoft", "RCommon.DependencyInjection.Microsoft\RCommon.DependencyInjection.Microsoft.csproj", "{6FB45C2A-F38A-4865-BFB7-1CFC9197A837}"
EndProject
Project("{9A19103F-16F7-4668-BE54-9A1E7A4F7556}") = "RCommon.ExceptionHandling.EnterpriseLibraryCore", "RCommon.ExceptionHandling.EnterpriseLibraryCore\RCommon.ExceptionHandling.EnterpriseLibraryCore.csproj", "{55FB91BD-E1FA-4F3F-8CC6-62AB92D668F8}"
EndProject
Project("{9A19103F-16F7-4668-BE54-9A1E7A4F7556}") = "RCommon.ExceptionHandling.EnterpriseLibraryCore.Tests", "..\Tests\RCommon.ExceptionHandling.EnterpriseLibraryCore.Tests\RCommon.ExceptionHandling.EnterpriseLibraryCore.Tests.csproj", "{FB6002E5-0E17-403F-9DFB-482AB7A4E525}"
EndProject
Project("{9A19103F-16F7-4668-BE54-9A1E7A4F7556}") = "RCommon.TestBase", "..\Tests\RCommon.TestBase\RCommon.TestBase.csproj", "{3A6EE1AD-5E24-4CA4-B64D-E1517EB2DF63}"
EndProject
Project("{9A19103F-16F7-4668-BE54-9A1E7A4F7556}") = "RCommon.Persistence.Dapper", "RCommon.Persistence.Dapper\RCommon.Persistence.Dapper.csproj", "{4936D8C3-7C82-4014-97AD-1FD3B1BAAE70}"
EndProject
Project("{9A19103F-16F7-4668-BE54-9A1E7A4F7556}") = "RCommon.Persistence.Dapper.Tests", "..\Tests\RCommon.Persistence.Dapper.Tests\RCommon.Persistence.Dapper.Tests.csproj", "{AB009DA1-E781-4EBF-B1A5-EA31A82F004E}"
EndProject
Project("{2150E333-8FDC-42A3-9474-1A3956D46DE8}") = "Persistence", "Persistence", "{0A72EADE-8CF6-49A8-A594-55F54BBF61C6}"
EndProject
Project("{9A19103F-16F7-4668-BE54-9A1E7A4F7556}") = "RCommon.Validation", "RCommon.Validation\RCommon.Validation.csproj", "{9BC9743D-BB10-4CC7-98C7-53C168D15121}"
EndProject
Project("{9A19103F-16F7-4668-BE54-9A1E7A4F7556}") = "RCommon.ApplicationServices", "RCommon.ApplicationServices\RCommon.ApplicationServices.csproj", "{D0A71FB7-0BC7-40F3-9040-7667D6316D89}"
EndProject
Project("{9A19103F-16F7-4668-BE54-9A1E7A4F7556}") = "RCommon.DataServices", "RCommon.DataServices\RCommon.DataServices.csproj", "{25B9AD33-2516-498D-9BBD-C6728649FDDF}"
EndProject
Project("{9A19103F-16F7-4668-BE54-9A1E7A4F7556}") = "RCommon.ExceptionHandling", "RCommon.ExceptionHandling\RCommon.ExceptionHandling.csproj", "{EFBDE01F-9BB3-4176-9F77-37F30D9C6947}"
EndProject
Project("{2150E333-8FDC-42A3-9474-1A3956D46DE8}") = "Exception Handling", "Exception Handling", "{81653BE2-F706-493D-A9AD-7538C9F210FA}"
EndProject
Project("{9A19103F-16F7-4668-BE54-9A1E7A4F7556}") = "RCommon.Models", "RCommon.Models\RCommon.Models.csproj", "{60DD21D4-98D7-4101-86E3-8B2E4BA253EA}"
EndProject
Project("{9A19103F-16F7-4668-BE54-9A1E7A4F7556}") = "RCommon.BusinessEntities", "RCommon.BusinessEntities\RCommon.BusinessEntities.csproj", "{E826DF9F-418D-4978-B357-304E732EFE9E}"
EndProject
Project("{2150E333-8FDC-42A3-9474-1A3956D46DE8}") = "Persistance", "Persistance", "{F8D8C009-564C-4F33-A49B-CE7830575A09}"
EndProject
Project("{2150E333-8FDC-42A3-9474-1A3956D46DE8}") = "Exception Handling", "Exception Handling", "{C120A15C-F5B4-4DB1-89C2-2B6B72675933}"
EndProject
Project("{9A19103F-16F7-4668-BE54-9A1E7A4F7556}") = "RCommon.Persistence", "RCommon.Persistence\RCommon.Persistence.csproj", "{C5AAB002-5E01-4E0A-8259-A29A8FAEA581}"
EndProject
Project("{9A19103F-16F7-4668-BE54-9A1E7A4F7556}") = "RCommon.Authorization.Web", "RCommon.Authorization.Web\RCommon.Authorization.Web.csproj", "{EB9D0188-16C7-4A77-AB00-C858A6302BE4}"
EndProject
Project("{9A19103F-16F7-4668-BE54-9A1E7A4F7556}") = "RCommon.Web", "RCommon.Web\RCommon.Web.csproj", "{659EE78E-5572-4D2D-A41B-BB08668C57A6}"
EndProject
Project("{9A19103F-16F7-4668-BE54-9A1E7A4F7556}") = "RCommon.ApplicationServices.Messaging", "RCommon.ApplicationServices.Messaging\RCommon.ApplicationServices.Messaging.csproj", "{50114EC6-C2BD-4F2E-A4F2-0498070A523A}"
EndProject
Project("{2150E333-8FDC-42A3-9474-1A3956D46DE8}") = "Security", "Security", "{F9A029E9-E0A2-4439-9F26-9DC4D9D770A8}"
EndProject
Project("{9A19103F-16F7-4668-BE54-9A1E7A4F7556}") = "RCommon.Security.Tests", "..\Tests\RCommon.Security.Tests\RCommon.Security.Tests.csproj", "{63CC3BD7-CCD0-4703-92D9-EAEC1EA8AA18}"
EndProject
Project("{9A19103F-16F7-4668-BE54-9A1E7A4F7556}") = "RCommon.Security", "RCommon.Security\RCommon.Security.csproj", "{212574F3-69B6-4F35-B9EE-F0965215BA22}"
EndProject
Project("{2150E333-8FDC-42A3-9474-1A3956D46DE8}") = "Emailing", "Emailing", "{F709D121-70CF-4266-A303-71180B2BFE3C}"
EndProject
Project("{9A19103F-16F7-4668-BE54-9A1E7A4F7556}") = "RCommon.Emailing", "RCommon.Emailing\RCommon.Emailing.csproj", "{2D94CD97-1AB3-438B-8877-F238CAC24DDC}"
EndProject
Project("{9A19103F-16F7-4668-BE54-9A1E7A4F7556}") = "RCommon.Emailing.SendGrid", "RCommon.Emailing.SendGrid\RCommon.Emailing.SendGrid.csproj", "{404EDC63-3ED8-4E27-B30B-B3C26C778E90}"
EndProject
Project("{2150E333-8FDC-42A3-9474-1A3956D46DE8}") = "Emailing", "Emailing", "{CC5AA114-1483-404D-9D77-96F106CEB178}"
EndProject
Project("{9A19103F-16F7-4668-BE54-9A1E7A4F7556}") = "RCommon.Emailing.Tests", "..\Tests\RCommon.Emailing.Tests\RCommon.Emailing.Tests.csproj", "{AD71D678-BF97-4CF3-8D33-0B3E4CA8825F}"
EndProject
Project("{9A19103F-16F7-4668-BE54-9A1E7A4F7556}") = "RCommon.Emailing.SendGrid.Tests", "..\Tests\RCommon.Emailing.SendGrid.Tests\RCommon.Emailing.SendGrid.Tests.csproj", "{2A857FB0-CBCA-461F-B4DE-2148C3EDE5CC}"
EndProject
Global
	GlobalSection(SolutionConfigurationPlatforms) = preSolution
		Debug|Any CPU = Debug|Any CPU
		Release|Any CPU = Release|Any CPU
	EndGlobalSection
	GlobalSection(ProjectConfigurationPlatforms) = postSolution
		{04F96FF4-7229-4468-A486-086993EFD2A2}.Debug|Any CPU.ActiveCfg = Debug|Any CPU
		{04F96FF4-7229-4468-A486-086993EFD2A2}.Debug|Any CPU.Build.0 = Debug|Any CPU
		{04F96FF4-7229-4468-A486-086993EFD2A2}.Release|Any CPU.ActiveCfg = Release|Any CPU
		{04F96FF4-7229-4468-A486-086993EFD2A2}.Release|Any CPU.Build.0 = Release|Any CPU
		{3D1AEC2A-77E4-4E2A-8FA9-D782E5F99CD0}.Debug|Any CPU.ActiveCfg = Debug|Any CPU
		{3D1AEC2A-77E4-4E2A-8FA9-D782E5F99CD0}.Debug|Any CPU.Build.0 = Debug|Any CPU
		{3D1AEC2A-77E4-4E2A-8FA9-D782E5F99CD0}.Release|Any CPU.ActiveCfg = Release|Any CPU
		{3D1AEC2A-77E4-4E2A-8FA9-D782E5F99CD0}.Release|Any CPU.Build.0 = Release|Any CPU
		{D24B4C22-2EBF-4412-B2D9-B4DBC4482756}.Debug|Any CPU.ActiveCfg = Debug|Any CPU
		{D24B4C22-2EBF-4412-B2D9-B4DBC4482756}.Debug|Any CPU.Build.0 = Debug|Any CPU
		{D24B4C22-2EBF-4412-B2D9-B4DBC4482756}.Release|Any CPU.ActiveCfg = Release|Any CPU
		{D24B4C22-2EBF-4412-B2D9-B4DBC4482756}.Release|Any CPU.Build.0 = Release|Any CPU
		{8D53A0C7-0700-4862-91C6-926C1382CC6D}.Debug|Any CPU.ActiveCfg = Debug|Any CPU
		{8D53A0C7-0700-4862-91C6-926C1382CC6D}.Debug|Any CPU.Build.0 = Debug|Any CPU
		{8D53A0C7-0700-4862-91C6-926C1382CC6D}.Release|Any CPU.ActiveCfg = Release|Any CPU
		{8D53A0C7-0700-4862-91C6-926C1382CC6D}.Release|Any CPU.Build.0 = Release|Any CPU
		{5FE75456-0764-4946-A5A3-9F893745FDD4}.Debug|Any CPU.ActiveCfg = Debug|Any CPU
		{5FE75456-0764-4946-A5A3-9F893745FDD4}.Debug|Any CPU.Build.0 = Debug|Any CPU
		{5FE75456-0764-4946-A5A3-9F893745FDD4}.Release|Any CPU.ActiveCfg = Release|Any CPU
		{5FE75456-0764-4946-A5A3-9F893745FDD4}.Release|Any CPU.Build.0 = Release|Any CPU
		{A92D9860-39F1-4D27-89DF-0FA40FFED1A9}.Debug|Any CPU.ActiveCfg = Debug|Any CPU
		{A92D9860-39F1-4D27-89DF-0FA40FFED1A9}.Debug|Any CPU.Build.0 = Debug|Any CPU
		{A92D9860-39F1-4D27-89DF-0FA40FFED1A9}.Release|Any CPU.ActiveCfg = Release|Any CPU
		{A92D9860-39F1-4D27-89DF-0FA40FFED1A9}.Release|Any CPU.Build.0 = Release|Any CPU
		{68ED8F88-64A7-4F54-8A05-DDBB6894F10B}.Debug|Any CPU.ActiveCfg = Debug|Any CPU
		{68ED8F88-64A7-4F54-8A05-DDBB6894F10B}.Debug|Any CPU.Build.0 = Debug|Any CPU
		{68ED8F88-64A7-4F54-8A05-DDBB6894F10B}.Release|Any CPU.ActiveCfg = Release|Any CPU
		{68ED8F88-64A7-4F54-8A05-DDBB6894F10B}.Release|Any CPU.Build.0 = Release|Any CPU
		{31DF0037-CA8E-4979-946B-F7554BFF48C4}.Debug|Any CPU.ActiveCfg = Debug|Any CPU
		{31DF0037-CA8E-4979-946B-F7554BFF48C4}.Debug|Any CPU.Build.0 = Debug|Any CPU
		{31DF0037-CA8E-4979-946B-F7554BFF48C4}.Release|Any CPU.ActiveCfg = Release|Any CPU
		{31DF0037-CA8E-4979-946B-F7554BFF48C4}.Release|Any CPU.Build.0 = Release|Any CPU
		{97A6138B-5602-4247-A4BD-555846FB6702}.Debug|Any CPU.ActiveCfg = Debug|Any CPU
		{97A6138B-5602-4247-A4BD-555846FB6702}.Debug|Any CPU.Build.0 = Debug|Any CPU
		{97A6138B-5602-4247-A4BD-555846FB6702}.Release|Any CPU.ActiveCfg = Release|Any CPU
		{97A6138B-5602-4247-A4BD-555846FB6702}.Release|Any CPU.Build.0 = Release|Any CPU
		{6FB45C2A-F38A-4865-BFB7-1CFC9197A837}.Debug|Any CPU.ActiveCfg = Debug|Any CPU
		{6FB45C2A-F38A-4865-BFB7-1CFC9197A837}.Debug|Any CPU.Build.0 = Debug|Any CPU
		{6FB45C2A-F38A-4865-BFB7-1CFC9197A837}.Release|Any CPU.ActiveCfg = Release|Any CPU
		{6FB45C2A-F38A-4865-BFB7-1CFC9197A837}.Release|Any CPU.Build.0 = Release|Any CPU
		{55FB91BD-E1FA-4F3F-8CC6-62AB92D668F8}.Debug|Any CPU.ActiveCfg = Debug|Any CPU
		{55FB91BD-E1FA-4F3F-8CC6-62AB92D668F8}.Debug|Any CPU.Build.0 = Debug|Any CPU
		{55FB91BD-E1FA-4F3F-8CC6-62AB92D668F8}.Release|Any CPU.ActiveCfg = Release|Any CPU
		{55FB91BD-E1FA-4F3F-8CC6-62AB92D668F8}.Release|Any CPU.Build.0 = Release|Any CPU
		{FB6002E5-0E17-403F-9DFB-482AB7A4E525}.Debug|Any CPU.ActiveCfg = Debug|Any CPU
		{FB6002E5-0E17-403F-9DFB-482AB7A4E525}.Debug|Any CPU.Build.0 = Debug|Any CPU
		{FB6002E5-0E17-403F-9DFB-482AB7A4E525}.Release|Any CPU.ActiveCfg = Release|Any CPU
		{FB6002E5-0E17-403F-9DFB-482AB7A4E525}.Release|Any CPU.Build.0 = Release|Any CPU
		{3A6EE1AD-5E24-4CA4-B64D-E1517EB2DF63}.Debug|Any CPU.ActiveCfg = Debug|Any CPU
		{3A6EE1AD-5E24-4CA4-B64D-E1517EB2DF63}.Debug|Any CPU.Build.0 = Debug|Any CPU
		{3A6EE1AD-5E24-4CA4-B64D-E1517EB2DF63}.Release|Any CPU.ActiveCfg = Release|Any CPU
		{3A6EE1AD-5E24-4CA4-B64D-E1517EB2DF63}.Release|Any CPU.Build.0 = Release|Any CPU
		{4936D8C3-7C82-4014-97AD-1FD3B1BAAE70}.Debug|Any CPU.ActiveCfg = Debug|Any CPU
		{4936D8C3-7C82-4014-97AD-1FD3B1BAAE70}.Debug|Any CPU.Build.0 = Debug|Any CPU
		{4936D8C3-7C82-4014-97AD-1FD3B1BAAE70}.Release|Any CPU.ActiveCfg = Release|Any CPU
		{4936D8C3-7C82-4014-97AD-1FD3B1BAAE70}.Release|Any CPU.Build.0 = Release|Any CPU
		{AB009DA1-E781-4EBF-B1A5-EA31A82F004E}.Debug|Any CPU.ActiveCfg = Debug|Any CPU
		{AB009DA1-E781-4EBF-B1A5-EA31A82F004E}.Debug|Any CPU.Build.0 = Debug|Any CPU
		{AB009DA1-E781-4EBF-B1A5-EA31A82F004E}.Release|Any CPU.ActiveCfg = Release|Any CPU
		{AB009DA1-E781-4EBF-B1A5-EA31A82F004E}.Release|Any CPU.Build.0 = Release|Any CPU
		{9BC9743D-BB10-4CC7-98C7-53C168D15121}.Debug|Any CPU.ActiveCfg = Debug|Any CPU
		{9BC9743D-BB10-4CC7-98C7-53C168D15121}.Debug|Any CPU.Build.0 = Debug|Any CPU
		{9BC9743D-BB10-4CC7-98C7-53C168D15121}.Release|Any CPU.ActiveCfg = Release|Any CPU
		{9BC9743D-BB10-4CC7-98C7-53C168D15121}.Release|Any CPU.Build.0 = Release|Any CPU
		{D0A71FB7-0BC7-40F3-9040-7667D6316D89}.Debug|Any CPU.ActiveCfg = Debug|Any CPU
		{D0A71FB7-0BC7-40F3-9040-7667D6316D89}.Debug|Any CPU.Build.0 = Debug|Any CPU
		{D0A71FB7-0BC7-40F3-9040-7667D6316D89}.Release|Any CPU.ActiveCfg = Release|Any CPU
		{D0A71FB7-0BC7-40F3-9040-7667D6316D89}.Release|Any CPU.Build.0 = Release|Any CPU
		{25B9AD33-2516-498D-9BBD-C6728649FDDF}.Debug|Any CPU.ActiveCfg = Debug|Any CPU
		{25B9AD33-2516-498D-9BBD-C6728649FDDF}.Debug|Any CPU.Build.0 = Debug|Any CPU
		{25B9AD33-2516-498D-9BBD-C6728649FDDF}.Release|Any CPU.ActiveCfg = Release|Any CPU
		{25B9AD33-2516-498D-9BBD-C6728649FDDF}.Release|Any CPU.Build.0 = Release|Any CPU
		{EFBDE01F-9BB3-4176-9F77-37F30D9C6947}.Debug|Any CPU.ActiveCfg = Debug|Any CPU
		{EFBDE01F-9BB3-4176-9F77-37F30D9C6947}.Debug|Any CPU.Build.0 = Debug|Any CPU
		{EFBDE01F-9BB3-4176-9F77-37F30D9C6947}.Release|Any CPU.ActiveCfg = Release|Any CPU
		{EFBDE01F-9BB3-4176-9F77-37F30D9C6947}.Release|Any CPU.Build.0 = Release|Any CPU
		{60DD21D4-98D7-4101-86E3-8B2E4BA253EA}.Debug|Any CPU.ActiveCfg = Debug|Any CPU
		{60DD21D4-98D7-4101-86E3-8B2E4BA253EA}.Debug|Any CPU.Build.0 = Debug|Any CPU
		{60DD21D4-98D7-4101-86E3-8B2E4BA253EA}.Release|Any CPU.ActiveCfg = Release|Any CPU
		{60DD21D4-98D7-4101-86E3-8B2E4BA253EA}.Release|Any CPU.Build.0 = Release|Any CPU
		{E826DF9F-418D-4978-B357-304E732EFE9E}.Debug|Any CPU.ActiveCfg = Debug|Any CPU
		{E826DF9F-418D-4978-B357-304E732EFE9E}.Debug|Any CPU.Build.0 = Debug|Any CPU
		{E826DF9F-418D-4978-B357-304E732EFE9E}.Release|Any CPU.ActiveCfg = Release|Any CPU
		{E826DF9F-418D-4978-B357-304E732EFE9E}.Release|Any CPU.Build.0 = Release|Any CPU
		{C5AAB002-5E01-4E0A-8259-A29A8FAEA581}.Debug|Any CPU.ActiveCfg = Debug|Any CPU
		{C5AAB002-5E01-4E0A-8259-A29A8FAEA581}.Debug|Any CPU.Build.0 = Debug|Any CPU
		{C5AAB002-5E01-4E0A-8259-A29A8FAEA581}.Release|Any CPU.ActiveCfg = Release|Any CPU
		{C5AAB002-5E01-4E0A-8259-A29A8FAEA581}.Release|Any CPU.Build.0 = Release|Any CPU
		{EB9D0188-16C7-4A77-AB00-C858A6302BE4}.Debug|Any CPU.ActiveCfg = Debug|Any CPU
		{EB9D0188-16C7-4A77-AB00-C858A6302BE4}.Debug|Any CPU.Build.0 = Debug|Any CPU
		{EB9D0188-16C7-4A77-AB00-C858A6302BE4}.Release|Any CPU.ActiveCfg = Release|Any CPU
		{EB9D0188-16C7-4A77-AB00-C858A6302BE4}.Release|Any CPU.Build.0 = Release|Any CPU
		{659EE78E-5572-4D2D-A41B-BB08668C57A6}.Debug|Any CPU.ActiveCfg = Debug|Any CPU
		{659EE78E-5572-4D2D-A41B-BB08668C57A6}.Debug|Any CPU.Build.0 = Debug|Any CPU
		{659EE78E-5572-4D2D-A41B-BB08668C57A6}.Release|Any CPU.ActiveCfg = Release|Any CPU
		{659EE78E-5572-4D2D-A41B-BB08668C57A6}.Release|Any CPU.Build.0 = Release|Any CPU
		{50114EC6-C2BD-4F2E-A4F2-0498070A523A}.Debug|Any CPU.ActiveCfg = Debug|Any CPU
		{50114EC6-C2BD-4F2E-A4F2-0498070A523A}.Debug|Any CPU.Build.0 = Debug|Any CPU
		{50114EC6-C2BD-4F2E-A4F2-0498070A523A}.Release|Any CPU.ActiveCfg = Release|Any CPU
		{50114EC6-C2BD-4F2E-A4F2-0498070A523A}.Release|Any CPU.Build.0 = Release|Any CPU
		{63CC3BD7-CCD0-4703-92D9-EAEC1EA8AA18}.Debug|Any CPU.ActiveCfg = Debug|Any CPU
		{63CC3BD7-CCD0-4703-92D9-EAEC1EA8AA18}.Debug|Any CPU.Build.0 = Debug|Any CPU
		{63CC3BD7-CCD0-4703-92D9-EAEC1EA8AA18}.Release|Any CPU.ActiveCfg = Release|Any CPU
		{63CC3BD7-CCD0-4703-92D9-EAEC1EA8AA18}.Release|Any CPU.Build.0 = Release|Any CPU
		{212574F3-69B6-4F35-B9EE-F0965215BA22}.Debug|Any CPU.ActiveCfg = Debug|Any CPU
		{212574F3-69B6-4F35-B9EE-F0965215BA22}.Debug|Any CPU.Build.0 = Debug|Any CPU
		{212574F3-69B6-4F35-B9EE-F0965215BA22}.Release|Any CPU.ActiveCfg = Release|Any CPU
		{212574F3-69B6-4F35-B9EE-F0965215BA22}.Release|Any CPU.Build.0 = Release|Any CPU
		{2D94CD97-1AB3-438B-8877-F238CAC24DDC}.Debug|Any CPU.ActiveCfg = Debug|Any CPU
		{2D94CD97-1AB3-438B-8877-F238CAC24DDC}.Debug|Any CPU.Build.0 = Debug|Any CPU
		{2D94CD97-1AB3-438B-8877-F238CAC24DDC}.Release|Any CPU.ActiveCfg = Release|Any CPU
		{2D94CD97-1AB3-438B-8877-F238CAC24DDC}.Release|Any CPU.Build.0 = Release|Any CPU
		{404EDC63-3ED8-4E27-B30B-B3C26C778E90}.Debug|Any CPU.ActiveCfg = Debug|Any CPU
		{404EDC63-3ED8-4E27-B30B-B3C26C778E90}.Debug|Any CPU.Build.0 = Debug|Any CPU
		{404EDC63-3ED8-4E27-B30B-B3C26C778E90}.Release|Any CPU.ActiveCfg = Release|Any CPU
		{404EDC63-3ED8-4E27-B30B-B3C26C778E90}.Release|Any CPU.Build.0 = Release|Any CPU
		{AD71D678-BF97-4CF3-8D33-0B3E4CA8825F}.Debug|Any CPU.ActiveCfg = Debug|Any CPU
		{AD71D678-BF97-4CF3-8D33-0B3E4CA8825F}.Debug|Any CPU.Build.0 = Debug|Any CPU
		{AD71D678-BF97-4CF3-8D33-0B3E4CA8825F}.Release|Any CPU.ActiveCfg = Release|Any CPU
		{AD71D678-BF97-4CF3-8D33-0B3E4CA8825F}.Release|Any CPU.Build.0 = Release|Any CPU
		{2A857FB0-CBCA-461F-B4DE-2148C3EDE5CC}.Debug|Any CPU.ActiveCfg = Debug|Any CPU
		{2A857FB0-CBCA-461F-B4DE-2148C3EDE5CC}.Debug|Any CPU.Build.0 = Debug|Any CPU
		{2A857FB0-CBCA-461F-B4DE-2148C3EDE5CC}.Release|Any CPU.ActiveCfg = Release|Any CPU
		{2A857FB0-CBCA-461F-B4DE-2148C3EDE5CC}.Release|Any CPU.Build.0 = Release|Any CPU
	EndGlobalSection
	GlobalSection(SolutionProperties) = preSolution
		HideSolutionNode = FALSE
	EndGlobalSection
	GlobalSection(NestedProjects) = preSolution
		{3D1AEC2A-77E4-4E2A-8FA9-D782E5F99CD0} = {FF409757-E986-43E2-B465-B64D246AF63B}
		{D24B4C22-2EBF-4412-B2D9-B4DBC4482756} = {0A72EADE-8CF6-49A8-A594-55F54BBF61C6}
		{8D53A0C7-0700-4862-91C6-926C1382CC6D} = {0A72EADE-8CF6-49A8-A594-55F54BBF61C6}
		{5FE75456-0764-4946-A5A3-9F893745FDD4} = {FF409757-E986-43E2-B465-B64D246AF63B}
		{A92D9860-39F1-4D27-89DF-0FA40FFED1A9} = {FF409757-E986-43E2-B465-B64D246AF63B}
		{68ED8F88-64A7-4F54-8A05-DDBB6894F10B} = {0AF37317-F10E-47E8-A4C8-9EA886E00E40}
		{31DF0037-CA8E-4979-946B-F7554BFF48C4} = {F8D8C009-564C-4F33-A49B-CE7830575A09}
		{97A6138B-5602-4247-A4BD-555846FB6702} = {F8D8C009-564C-4F33-A49B-CE7830575A09}
		{6FB45C2A-F38A-4865-BFB7-1CFC9197A837} = {FF409757-E986-43E2-B465-B64D246AF63B}
		{55FB91BD-E1FA-4F3F-8CC6-62AB92D668F8} = {81653BE2-F706-493D-A9AD-7538C9F210FA}
		{FB6002E5-0E17-403F-9DFB-482AB7A4E525} = {C120A15C-F5B4-4DB1-89C2-2B6B72675933}
		{3A6EE1AD-5E24-4CA4-B64D-E1517EB2DF63} = {0AF37317-F10E-47E8-A4C8-9EA886E00E40}
		{4936D8C3-7C82-4014-97AD-1FD3B1BAAE70} = {0A72EADE-8CF6-49A8-A594-55F54BBF61C6}
		{AB009DA1-E781-4EBF-B1A5-EA31A82F004E} = {F8D8C009-564C-4F33-A49B-CE7830575A09}
		{EFBDE01F-9BB3-4176-9F77-37F30D9C6947} = {81653BE2-F706-493D-A9AD-7538C9F210FA}
		{F8D8C009-564C-4F33-A49B-CE7830575A09} = {0AF37317-F10E-47E8-A4C8-9EA886E00E40}
		{C120A15C-F5B4-4DB1-89C2-2B6B72675933} = {0AF37317-F10E-47E8-A4C8-9EA886E00E40}
		{C5AAB002-5E01-4E0A-8259-A29A8FAEA581} = {0A72EADE-8CF6-49A8-A594-55F54BBF61C6}
		{F9A029E9-E0A2-4439-9F26-9DC4D9D770A8} = {0AF37317-F10E-47E8-A4C8-9EA886E00E40}
		{63CC3BD7-CCD0-4703-92D9-EAEC1EA8AA18} = {F9A029E9-E0A2-4439-9F26-9DC4D9D770A8}
		{2D94CD97-1AB3-438B-8877-F238CAC24DDC} = {F709D121-70CF-4266-A303-71180B2BFE3C}
		{404EDC63-3ED8-4E27-B30B-B3C26C778E90} = {F709D121-70CF-4266-A303-71180B2BFE3C}
		{CC5AA114-1483-404D-9D77-96F106CEB178} = {0AF37317-F10E-47E8-A4C8-9EA886E00E40}
		{AD71D678-BF97-4CF3-8D33-0B3E4CA8825F} = {CC5AA114-1483-404D-9D77-96F106CEB178}
		{2A857FB0-CBCA-461F-B4DE-2148C3EDE5CC} = {CC5AA114-1483-404D-9D77-96F106CEB178}
	EndGlobalSection
	GlobalSection(ExtensibilityGlobals) = postSolution
		SolutionGuid = {0B0CD26D-8067-4667-863E-6B0EE7EDAA42}
	EndGlobalSection
EndGlobal
