
Microsoft Visual Studio Solution File, Format Version 12.00
# Visual Studio Version 17
VisualStudioVersion = 17.0.31903.59
MinimumVisualStudioVersion = 10.0.40219.1
Project("{9A19103F-16F7-4668-BE54-9A1E7A4F7556}") = "RCommon.Core", "RCommon.Core\RCommon.Core.csproj", "{04F96FF4-7229-4468-A486-086993EFD2A2}"
EndProject
Project("{9A19103F-16F7-4668-BE54-9A1E7A4F7556}") = "RCommon.EFCore", "RCommon.EfCore\RCommon.EFCore.csproj", "{D24B4C22-2EBF-4412-B2D9-B4DBC4482756}"
EndProject
Project("{2150E333-8FDC-42A3-9474-1A3956D46DE8}") = "Tests", "Tests", "{0AF37317-F10E-47E8-A4C8-9EA886E00E40}"
EndProject
Project("{9A19103F-16F7-4668-BE54-9A1E7A4F7556}") = "RCommon.Tests", "..\Tests\RCommon.Tests\RCommon.Tests.csproj", "{68ED8F88-64A7-4F54-8A05-DDBB6894F10B}"
EndProject
Project("{9A19103F-16F7-4668-BE54-9A1E7A4F7556}") = "RCommon.Persistence.EFCore.Tests", "..\Tests\RCommon.Persistence.EFCore.Tests\RCommon.Persistence.EFCore.Tests.csproj", "{31DF0037-CA8E-4979-946B-F7554BFF48C4}"
EndProject
Project("{9A19103F-16F7-4668-BE54-9A1E7A4F7556}") = "RCommon.TestBase", "..\Tests\RCommon.TestBase\RCommon.TestBase.csproj", "{3A6EE1AD-5E24-4CA4-B64D-E1517EB2DF63}"
EndProject
Project("{9A19103F-16F7-4668-BE54-9A1E7A4F7556}") = "RCommon.Dapper", "RCommon.Dapper\RCommon.Dapper.csproj", "{4936D8C3-7C82-4014-97AD-1FD3B1BAAE70}"
EndProject
Project("{9A19103F-16F7-4668-BE54-9A1E7A4F7556}") = "RCommon.Persistence.Dapper.Tests", "..\Tests\RCommon.Persistence.Dapper.Tests\RCommon.Persistence.Dapper.Tests.csproj", "{AB009DA1-E781-4EBF-B1A5-EA31A82F004E}"
EndProject
Project("{2150E333-8FDC-42A3-9474-1A3956D46DE8}") = "Persistence", "Persistence", "{0A72EADE-8CF6-49A8-A594-55F54BBF61C6}"
EndProject
Project("{9A19103F-16F7-4668-BE54-9A1E7A4F7556}") = "RCommon.ApplicationServices", "RCommon.ApplicationServices\RCommon.ApplicationServices.csproj", "{D0A71FB7-0BC7-40F3-9040-7667D6316D89}"
EndProject
Project("{9A19103F-16F7-4668-BE54-9A1E7A4F7556}") = "RCommon.Models", "RCommon.Models\RCommon.Models.csproj", "{60DD21D4-98D7-4101-86E3-8B2E4BA253EA}"
EndProject
Project("{9A19103F-16F7-4668-BE54-9A1E7A4F7556}") = "RCommon.Entities", "RCommon.Entities\RCommon.Entities.csproj", "{E826DF9F-418D-4978-B357-304E732EFE9E}"
EndProject
Project("{2150E333-8FDC-42A3-9474-1A3956D46DE8}") = "Persistance", "Persistance", "{F8D8C009-564C-4F33-A49B-CE7830575A09}"
EndProject
Project("{9A19103F-16F7-4668-BE54-9A1E7A4F7556}") = "RCommon.Persistence", "RCommon.Persistence\RCommon.Persistence.csproj", "{C5AAB002-5E01-4E0A-8259-A29A8FAEA581}"
EndProject
Project("{9A19103F-16F7-4668-BE54-9A1E7A4F7556}") = "RCommon.Authorization.Web", "RCommon.Authorization.Web\RCommon.Authorization.Web.csproj", "{EB9D0188-16C7-4A77-AB00-C858A6302BE4}"
EndProject
Project("{9A19103F-16F7-4668-BE54-9A1E7A4F7556}") = "RCommon.Web", "RCommon.Web\RCommon.Web.csproj", "{659EE78E-5572-4D2D-A41B-BB08668C57A6}"
EndProject
Project("{2150E333-8FDC-42A3-9474-1A3956D46DE8}") = "Security", "Security", "{F9A029E9-E0A2-4439-9F26-9DC4D9D770A8}"
EndProject
Project("{9A19103F-16F7-4668-BE54-9A1E7A4F7556}") = "RCommon.Security.Tests", "..\Tests\RCommon.Security.Tests\RCommon.Security.Tests.csproj", "{63CC3BD7-CCD0-4703-92D9-EAEC1EA8AA18}"
EndProject
Project("{9A19103F-16F7-4668-BE54-9A1E7A4F7556}") = "RCommon.Security", "RCommon.Security\RCommon.Security.csproj", "{212574F3-69B6-4F35-B9EE-F0965215BA22}"
EndProject
Project("{2150E333-8FDC-42A3-9474-1A3956D46DE8}") = "Emailing", "Emailing", "{F709D121-70CF-4266-A303-71180B2BFE3C}"
EndProject
Project("{9A19103F-16F7-4668-BE54-9A1E7A4F7556}") = "RCommon.Emailing", "RCommon.Emailing\RCommon.Emailing.csproj", "{2D94CD97-1AB3-438B-8877-F238CAC24DDC}"
EndProject
Project("{9A19103F-16F7-4668-BE54-9A1E7A4F7556}") = "RCommon.SendGrid", "RCommon.SendGrid\RCommon.SendGrid.csproj", "{404EDC63-3ED8-4E27-B30B-B3C26C778E90}"
EndProject
Project("{2150E333-8FDC-42A3-9474-1A3956D46DE8}") = "Emailing", "Emailing", "{CC5AA114-1483-404D-9D77-96F106CEB178}"
EndProject
Project("{9A19103F-16F7-4668-BE54-9A1E7A4F7556}") = "RCommon.Emailing.Tests", "..\Tests\RCommon.Emailing.Tests\RCommon.Emailing.Tests.csproj", "{AD71D678-BF97-4CF3-8D33-0B3E4CA8825F}"
EndProject
Project("{9A19103F-16F7-4668-BE54-9A1E7A4F7556}") = "RCommon.Emailing.SendGrid.Tests", "..\Tests\RCommon.Emailing.SendGrid.Tests\RCommon.Emailing.SendGrid.Tests.csproj", "{2A857FB0-CBCA-461F-B4DE-2148C3EDE5CC}"
EndProject
Project("{9A19103F-16F7-4668-BE54-9A1E7A4F7556}") = "RCommon.Linq2Db", "RCommon.Linq2Db\RCommon.Linq2Db.csproj", "{415C4864-FAC3-4BC3-8687-915563521F81}"
EndProject
Project("{9A19103F-16F7-4668-BE54-9A1E7A4F7556}") = "RCommon.MassTransit", "RCommon.MassTransit\RCommon.MassTransit.csproj", "{32242BE8-2873-4012-BFF2-694E03C4FAEF}"
EndProject
Project("{2150E333-8FDC-42A3-9474-1A3956D46DE8}") = "Framework", "Framework", "{F1158595-0560-42FE-BB98-464BAD3B8C1D}"
EndProject
Project("{9A19103F-16F7-4668-BE54-9A1E7A4F7556}") = "RCommon.TestBase.Data", "..\Tests\RCommon.TestBase.Data\RCommon.TestBase.Data.csproj", "{52013FDA-A7EB-4B7E-8E69-A4566F00ACB8}"
EndProject
Project("{2150E333-8FDC-42A3-9474-1A3956D46DE8}") = "Mediators", "Mediators", "{EF78B8EE-80FF-45DE-9B82-352953B361A8}"
EndProject
Project("{9A19103F-16F7-4668-BE54-9A1E7A4F7556}") = "RCommon.MediatR", "RCommon.Mediatr\RCommon.MediatR.csproj", "{CEDE1A60-3F6C-4F16-AC75-4477A646AD0D}"
EndProject
Project("{9A19103F-16F7-4668-BE54-9A1E7A4F7556}") = "RCommon.Mediator", "RCommon.Mediator\RCommon.Mediator.csproj", "{FC484848-D719-4AAD-91B0-EDDC434F946E}"
EndProject
Project("{9A19103F-16F7-4668-BE54-9A1E7A4F7556}") = "RCommon.Wolverine", "RCommon.Wolverine\RCommon.Wolverine.csproj", "{397769BB-08F3-44DE-9BE6-90A73E0ABB76}"
EndProject
Project("{2150E333-8FDC-42A3-9474-1A3956D46DE8}") = "Event Handling", "Event Handling", "{6D73446A-6E32-4324-B524-E054334B394B}"
EndProject
Project("{9A19103F-16F7-4668-BE54-9A1E7A4F7556}") = "Build", "..\Build\Build.csproj", "{A83FB80E-2B41-403E-9529-FF0FA8E74045}"
EndProject
Global
	GlobalSection(SolutionConfigurationPlatforms) = preSolution
		Debug|Any CPU = Debug|Any CPU
		Release|Any CPU = Release|Any CPU
	EndGlobalSection
	GlobalSection(ProjectConfigurationPlatforms) = postSolution
		{A83FB80E-2B41-403E-9529-FF0FA8E74045}.Debug|Any CPU.ActiveCfg = Debug|Any CPU
		{A83FB80E-2B41-403E-9529-FF0FA8E74045}.Release|Any CPU.ActiveCfg = Release|Any CPU
		{04F96FF4-7229-4468-A486-086993EFD2A2}.Debug|Any CPU.ActiveCfg = Debug|Any CPU
		{04F96FF4-7229-4468-A486-086993EFD2A2}.Debug|Any CPU.Build.0 = Debug|Any CPU
		{04F96FF4-7229-4468-A486-086993EFD2A2}.Release|Any CPU.ActiveCfg = Release|Any CPU
		{04F96FF4-7229-4468-A486-086993EFD2A2}.Release|Any CPU.Build.0 = Release|Any CPU
		{D24B4C22-2EBF-4412-B2D9-B4DBC4482756}.Debug|Any CPU.ActiveCfg = Debug|Any CPU
		{D24B4C22-2EBF-4412-B2D9-B4DBC4482756}.Debug|Any CPU.Build.0 = Debug|Any CPU
		{D24B4C22-2EBF-4412-B2D9-B4DBC4482756}.Release|Any CPU.ActiveCfg = Release|Any CPU
		{D24B4C22-2EBF-4412-B2D9-B4DBC4482756}.Release|Any CPU.Build.0 = Release|Any CPU
		{68ED8F88-64A7-4F54-8A05-DDBB6894F10B}.Debug|Any CPU.ActiveCfg = Debug|Any CPU
		{68ED8F88-64A7-4F54-8A05-DDBB6894F10B}.Debug|Any CPU.Build.0 = Debug|Any CPU
		{68ED8F88-64A7-4F54-8A05-DDBB6894F10B}.Release|Any CPU.ActiveCfg = Release|Any CPU
		{68ED8F88-64A7-4F54-8A05-DDBB6894F10B}.Release|Any CPU.Build.0 = Release|Any CPU
		{31DF0037-CA8E-4979-946B-F7554BFF48C4}.Debug|Any CPU.ActiveCfg = Debug|Any CPU
		{31DF0037-CA8E-4979-946B-F7554BFF48C4}.Debug|Any CPU.Build.0 = Debug|Any CPU
		{31DF0037-CA8E-4979-946B-F7554BFF48C4}.Release|Any CPU.ActiveCfg = Release|Any CPU
		{31DF0037-CA8E-4979-946B-F7554BFF48C4}.Release|Any CPU.Build.0 = Release|Any CPU
		{3A6EE1AD-5E24-4CA4-B64D-E1517EB2DF63}.Debug|Any CPU.ActiveCfg = Debug|Any CPU
		{3A6EE1AD-5E24-4CA4-B64D-E1517EB2DF63}.Debug|Any CPU.Build.0 = Debug|Any CPU
		{3A6EE1AD-5E24-4CA4-B64D-E1517EB2DF63}.Release|Any CPU.ActiveCfg = Release|Any CPU
		{3A6EE1AD-5E24-4CA4-B64D-E1517EB2DF63}.Release|Any CPU.Build.0 = Release|Any CPU
		{4936D8C3-7C82-4014-97AD-1FD3B1BAAE70}.Debug|Any CPU.ActiveCfg = Debug|Any CPU
		{4936D8C3-7C82-4014-97AD-1FD3B1BAAE70}.Debug|Any CPU.Build.0 = Debug|Any CPU
		{4936D8C3-7C82-4014-97AD-1FD3B1BAAE70}.Release|Any CPU.ActiveCfg = Release|Any CPU
		{4936D8C3-7C82-4014-97AD-1FD3B1BAAE70}.Release|Any CPU.Build.0 = Release|Any CPU
		{AB009DA1-E781-4EBF-B1A5-EA31A82F004E}.Debug|Any CPU.ActiveCfg = Debug|Any CPU
		{AB009DA1-E781-4EBF-B1A5-EA31A82F004E}.Debug|Any CPU.Build.0 = Debug|Any CPU
		{AB009DA1-E781-4EBF-B1A5-EA31A82F004E}.Release|Any CPU.ActiveCfg = Release|Any CPU
		{AB009DA1-E781-4EBF-B1A5-EA31A82F004E}.Release|Any CPU.Build.0 = Release|Any CPU
		{D0A71FB7-0BC7-40F3-9040-7667D6316D89}.Debug|Any CPU.ActiveCfg = Debug|Any CPU
		{D0A71FB7-0BC7-40F3-9040-7667D6316D89}.Debug|Any CPU.Build.0 = Debug|Any CPU
		{D0A71FB7-0BC7-40F3-9040-7667D6316D89}.Release|Any CPU.ActiveCfg = Release|Any CPU
		{D0A71FB7-0BC7-40F3-9040-7667D6316D89}.Release|Any CPU.Build.0 = Release|Any CPU
		{60DD21D4-98D7-4101-86E3-8B2E4BA253EA}.Debug|Any CPU.ActiveCfg = Debug|Any CPU
		{60DD21D4-98D7-4101-86E3-8B2E4BA253EA}.Debug|Any CPU.Build.0 = Debug|Any CPU
		{60DD21D4-98D7-4101-86E3-8B2E4BA253EA}.Release|Any CPU.ActiveCfg = Release|Any CPU
		{60DD21D4-98D7-4101-86E3-8B2E4BA253EA}.Release|Any CPU.Build.0 = Release|Any CPU
		{E826DF9F-418D-4978-B357-304E732EFE9E}.Debug|Any CPU.ActiveCfg = Debug|Any CPU
		{E826DF9F-418D-4978-B357-304E732EFE9E}.Debug|Any CPU.Build.0 = Debug|Any CPU
		{E826DF9F-418D-4978-B357-304E732EFE9E}.Release|Any CPU.ActiveCfg = Release|Any CPU
		{E826DF9F-418D-4978-B357-304E732EFE9E}.Release|Any CPU.Build.0 = Release|Any CPU
		{C5AAB002-5E01-4E0A-8259-A29A8FAEA581}.Debug|Any CPU.ActiveCfg = Debug|Any CPU
		{C5AAB002-5E01-4E0A-8259-A29A8FAEA581}.Debug|Any CPU.Build.0 = Debug|Any CPU
		{C5AAB002-5E01-4E0A-8259-A29A8FAEA581}.Release|Any CPU.ActiveCfg = Release|Any CPU
		{C5AAB002-5E01-4E0A-8259-A29A8FAEA581}.Release|Any CPU.Build.0 = Release|Any CPU
		{EB9D0188-16C7-4A77-AB00-C858A6302BE4}.Debug|Any CPU.ActiveCfg = Debug|Any CPU
		{EB9D0188-16C7-4A77-AB00-C858A6302BE4}.Debug|Any CPU.Build.0 = Debug|Any CPU
		{EB9D0188-16C7-4A77-AB00-C858A6302BE4}.Release|Any CPU.ActiveCfg = Release|Any CPU
		{EB9D0188-16C7-4A77-AB00-C858A6302BE4}.Release|Any CPU.Build.0 = Release|Any CPU
		{659EE78E-5572-4D2D-A41B-BB08668C57A6}.Debug|Any CPU.ActiveCfg = Debug|Any CPU
		{659EE78E-5572-4D2D-A41B-BB08668C57A6}.Debug|Any CPU.Build.0 = Debug|Any CPU
		{659EE78E-5572-4D2D-A41B-BB08668C57A6}.Release|Any CPU.ActiveCfg = Release|Any CPU
		{659EE78E-5572-4D2D-A41B-BB08668C57A6}.Release|Any CPU.Build.0 = Release|Any CPU
		{63CC3BD7-CCD0-4703-92D9-EAEC1EA8AA18}.Debug|Any CPU.ActiveCfg = Debug|Any CPU
		{63CC3BD7-CCD0-4703-92D9-EAEC1EA8AA18}.Debug|Any CPU.Build.0 = Debug|Any CPU
		{63CC3BD7-CCD0-4703-92D9-EAEC1EA8AA18}.Release|Any CPU.ActiveCfg = Release|Any CPU
		{63CC3BD7-CCD0-4703-92D9-EAEC1EA8AA18}.Release|Any CPU.Build.0 = Release|Any CPU
		{212574F3-69B6-4F35-B9EE-F0965215BA22}.Debug|Any CPU.ActiveCfg = Debug|Any CPU
		{212574F3-69B6-4F35-B9EE-F0965215BA22}.Debug|Any CPU.Build.0 = Debug|Any CPU
		{212574F3-69B6-4F35-B9EE-F0965215BA22}.Release|Any CPU.ActiveCfg = Release|Any CPU
		{212574F3-69B6-4F35-B9EE-F0965215BA22}.Release|Any CPU.Build.0 = Release|Any CPU
		{2D94CD97-1AB3-438B-8877-F238CAC24DDC}.Debug|Any CPU.ActiveCfg = Debug|Any CPU
		{2D94CD97-1AB3-438B-8877-F238CAC24DDC}.Debug|Any CPU.Build.0 = Debug|Any CPU
		{2D94CD97-1AB3-438B-8877-F238CAC24DDC}.Release|Any CPU.ActiveCfg = Release|Any CPU
		{2D94CD97-1AB3-438B-8877-F238CAC24DDC}.Release|Any CPU.Build.0 = Release|Any CPU
		{404EDC63-3ED8-4E27-B30B-B3C26C778E90}.Debug|Any CPU.ActiveCfg = Debug|Any CPU
		{404EDC63-3ED8-4E27-B30B-B3C26C778E90}.Debug|Any CPU.Build.0 = Debug|Any CPU
		{404EDC63-3ED8-4E27-B30B-B3C26C778E90}.Release|Any CPU.ActiveCfg = Release|Any CPU
		{404EDC63-3ED8-4E27-B30B-B3C26C778E90}.Release|Any CPU.Build.0 = Release|Any CPU
		{AD71D678-BF97-4CF3-8D33-0B3E4CA8825F}.Debug|Any CPU.ActiveCfg = Debug|Any CPU
		{AD71D678-BF97-4CF3-8D33-0B3E4CA8825F}.Debug|Any CPU.Build.0 = Debug|Any CPU
		{AD71D678-BF97-4CF3-8D33-0B3E4CA8825F}.Release|Any CPU.ActiveCfg = Release|Any CPU
		{AD71D678-BF97-4CF3-8D33-0B3E4CA8825F}.Release|Any CPU.Build.0 = Release|Any CPU
		{2A857FB0-CBCA-461F-B4DE-2148C3EDE5CC}.Debug|Any CPU.ActiveCfg = Debug|Any CPU
		{2A857FB0-CBCA-461F-B4DE-2148C3EDE5CC}.Debug|Any CPU.Build.0 = Debug|Any CPU
		{2A857FB0-CBCA-461F-B4DE-2148C3EDE5CC}.Release|Any CPU.ActiveCfg = Release|Any CPU
		{2A857FB0-CBCA-461F-B4DE-2148C3EDE5CC}.Release|Any CPU.Build.0 = Release|Any CPU
		{415C4864-FAC3-4BC3-8687-915563521F81}.Debug|Any CPU.ActiveCfg = Debug|Any CPU
		{415C4864-FAC3-4BC3-8687-915563521F81}.Debug|Any CPU.Build.0 = Debug|Any CPU
		{415C4864-FAC3-4BC3-8687-915563521F81}.Release|Any CPU.ActiveCfg = Release|Any CPU
		{415C4864-FAC3-4BC3-8687-915563521F81}.Release|Any CPU.Build.0 = Release|Any CPU
		{32242BE8-2873-4012-BFF2-694E03C4FAEF}.Debug|Any CPU.ActiveCfg = Debug|Any CPU
		{32242BE8-2873-4012-BFF2-694E03C4FAEF}.Debug|Any CPU.Build.0 = Debug|Any CPU
		{32242BE8-2873-4012-BFF2-694E03C4FAEF}.Release|Any CPU.ActiveCfg = Release|Any CPU
		{32242BE8-2873-4012-BFF2-694E03C4FAEF}.Release|Any CPU.Build.0 = Release|Any CPU
		{52013FDA-A7EB-4B7E-8E69-A4566F00ACB8}.Debug|Any CPU.ActiveCfg = Debug|Any CPU
		{52013FDA-A7EB-4B7E-8E69-A4566F00ACB8}.Debug|Any CPU.Build.0 = Debug|Any CPU
		{52013FDA-A7EB-4B7E-8E69-A4566F00ACB8}.Release|Any CPU.ActiveCfg = Release|Any CPU
		{52013FDA-A7EB-4B7E-8E69-A4566F00ACB8}.Release|Any CPU.Build.0 = Release|Any CPU
		{CEDE1A60-3F6C-4F16-AC75-4477A646AD0D}.Debug|Any CPU.ActiveCfg = Debug|Any CPU
		{CEDE1A60-3F6C-4F16-AC75-4477A646AD0D}.Debug|Any CPU.Build.0 = Debug|Any CPU
		{CEDE1A60-3F6C-4F16-AC75-4477A646AD0D}.Release|Any CPU.ActiveCfg = Release|Any CPU
		{CEDE1A60-3F6C-4F16-AC75-4477A646AD0D}.Release|Any CPU.Build.0 = Release|Any CPU
		{FC484848-D719-4AAD-91B0-EDDC434F946E}.Debug|Any CPU.ActiveCfg = Debug|Any CPU
		{FC484848-D719-4AAD-91B0-EDDC434F946E}.Debug|Any CPU.Build.0 = Debug|Any CPU
		{FC484848-D719-4AAD-91B0-EDDC434F946E}.Release|Any CPU.ActiveCfg = Release|Any CPU
		{FC484848-D719-4AAD-91B0-EDDC434F946E}.Release|Any CPU.Build.0 = Release|Any CPU
		{397769BB-08F3-44DE-9BE6-90A73E0ABB76}.Debug|Any CPU.ActiveCfg = Debug|Any CPU
		{397769BB-08F3-44DE-9BE6-90A73E0ABB76}.Debug|Any CPU.Build.0 = Debug|Any CPU
		{397769BB-08F3-44DE-9BE6-90A73E0ABB76}.Release|Any CPU.ActiveCfg = Release|Any CPU
		{397769BB-08F3-44DE-9BE6-90A73E0ABB76}.Release|Any CPU.Build.0 = Release|Any CPU
	EndGlobalSection
	GlobalSection(SolutionProperties) = preSolution
		HideSolutionNode = FALSE
	EndGlobalSection
	GlobalSection(NestedProjects) = preSolution
		{D24B4C22-2EBF-4412-B2D9-B4DBC4482756} = {0A72EADE-8CF6-49A8-A594-55F54BBF61C6}
		{68ED8F88-64A7-4F54-8A05-DDBB6894F10B} = {0AF37317-F10E-47E8-A4C8-9EA886E00E40}
		{31DF0037-CA8E-4979-946B-F7554BFF48C4} = {F8D8C009-564C-4F33-A49B-CE7830575A09}
		{3A6EE1AD-5E24-4CA4-B64D-E1517EB2DF63} = {F1158595-0560-42FE-BB98-464BAD3B8C1D}
		{4936D8C3-7C82-4014-97AD-1FD3B1BAAE70} = {0A72EADE-8CF6-49A8-A594-55F54BBF61C6}
		{AB009DA1-E781-4EBF-B1A5-EA31A82F004E} = {F8D8C009-564C-4F33-A49B-CE7830575A09}
		{F8D8C009-564C-4F33-A49B-CE7830575A09} = {0AF37317-F10E-47E8-A4C8-9EA886E00E40}
		{C5AAB002-5E01-4E0A-8259-A29A8FAEA581} = {0A72EADE-8CF6-49A8-A594-55F54BBF61C6}
		{F9A029E9-E0A2-4439-9F26-9DC4D9D770A8} = {0AF37317-F10E-47E8-A4C8-9EA886E00E40}
		{63CC3BD7-CCD0-4703-92D9-EAEC1EA8AA18} = {F9A029E9-E0A2-4439-9F26-9DC4D9D770A8}
		{2D94CD97-1AB3-438B-8877-F238CAC24DDC} = {F709D121-70CF-4266-A303-71180B2BFE3C}
		{404EDC63-3ED8-4E27-B30B-B3C26C778E90} = {F709D121-70CF-4266-A303-71180B2BFE3C}
		{CC5AA114-1483-404D-9D77-96F106CEB178} = {0AF37317-F10E-47E8-A4C8-9EA886E00E40}
		{AD71D678-BF97-4CF3-8D33-0B3E4CA8825F} = {CC5AA114-1483-404D-9D77-96F106CEB178}
		{2A857FB0-CBCA-461F-B4DE-2148C3EDE5CC} = {CC5AA114-1483-404D-9D77-96F106CEB178}
		{415C4864-FAC3-4BC3-8687-915563521F81} = {0A72EADE-8CF6-49A8-A594-55F54BBF61C6}
		{32242BE8-2873-4012-BFF2-694E03C4FAEF} = {6D73446A-6E32-4324-B524-E054334B394B}
		{F1158595-0560-42FE-BB98-464BAD3B8C1D} = {0AF37317-F10E-47E8-A4C8-9EA886E00E40}
		{52013FDA-A7EB-4B7E-8E69-A4566F00ACB8} = {F1158595-0560-42FE-BB98-464BAD3B8C1D}
		{CEDE1A60-3F6C-4F16-AC75-4477A646AD0D} = {EF78B8EE-80FF-45DE-9B82-352953B361A8}
		{FC484848-D719-4AAD-91B0-EDDC434F946E} = {EF78B8EE-80FF-45DE-9B82-352953B361A8}
		{397769BB-08F3-44DE-9BE6-90A73E0ABB76} = {6D73446A-6E32-4324-B524-E054334B394B}
	EndGlobalSection
	GlobalSection(ExtensibilityGlobals) = postSolution
		SolutionGuid = {0B0CD26D-8067-4667-863E-6B0EE7EDAA42}
	EndGlobalSection
EndGlobal
